
Microsoft Visual Studio Solution File, Format Version 12.00
# Visual Studio 15
VisualStudioVersion = 15.0.26510.0
MinimumVisualStudioVersion = 10.0.40219.1
Project("{FAE04EC0-301F-11D3-BF4B-00C04F79EFBC}") = "DevEnvExe_DotNETStandard.Android", "DevEnvExe_DotNETStandard\DevEnvExe_DotNETStandard.Android\DevEnvExe_DotNETStandard.Android.csproj", "{4C4CACEC-703F-4B21-9815-8E1F7703EE64}"
EndProject
Project("{FAE04EC0-301F-11D3-BF4B-00C04F79EFBC}") = "DevEnvExe_DotNETStandard.UWP", "DevEnvExe_DotNETStandard\DevEnvExe_DotNETStandard.UWP\DevEnvExe_DotNETStandard.UWP.csproj", "{E9F1E2F5-668D-4A44-9FC2-F8F279C15797}"
EndProject
Project("{FAE04EC0-301F-11D3-BF4B-00C04F79EFBC}") = "DevEnvExe_DotNETStandard.iOS", "DevEnvExe_DotNETStandard\DevEnvExe_DotNETStandard.iOS\DevEnvExe_DotNETStandard.iOS.csproj", "{BD202492-BA60-4884-9017-E94F77BCE432}"
EndProject
Project("{9A19103F-16F7-4668-BE54-9A1E7A4F7556}") = "DotNetStandard", "DotNetStandard\DotNetStandard.csproj", "{DF749373-8999-4746-AAF8-9049F261E4C9}"
EndProject
Global
	GlobalSection(SolutionConfigurationPlatforms) = preSolution
		Ad-Hoc|Any CPU = Ad-Hoc|Any CPU
		Ad-Hoc|ARM = Ad-Hoc|ARM
		Ad-Hoc|iPhone = Ad-Hoc|iPhone
		Ad-Hoc|iPhoneSimulator = Ad-Hoc|iPhoneSimulator
		Ad-Hoc|x64 = Ad-Hoc|x64
		Ad-Hoc|x86 = Ad-Hoc|x86
		AppStore|Any CPU = AppStore|Any CPU
		AppStore|ARM = AppStore|ARM
		AppStore|iPhone = AppStore|iPhone
		AppStore|iPhoneSimulator = AppStore|iPhoneSimulator
		AppStore|x64 = AppStore|x64
		AppStore|x86 = AppStore|x86
		Debug|Any CPU = Debug|Any CPU
		Debug|ARM = Debug|ARM
		Debug|iPhone = Debug|iPhone
		Debug|iPhoneSimulator = Debug|iPhoneSimulator
		Debug|x64 = Debug|x64
		Debug|x86 = Debug|x86
		Release|Any CPU = Release|Any CPU
		Release|ARM = Release|ARM
		Release|iPhone = Release|iPhone
		Release|iPhoneSimulator = Release|iPhoneSimulator
		Release|x64 = Release|x64
		Release|x86 = Release|x86
	EndGlobalSection
	GlobalSection(ProjectConfigurationPlatforms) = postSolution
		{4C4CACEC-703F-4B21-9815-8E1F7703EE64}.Ad-Hoc|Any CPU.ActiveCfg = Release|Any CPU
		{4C4CACEC-703F-4B21-9815-8E1F7703EE64}.Ad-Hoc|Any CPU.Build.0 = Release|Any CPU
		{4C4CACEC-703F-4B21-9815-8E1F7703EE64}.Ad-Hoc|Any CPU.Deploy.0 = Release|Any CPU
		{4C4CACEC-703F-4B21-9815-8E1F7703EE64}.Ad-Hoc|ARM.ActiveCfg = Release|Any CPU
		{4C4CACEC-703F-4B21-9815-8E1F7703EE64}.Ad-Hoc|ARM.Build.0 = Release|Any CPU
		{4C4CACEC-703F-4B21-9815-8E1F7703EE64}.Ad-Hoc|ARM.Deploy.0 = Release|Any CPU
		{4C4CACEC-703F-4B21-9815-8E1F7703EE64}.Ad-Hoc|iPhone.ActiveCfg = Release|Any CPU
		{4C4CACEC-703F-4B21-9815-8E1F7703EE64}.Ad-Hoc|iPhone.Build.0 = Release|Any CPU
		{4C4CACEC-703F-4B21-9815-8E1F7703EE64}.Ad-Hoc|iPhone.Deploy.0 = Release|Any CPU
		{4C4CACEC-703F-4B21-9815-8E1F7703EE64}.Ad-Hoc|iPhoneSimulator.ActiveCfg = Release|Any CPU
		{4C4CACEC-703F-4B21-9815-8E1F7703EE64}.Ad-Hoc|iPhoneSimulator.Build.0 = Release|Any CPU
		{4C4CACEC-703F-4B21-9815-8E1F7703EE64}.Ad-Hoc|iPhoneSimulator.Deploy.0 = Release|Any CPU
		{4C4CACEC-703F-4B21-9815-8E1F7703EE64}.Ad-Hoc|x64.ActiveCfg = Release|Any CPU
		{4C4CACEC-703F-4B21-9815-8E1F7703EE64}.Ad-Hoc|x64.Build.0 = Release|Any CPU
		{4C4CACEC-703F-4B21-9815-8E1F7703EE64}.Ad-Hoc|x64.Deploy.0 = Release|Any CPU
		{4C4CACEC-703F-4B21-9815-8E1F7703EE64}.Ad-Hoc|x86.ActiveCfg = Release|Any CPU
		{4C4CACEC-703F-4B21-9815-8E1F7703EE64}.Ad-Hoc|x86.Build.0 = Release|Any CPU
		{4C4CACEC-703F-4B21-9815-8E1F7703EE64}.Ad-Hoc|x86.Deploy.0 = Release|Any CPU
		{4C4CACEC-703F-4B21-9815-8E1F7703EE64}.AppStore|Any CPU.ActiveCfg = Release|Any CPU
		{4C4CACEC-703F-4B21-9815-8E1F7703EE64}.AppStore|Any CPU.Build.0 = Release|Any CPU
		{4C4CACEC-703F-4B21-9815-8E1F7703EE64}.AppStore|Any CPU.Deploy.0 = Release|Any CPU
		{4C4CACEC-703F-4B21-9815-8E1F7703EE64}.AppStore|ARM.ActiveCfg = Release|Any CPU
		{4C4CACEC-703F-4B21-9815-8E1F7703EE64}.AppStore|ARM.Build.0 = Release|Any CPU
		{4C4CACEC-703F-4B21-9815-8E1F7703EE64}.AppStore|ARM.Deploy.0 = Release|Any CPU
		{4C4CACEC-703F-4B21-9815-8E1F7703EE64}.AppStore|iPhone.ActiveCfg = Release|Any CPU
		{4C4CACEC-703F-4B21-9815-8E1F7703EE64}.AppStore|iPhone.Build.0 = Release|Any CPU
		{4C4CACEC-703F-4B21-9815-8E1F7703EE64}.AppStore|iPhone.Deploy.0 = Release|Any CPU
		{4C4CACEC-703F-4B21-9815-8E1F7703EE64}.AppStore|iPhoneSimulator.ActiveCfg = Release|Any CPU
		{4C4CACEC-703F-4B21-9815-8E1F7703EE64}.AppStore|iPhoneSimulator.Build.0 = Release|Any CPU
		{4C4CACEC-703F-4B21-9815-8E1F7703EE64}.AppStore|iPhoneSimulator.Deploy.0 = Release|Any CPU
		{4C4CACEC-703F-4B21-9815-8E1F7703EE64}.AppStore|x64.ActiveCfg = Release|Any CPU
		{4C4CACEC-703F-4B21-9815-8E1F7703EE64}.AppStore|x64.Build.0 = Release|Any CPU
		{4C4CACEC-703F-4B21-9815-8E1F7703EE64}.AppStore|x64.Deploy.0 = Release|Any CPU
		{4C4CACEC-703F-4B21-9815-8E1F7703EE64}.AppStore|x86.ActiveCfg = Release|Any CPU
		{4C4CACEC-703F-4B21-9815-8E1F7703EE64}.AppStore|x86.Build.0 = Release|Any CPU
		{4C4CACEC-703F-4B21-9815-8E1F7703EE64}.AppStore|x86.Deploy.0 = Release|Any CPU
		{4C4CACEC-703F-4B21-9815-8E1F7703EE64}.Debug|Any CPU.ActiveCfg = Debug|Any CPU
		{4C4CACEC-703F-4B21-9815-8E1F7703EE64}.Debug|Any CPU.Build.0 = Debug|Any CPU
		{4C4CACEC-703F-4B21-9815-8E1F7703EE64}.Debug|Any CPU.Deploy.0 = Debug|Any CPU
		{4C4CACEC-703F-4B21-9815-8E1F7703EE64}.Debug|ARM.ActiveCfg = Debug|Any CPU
		{4C4CACEC-703F-4B21-9815-8E1F7703EE64}.Debug|ARM.Build.0 = Debug|Any CPU
		{4C4CACEC-703F-4B21-9815-8E1F7703EE64}.Debug|ARM.Deploy.0 = Debug|Any CPU
		{4C4CACEC-703F-4B21-9815-8E1F7703EE64}.Debug|iPhone.ActiveCfg = Debug|Any CPU
		{4C4CACEC-703F-4B21-9815-8E1F7703EE64}.Debug|iPhone.Build.0 = Debug|Any CPU
		{4C4CACEC-703F-4B21-9815-8E1F7703EE64}.Debug|iPhone.Deploy.0 = Debug|Any CPU
		{4C4CACEC-703F-4B21-9815-8E1F7703EE64}.Debug|iPhoneSimulator.ActiveCfg = Debug|Any CPU
		{4C4CACEC-703F-4B21-9815-8E1F7703EE64}.Debug|iPhoneSimulator.Build.0 = Debug|Any CPU
		{4C4CACEC-703F-4B21-9815-8E1F7703EE64}.Debug|iPhoneSimulator.Deploy.0 = Debug|Any CPU
		{4C4CACEC-703F-4B21-9815-8E1F7703EE64}.Debug|x64.ActiveCfg = Debug|Any CPU
		{4C4CACEC-703F-4B21-9815-8E1F7703EE64}.Debug|x64.Build.0 = Debug|Any CPU
		{4C4CACEC-703F-4B21-9815-8E1F7703EE64}.Debug|x64.Deploy.0 = Debug|Any CPU
		{4C4CACEC-703F-4B21-9815-8E1F7703EE64}.Debug|x86.ActiveCfg = Debug|Any CPU
		{4C4CACEC-703F-4B21-9815-8E1F7703EE64}.Debug|x86.Build.0 = Debug|Any CPU
		{4C4CACEC-703F-4B21-9815-8E1F7703EE64}.Debug|x86.Deploy.0 = Debug|Any CPU
		{4C4CACEC-703F-4B21-9815-8E1F7703EE64}.Release|Any CPU.ActiveCfg = Release|Any CPU
		{4C4CACEC-703F-4B21-9815-8E1F7703EE64}.Release|Any CPU.Build.0 = Release|Any CPU
		{4C4CACEC-703F-4B21-9815-8E1F7703EE64}.Release|Any CPU.Deploy.0 = Release|Any CPU
		{4C4CACEC-703F-4B21-9815-8E1F7703EE64}.Release|ARM.ActiveCfg = Release|Any CPU
		{4C4CACEC-703F-4B21-9815-8E1F7703EE64}.Release|ARM.Build.0 = Release|Any CPU
		{4C4CACEC-703F-4B21-9815-8E1F7703EE64}.Release|ARM.Deploy.0 = Release|Any CPU
		{4C4CACEC-703F-4B21-9815-8E1F7703EE64}.Release|iPhone.ActiveCfg = Release|Any CPU
		{4C4CACEC-703F-4B21-9815-8E1F7703EE64}.Release|iPhone.Build.0 = Release|Any CPU
		{4C4CACEC-703F-4B21-9815-8E1F7703EE64}.Release|iPhone.Deploy.0 = Release|Any CPU
		{4C4CACEC-703F-4B21-9815-8E1F7703EE64}.Release|iPhoneSimulator.ActiveCfg = Release|Any CPU
		{4C4CACEC-703F-4B21-9815-8E1F7703EE64}.Release|iPhoneSimulator.Build.0 = Release|Any CPU
		{4C4CACEC-703F-4B21-9815-8E1F7703EE64}.Release|iPhoneSimulator.Deploy.0 = Release|Any CPU
		{4C4CACEC-703F-4B21-9815-8E1F7703EE64}.Release|x64.ActiveCfg = Release|Any CPU
		{4C4CACEC-703F-4B21-9815-8E1F7703EE64}.Release|x64.Build.0 = Release|Any CPU
		{4C4CACEC-703F-4B21-9815-8E1F7703EE64}.Release|x64.Deploy.0 = Release|Any CPU
		{4C4CACEC-703F-4B21-9815-8E1F7703EE64}.Release|x86.ActiveCfg = Release|Any CPU
		{4C4CACEC-703F-4B21-9815-8E1F7703EE64}.Release|x86.Build.0 = Release|Any CPU
		{4C4CACEC-703F-4B21-9815-8E1F7703EE64}.Release|x86.Deploy.0 = Release|Any CPU
		{E9F1E2F5-668D-4A44-9FC2-F8F279C15797}.Ad-Hoc|Any CPU.ActiveCfg = Release|x86
		{E9F1E2F5-668D-4A44-9FC2-F8F279C15797}.Ad-Hoc|Any CPU.Build.0 = Release|x86
		{E9F1E2F5-668D-4A44-9FC2-F8F279C15797}.Ad-Hoc|Any CPU.Deploy.0 = Release|x86
		{E9F1E2F5-668D-4A44-9FC2-F8F279C15797}.Ad-Hoc|ARM.ActiveCfg = Release|ARM
		{E9F1E2F5-668D-4A44-9FC2-F8F279C15797}.Ad-Hoc|ARM.Build.0 = Release|ARM
		{E9F1E2F5-668D-4A44-9FC2-F8F279C15797}.Ad-Hoc|ARM.Deploy.0 = Release|ARM
		{E9F1E2F5-668D-4A44-9FC2-F8F279C15797}.Ad-Hoc|iPhone.ActiveCfg = Release|x86
		{E9F1E2F5-668D-4A44-9FC2-F8F279C15797}.Ad-Hoc|iPhone.Build.0 = Release|x86
		{E9F1E2F5-668D-4A44-9FC2-F8F279C15797}.Ad-Hoc|iPhone.Deploy.0 = Release|x86
		{E9F1E2F5-668D-4A44-9FC2-F8F279C15797}.Ad-Hoc|iPhoneSimulator.ActiveCfg = Release|x86
		{E9F1E2F5-668D-4A44-9FC2-F8F279C15797}.Ad-Hoc|iPhoneSimulator.Build.0 = Release|x86
		{E9F1E2F5-668D-4A44-9FC2-F8F279C15797}.Ad-Hoc|iPhoneSimulator.Deploy.0 = Release|x86
		{E9F1E2F5-668D-4A44-9FC2-F8F279C15797}.Ad-Hoc|x64.ActiveCfg = Release|x64
		{E9F1E2F5-668D-4A44-9FC2-F8F279C15797}.Ad-Hoc|x64.Build.0 = Release|x64
		{E9F1E2F5-668D-4A44-9FC2-F8F279C15797}.Ad-Hoc|x64.Deploy.0 = Release|x64
		{E9F1E2F5-668D-4A44-9FC2-F8F279C15797}.Ad-Hoc|x86.ActiveCfg = Release|x86
		{E9F1E2F5-668D-4A44-9FC2-F8F279C15797}.Ad-Hoc|x86.Build.0 = Release|x86
		{E9F1E2F5-668D-4A44-9FC2-F8F279C15797}.Ad-Hoc|x86.Deploy.0 = Release|x86
		{E9F1E2F5-668D-4A44-9FC2-F8F279C15797}.AppStore|Any CPU.ActiveCfg = Release|x86
		{E9F1E2F5-668D-4A44-9FC2-F8F279C15797}.AppStore|Any CPU.Build.0 = Release|x86
		{E9F1E2F5-668D-4A44-9FC2-F8F279C15797}.AppStore|Any CPU.Deploy.0 = Release|x86
		{E9F1E2F5-668D-4A44-9FC2-F8F279C15797}.AppStore|ARM.ActiveCfg = Release|ARM
		{E9F1E2F5-668D-4A44-9FC2-F8F279C15797}.AppStore|ARM.Build.0 = Release|ARM
		{E9F1E2F5-668D-4A44-9FC2-F8F279C15797}.AppStore|ARM.Deploy.0 = Release|ARM
		{E9F1E2F5-668D-4A44-9FC2-F8F279C15797}.AppStore|iPhone.ActiveCfg = Release|x86
		{E9F1E2F5-668D-4A44-9FC2-F8F279C15797}.AppStore|iPhone.Build.0 = Release|x86
		{E9F1E2F5-668D-4A44-9FC2-F8F279C15797}.AppStore|iPhone.Deploy.0 = Release|x86
		{E9F1E2F5-668D-4A44-9FC2-F8F279C15797}.AppStore|iPhoneSimulator.ActiveCfg = Release|x86
		{E9F1E2F5-668D-4A44-9FC2-F8F279C15797}.AppStore|iPhoneSimulator.Build.0 = Release|x86
		{E9F1E2F5-668D-4A44-9FC2-F8F279C15797}.AppStore|iPhoneSimulator.Deploy.0 = Release|x86
		{E9F1E2F5-668D-4A44-9FC2-F8F279C15797}.AppStore|x64.ActiveCfg = Release|x64
		{E9F1E2F5-668D-4A44-9FC2-F8F279C15797}.AppStore|x64.Build.0 = Release|x64
		{E9F1E2F5-668D-4A44-9FC2-F8F279C15797}.AppStore|x64.Deploy.0 = Release|x64
		{E9F1E2F5-668D-4A44-9FC2-F8F279C15797}.AppStore|x86.ActiveCfg = Release|x86
		{E9F1E2F5-668D-4A44-9FC2-F8F279C15797}.AppStore|x86.Build.0 = Release|x86
		{E9F1E2F5-668D-4A44-9FC2-F8F279C15797}.AppStore|x86.Deploy.0 = Release|x86
		{E9F1E2F5-668D-4A44-9FC2-F8F279C15797}.Debug|Any CPU.ActiveCfg = Debug|x86
		{E9F1E2F5-668D-4A44-9FC2-F8F279C15797}.Debug|ARM.ActiveCfg = Debug|ARM
		{E9F1E2F5-668D-4A44-9FC2-F8F279C15797}.Debug|ARM.Build.0 = Debug|ARM
		{E9F1E2F5-668D-4A44-9FC2-F8F279C15797}.Debug|ARM.Deploy.0 = Debug|ARM
		{E9F1E2F5-668D-4A44-9FC2-F8F279C15797}.Debug|iPhone.ActiveCfg = Debug|x86
		{E9F1E2F5-668D-4A44-9FC2-F8F279C15797}.Debug|iPhoneSimulator.ActiveCfg = Debug|x86
		{E9F1E2F5-668D-4A44-9FC2-F8F279C15797}.Debug|x64.ActiveCfg = Debug|x64
		{E9F1E2F5-668D-4A44-9FC2-F8F279C15797}.Debug|x64.Build.0 = Debug|x64
		{E9F1E2F5-668D-4A44-9FC2-F8F279C15797}.Debug|x64.Deploy.0 = Debug|x64
		{E9F1E2F5-668D-4A44-9FC2-F8F279C15797}.Debug|x86.ActiveCfg = Debug|x86
		{E9F1E2F5-668D-4A44-9FC2-F8F279C15797}.Debug|x86.Build.0 = Debug|x86
		{E9F1E2F5-668D-4A44-9FC2-F8F279C15797}.Debug|x86.Deploy.0 = Debug|x86
		{E9F1E2F5-668D-4A44-9FC2-F8F279C15797}.Release|Any CPU.ActiveCfg = Release|x86
		{E9F1E2F5-668D-4A44-9FC2-F8F279C15797}.Release|ARM.ActiveCfg = Release|ARM
		{E9F1E2F5-668D-4A44-9FC2-F8F279C15797}.Release|ARM.Build.0 = Release|ARM
		{E9F1E2F5-668D-4A44-9FC2-F8F279C15797}.Release|ARM.Deploy.0 = Release|ARM
		{E9F1E2F5-668D-4A44-9FC2-F8F279C15797}.Release|iPhone.ActiveCfg = Release|x86
		{E9F1E2F5-668D-4A44-9FC2-F8F279C15797}.Release|iPhoneSimulator.ActiveCfg = Release|x86
		{E9F1E2F5-668D-4A44-9FC2-F8F279C15797}.Release|x64.ActiveCfg = Release|x64
		{E9F1E2F5-668D-4A44-9FC2-F8F279C15797}.Release|x64.Build.0 = Release|x64
		{E9F1E2F5-668D-4A44-9FC2-F8F279C15797}.Release|x64.Deploy.0 = Release|x64
		{E9F1E2F5-668D-4A44-9FC2-F8F279C15797}.Release|x86.ActiveCfg = Release|x86
		{E9F1E2F5-668D-4A44-9FC2-F8F279C15797}.Release|x86.Build.0 = Release|x86
		{E9F1E2F5-668D-4A44-9FC2-F8F279C15797}.Release|x86.Deploy.0 = Release|x86
		{BD202492-BA60-4884-9017-E94F77BCE432}.Ad-Hoc|Any CPU.ActiveCfg = Ad-Hoc|iPhone
		{BD202492-BA60-4884-9017-E94F77BCE432}.Ad-Hoc|ARM.ActiveCfg = Ad-Hoc|iPhone
		{BD202492-BA60-4884-9017-E94F77BCE432}.Ad-Hoc|iPhone.ActiveCfg = Ad-Hoc|iPhone
		{BD202492-BA60-4884-9017-E94F77BCE432}.Ad-Hoc|iPhone.Build.0 = Ad-Hoc|iPhone
		{BD202492-BA60-4884-9017-E94F77BCE432}.Ad-Hoc|iPhoneSimulator.ActiveCfg = Ad-Hoc|iPhoneSimulator
		{BD202492-BA60-4884-9017-E94F77BCE432}.Ad-Hoc|iPhoneSimulator.Build.0 = Ad-Hoc|iPhoneSimulator
		{BD202492-BA60-4884-9017-E94F77BCE432}.Ad-Hoc|x64.ActiveCfg = Ad-Hoc|iPhone
		{BD202492-BA60-4884-9017-E94F77BCE432}.Ad-Hoc|x86.ActiveCfg = Ad-Hoc|iPhone
		{BD202492-BA60-4884-9017-E94F77BCE432}.AppStore|Any CPU.ActiveCfg = AppStore|iPhone
		{BD202492-BA60-4884-9017-E94F77BCE432}.AppStore|ARM.ActiveCfg = AppStore|iPhone
		{BD202492-BA60-4884-9017-E94F77BCE432}.AppStore|iPhone.ActiveCfg = AppStore|iPhone
		{BD202492-BA60-4884-9017-E94F77BCE432}.AppStore|iPhone.Build.0 = AppStore|iPhone
		{BD202492-BA60-4884-9017-E94F77BCE432}.AppStore|iPhoneSimulator.ActiveCfg = AppStore|iPhoneSimulator
		{BD202492-BA60-4884-9017-E94F77BCE432}.AppStore|iPhoneSimulator.Build.0 = AppStore|iPhoneSimulator
		{BD202492-BA60-4884-9017-E94F77BCE432}.AppStore|x64.ActiveCfg = AppStore|iPhone
		{BD202492-BA60-4884-9017-E94F77BCE432}.AppStore|x86.ActiveCfg = AppStore|iPhone
		{BD202492-BA60-4884-9017-E94F77BCE432}.Debug|Any CPU.ActiveCfg = Debug|iPhone
		{BD202492-BA60-4884-9017-E94F77BCE432}.Debug|ARM.ActiveCfg = Debug|iPhone
		{BD202492-BA60-4884-9017-E94F77BCE432}.Debug|iPhone.ActiveCfg = Debug|iPhone
		{BD202492-BA60-4884-9017-E94F77BCE432}.Debug|iPhone.Build.0 = Debug|iPhone
		{BD202492-BA60-4884-9017-E94F77BCE432}.Debug|iPhoneSimulator.ActiveCfg = Debug|iPhoneSimulator
		{BD202492-BA60-4884-9017-E94F77BCE432}.Debug|iPhoneSimulator.Build.0 = Debug|iPhoneSimulator
		{BD202492-BA60-4884-9017-E94F77BCE432}.Debug|x64.ActiveCfg = Debug|iPhone
		{BD202492-BA60-4884-9017-E94F77BCE432}.Debug|x86.ActiveCfg = Debug|iPhone
		{BD202492-BA60-4884-9017-E94F77BCE432}.Release|Any CPU.ActiveCfg = Release|iPhone
		{BD202492-BA60-4884-9017-E94F77BCE432}.Release|ARM.ActiveCfg = Release|iPhone
		{BD202492-BA60-4884-9017-E94F77BCE432}.Release|iPhone.ActiveCfg = Release|iPhone
		{BD202492-BA60-4884-9017-E94F77BCE432}.Release|iPhone.Build.0 = Release|iPhone
		{BD202492-BA60-4884-9017-E94F77BCE432}.Release|iPhoneSimulator.ActiveCfg = Release|iPhoneSimulator
		{BD202492-BA60-4884-9017-E94F77BCE432}.Release|iPhoneSimulator.Build.0 = Release|iPhoneSimulator
		{BD202492-BA60-4884-9017-E94F77BCE432}.Release|x64.ActiveCfg = Release|iPhone
		{BD202492-BA60-4884-9017-E94F77BCE432}.Release|x86.ActiveCfg = Release|iPhone
		{DF749373-8999-4746-AAF8-9049F261E4C9}.Ad-Hoc|Any CPU.ActiveCfg = Debug|Any CPU
		{DF749373-8999-4746-AAF8-9049F261E4C9}.Ad-Hoc|Any CPU.Build.0 = Debug|Any CPU
		{DF749373-8999-4746-AAF8-9049F261E4C9}.Ad-Hoc|ARM.ActiveCfg = Debug|Any CPU
		{DF749373-8999-4746-AAF8-9049F261E4C9}.Ad-Hoc|ARM.Build.0 = Debug|Any CPU
		{DF749373-8999-4746-AAF8-9049F261E4C9}.Ad-Hoc|iPhone.ActiveCfg = Debug|Any CPU
		{DF749373-8999-4746-AAF8-9049F261E4C9}.Ad-Hoc|iPhone.Build.0 = Debug|Any CPU
		{DF749373-8999-4746-AAF8-9049F261E4C9}.Ad-Hoc|iPhoneSimulator.ActiveCfg = Debug|Any CPU
		{DF749373-8999-4746-AAF8-9049F261E4C9}.Ad-Hoc|iPhoneSimulator.Build.0 = Debug|Any CPU
		{DF749373-8999-4746-AAF8-9049F261E4C9}.Ad-Hoc|x64.ActiveCfg = Debug|Any CPU
		{DF749373-8999-4746-AAF8-9049F261E4C9}.Ad-Hoc|x64.Build.0 = Debug|Any CPU
		{DF749373-8999-4746-AAF8-9049F261E4C9}.Ad-Hoc|x86.ActiveCfg = Debug|Any CPU
		{DF749373-8999-4746-AAF8-9049F261E4C9}.Ad-Hoc|x86.Build.0 = Debug|Any CPU
		{DF749373-8999-4746-AAF8-9049F261E4C9}.AppStore|Any CPU.ActiveCfg = Debug|Any CPU
		{DF749373-8999-4746-AAF8-9049F261E4C9}.AppStore|Any CPU.Build.0 = Debug|Any CPU
		{DF749373-8999-4746-AAF8-9049F261E4C9}.AppStore|ARM.ActiveCfg = Debug|Any CPU
		{DF749373-8999-4746-AAF8-9049F261E4C9}.AppStore|ARM.Build.0 = Debug|Any CPU
		{DF749373-8999-4746-AAF8-9049F261E4C9}.AppStore|iPhone.ActiveCfg = Debug|Any CPU
		{DF749373-8999-4746-AAF8-9049F261E4C9}.AppStore|iPhone.Build.0 = Debug|Any CPU
		{DF749373-8999-4746-AAF8-9049F261E4C9}.AppStore|iPhoneSimulator.ActiveCfg = Debug|Any CPU
		{DF749373-8999-4746-AAF8-9049F261E4C9}.AppStore|iPhoneSimulator.Build.0 = Debug|Any CPU
		{DF749373-8999-4746-AAF8-9049F261E4C9}.AppStore|x64.ActiveCfg = Debug|Any CPU
		{DF749373-8999-4746-AAF8-9049F261E4C9}.AppStore|x64.Build.0 = Debug|Any CPU
		{DF749373-8999-4746-AAF8-9049F261E4C9}.AppStore|x86.ActiveCfg = Debug|Any CPU
		{DF749373-8999-4746-AAF8-9049F261E4C9}.AppStore|x86.Build.0 = Debug|Any CPU
		{DF749373-8999-4746-AAF8-9049F261E4C9}.Debug|Any CPU.ActiveCfg = Debug|Any CPU
		{DF749373-8999-4746-AAF8-9049F261E4C9}.Debug|Any CPU.Build.0 = Debug|Any CPU
		{DF749373-8999-4746-AAF8-9049F261E4C9}.Debug|ARM.ActiveCfg = Debug|Any CPU
		{DF749373-8999-4746-AAF8-9049F261E4C9}.Debug|ARM.Build.0 = Debug|Any CPU
		{DF749373-8999-4746-AAF8-9049F261E4C9}.Debug|iPhone.ActiveCfg = Debug|Any CPU
		{DF749373-8999-4746-AAF8-9049F261E4C9}.Debug|iPhone.Build.0 = Debug|Any CPU
		{DF749373-8999-4746-AAF8-9049F261E4C9}.Debug|iPhoneSimulator.ActiveCfg = Debug|Any CPU
		{DF749373-8999-4746-AAF8-9049F261E4C9}.Debug|iPhoneSimulator.Build.0 = Debug|Any CPU
		{DF749373-8999-4746-AAF8-9049F261E4C9}.Debug|x64.ActiveCfg = Debug|Any CPU
		{DF749373-8999-4746-AAF8-9049F261E4C9}.Debug|x64.Build.0 = Debug|Any CPU
		{DF749373-8999-4746-AAF8-9049F261E4C9}.Debug|x86.ActiveCfg = Debug|Any CPU
		{DF749373-8999-4746-AAF8-9049F261E4C9}.Debug|x86.Build.0 = Debug|Any CPU
		{DF749373-8999-4746-AAF8-9049F261E4C9}.Release|Any CPU.ActiveCfg = Release|Any CPU
		{DF749373-8999-4746-AAF8-9049F261E4C9}.Release|Any CPU.Build.0 = Release|Any CPU
		{DF749373-8999-4746-AAF8-9049F261E4C9}.Release|ARM.ActiveCfg = Release|Any CPU
		{DF749373-8999-4746-AAF8-9049F261E4C9}.Release|ARM.Build.0 = Release|Any CPU
		{DF749373-8999-4746-AAF8-9049F261E4C9}.Release|iPhone.ActiveCfg = Release|Any CPU
		{DF749373-8999-4746-AAF8-9049F261E4C9}.Release|iPhone.Build.0 = Release|Any CPU
		{DF749373-8999-4746-AAF8-9049F261E4C9}.Release|iPhoneSimulator.ActiveCfg = Release|Any CPU
		{DF749373-8999-4746-AAF8-9049F261E4C9}.Release|iPhoneSimulator.Build.0 = Release|Any CPU
		{DF749373-8999-4746-AAF8-9049F261E4C9}.Release|x64.ActiveCfg = Release|Any CPU
		{DF749373-8999-4746-AAF8-9049F261E4C9}.Release|x64.Build.0 = Release|Any CPU
		{DF749373-8999-4746-AAF8-9049F261E4C9}.Release|x86.ActiveCfg = Release|Any CPU
		{DF749373-8999-4746-AAF8-9049F261E4C9}.Release|x86.Build.0 = Release|Any CPU
	EndGlobalSection
	GlobalSection(SolutionProperties) = preSolution
		HideSolutionNode = FALSE
	EndGlobalSection
EndGlobal
