
Microsoft Visual Studio Solution File, Format Version 12.00
# Visual Studio 15
VisualStudioVersion = 15.0.26730.0
MinimumVisualStudioVersion = 10.0.40219.1
Project("{FAE04EC0-301F-11D3-BF4B-00C04F79EFBC}") = "BotDialog", "BotDialog\BotDialog.csproj", "{7B86678A-FCC3-4D05-A09C-A1F4919767CB}"
EndProject
Global
	GlobalSection(SolutionConfigurationPlatforms) = preSolution
		Debug|Any CPU = Debug|Any CPU
		Release|Any CPU = Release|Any CPU
	EndGlobalSection
	GlobalSection(ProjectConfigurationPlatforms) = postSolution
		{7B86678A-FCC3-4D05-A09C-A1F4919767CB}.Debug|Any CPU.ActiveCfg = Debug|Any CPU
		{7B86678A-FCC3-4D05-A09C-A1F4919767CB}.Debug|Any CPU.Build.0 = Debug|Any CPU
		{7B86678A-FCC3-4D05-A09C-A1F4919767CB}.Release|Any CPU.ActiveCfg = Release|Any CPU
		{7B86678A-FCC3-4D05-A09C-A1F4919767CB}.Release|Any CPU.Build.0 = Release|Any CPU
	EndGlobalSection
	GlobalSection(SolutionProperties) = preSolution
		HideSolutionNode = FALSE
	EndGlobalSection
	GlobalSection(ExtensibilityGlobals) = postSolution
		SolutionGuid = {6DD18A95-BB88-4AEE-BF53-A0DEFBD3937F}
	EndGlobalSection
EndGlobal
