
Microsoft Visual Studio Solution File, Format Version 12.00
# Visual Studio 14
VisualStudioVersion = 14.0.25420.1
MinimumVisualStudioVersion = 10.0.40219.1
Project("{FAE04EC0-301F-11D3-BF4B-00C04F79EFBC}") = "MobileFileStorage.Droid", "MobileFileStorage\MobileFileStorage.Droid\MobileFileStorage.Droid.csproj", "{E29DE8B8-09F2-4D78-9C79-8131B65866AD}"
EndProject
Project("{FAE04EC0-301F-11D3-BF4B-00C04F79EFBC}") = "MobileFileStorage.iOS", "MobileFileStorage\MobileFileStorage.iOS\MobileFileStorage.iOS.csproj", "{AE824BF0-2989-42EF-9B8F-E59A04795779}"
EndProject
Project("{FAE04EC0-301F-11D3-BF4B-00C04F79EFBC}") = "MobileFileStorage.WinPhone", "MobileFileStorage\MobileFileStorage.WinPhone\MobileFileStorage.WinPhone.csproj", "{6437FE39-4BF5-4EA5-9141-A71BA2535F47}"
EndProject
Project("{FAE04EC0-301F-11D3-BF4B-00C04F79EFBC}") = "MobileFileStorage.UWP", "MobileFileStorage\MobileFileStorage.UWP\MobileFileStorage.UWP.csproj", "{99E5159B-4FDB-4E3F-BAEB-C6DAE23D8354}"
EndProject
Project("{FAE04EC0-301F-11D3-BF4B-00C04F79EFBC}") = "MobileFileStorage.Windows", "MobileFileStorage\MobileFileStorage.Windows\MobileFileStorage.Windows.csproj", "{06D62950-BBA4-40C5-A8E7-A3A82CFF3D3C}"
EndProject
Project("{FAE04EC0-301F-11D3-BF4B-00C04F79EFBC}") = "MobileFileStorage", "MobileFileStorage\MobileFileStorage\MobileFileStorage.csproj", "{63B07CE4-10B1-4BAB-B147-0192C32903CB}"
EndProject
Global
	GlobalSection(SolutionConfigurationPlatforms) = preSolution
		Ad-Hoc|Any CPU = Ad-Hoc|Any CPU
		Ad-Hoc|ARM = Ad-Hoc|ARM
		Ad-Hoc|iPhone = Ad-Hoc|iPhone
		Ad-Hoc|iPhoneSimulator = Ad-Hoc|iPhoneSimulator
		Ad-Hoc|x64 = Ad-Hoc|x64
		Ad-Hoc|x86 = Ad-Hoc|x86
		AppStore|Any CPU = AppStore|Any CPU
		AppStore|ARM = AppStore|ARM
		AppStore|iPhone = AppStore|iPhone
		AppStore|iPhoneSimulator = AppStore|iPhoneSimulator
		AppStore|x64 = AppStore|x64
		AppStore|x86 = AppStore|x86
		Debug|Any CPU = Debug|Any CPU
		Debug|ARM = Debug|ARM
		Debug|iPhone = Debug|iPhone
		Debug|iPhoneSimulator = Debug|iPhoneSimulator
		Debug|x64 = Debug|x64
		Debug|x86 = Debug|x86
		Release|Any CPU = Release|Any CPU
		Release|ARM = Release|ARM
		Release|iPhone = Release|iPhone
		Release|iPhoneSimulator = Release|iPhoneSimulator
		Release|x64 = Release|x64
		Release|x86 = Release|x86
	EndGlobalSection
	GlobalSection(ProjectConfigurationPlatforms) = postSolution
		{E29DE8B8-09F2-4D78-9C79-8131B65866AD}.Ad-Hoc|Any CPU.ActiveCfg = Release|Any CPU
		{E29DE8B8-09F2-4D78-9C79-8131B65866AD}.Ad-Hoc|Any CPU.Build.0 = Release|Any CPU
		{E29DE8B8-09F2-4D78-9C79-8131B65866AD}.Ad-Hoc|Any CPU.Deploy.0 = Release|Any CPU
		{E29DE8B8-09F2-4D78-9C79-8131B65866AD}.Ad-Hoc|ARM.ActiveCfg = Release|Any CPU
		{E29DE8B8-09F2-4D78-9C79-8131B65866AD}.Ad-Hoc|ARM.Build.0 = Release|Any CPU
		{E29DE8B8-09F2-4D78-9C79-8131B65866AD}.Ad-Hoc|ARM.Deploy.0 = Release|Any CPU
		{E29DE8B8-09F2-4D78-9C79-8131B65866AD}.Ad-Hoc|iPhone.ActiveCfg = Release|Any CPU
		{E29DE8B8-09F2-4D78-9C79-8131B65866AD}.Ad-Hoc|iPhone.Build.0 = Release|Any CPU
		{E29DE8B8-09F2-4D78-9C79-8131B65866AD}.Ad-Hoc|iPhone.Deploy.0 = Release|Any CPU
		{E29DE8B8-09F2-4D78-9C79-8131B65866AD}.Ad-Hoc|iPhoneSimulator.ActiveCfg = Release|Any CPU
		{E29DE8B8-09F2-4D78-9C79-8131B65866AD}.Ad-Hoc|iPhoneSimulator.Build.0 = Release|Any CPU
		{E29DE8B8-09F2-4D78-9C79-8131B65866AD}.Ad-Hoc|iPhoneSimulator.Deploy.0 = Release|Any CPU
		{E29DE8B8-09F2-4D78-9C79-8131B65866AD}.Ad-Hoc|x64.ActiveCfg = Release|Any CPU
		{E29DE8B8-09F2-4D78-9C79-8131B65866AD}.Ad-Hoc|x64.Build.0 = Release|Any CPU
		{E29DE8B8-09F2-4D78-9C79-8131B65866AD}.Ad-Hoc|x64.Deploy.0 = Release|Any CPU
		{E29DE8B8-09F2-4D78-9C79-8131B65866AD}.Ad-Hoc|x86.ActiveCfg = Release|Any CPU
		{E29DE8B8-09F2-4D78-9C79-8131B65866AD}.Ad-Hoc|x86.Build.0 = Release|Any CPU
		{E29DE8B8-09F2-4D78-9C79-8131B65866AD}.Ad-Hoc|x86.Deploy.0 = Release|Any CPU
		{E29DE8B8-09F2-4D78-9C79-8131B65866AD}.AppStore|Any CPU.ActiveCfg = Release|Any CPU
		{E29DE8B8-09F2-4D78-9C79-8131B65866AD}.AppStore|Any CPU.Build.0 = Release|Any CPU
		{E29DE8B8-09F2-4D78-9C79-8131B65866AD}.AppStore|Any CPU.Deploy.0 = Release|Any CPU
		{E29DE8B8-09F2-4D78-9C79-8131B65866AD}.AppStore|ARM.ActiveCfg = Release|Any CPU
		{E29DE8B8-09F2-4D78-9C79-8131B65866AD}.AppStore|ARM.Build.0 = Release|Any CPU
		{E29DE8B8-09F2-4D78-9C79-8131B65866AD}.AppStore|ARM.Deploy.0 = Release|Any CPU
		{E29DE8B8-09F2-4D78-9C79-8131B65866AD}.AppStore|iPhone.ActiveCfg = Release|Any CPU
		{E29DE8B8-09F2-4D78-9C79-8131B65866AD}.AppStore|iPhone.Build.0 = Release|Any CPU
		{E29DE8B8-09F2-4D78-9C79-8131B65866AD}.AppStore|iPhone.Deploy.0 = Release|Any CPU
		{E29DE8B8-09F2-4D78-9C79-8131B65866AD}.AppStore|iPhoneSimulator.ActiveCfg = Release|Any CPU
		{E29DE8B8-09F2-4D78-9C79-8131B65866AD}.AppStore|iPhoneSimulator.Build.0 = Release|Any CPU
		{E29DE8B8-09F2-4D78-9C79-8131B65866AD}.AppStore|iPhoneSimulator.Deploy.0 = Release|Any CPU
		{E29DE8B8-09F2-4D78-9C79-8131B65866AD}.AppStore|x64.ActiveCfg = Release|Any CPU
		{E29DE8B8-09F2-4D78-9C79-8131B65866AD}.AppStore|x64.Build.0 = Release|Any CPU
		{E29DE8B8-09F2-4D78-9C79-8131B65866AD}.AppStore|x64.Deploy.0 = Release|Any CPU
		{E29DE8B8-09F2-4D78-9C79-8131B65866AD}.AppStore|x86.ActiveCfg = Release|Any CPU
		{E29DE8B8-09F2-4D78-9C79-8131B65866AD}.AppStore|x86.Build.0 = Release|Any CPU
		{E29DE8B8-09F2-4D78-9C79-8131B65866AD}.AppStore|x86.Deploy.0 = Release|Any CPU
		{E29DE8B8-09F2-4D78-9C79-8131B65866AD}.Debug|Any CPU.ActiveCfg = Debug|Any CPU
		{E29DE8B8-09F2-4D78-9C79-8131B65866AD}.Debug|Any CPU.Build.0 = Debug|Any CPU
		{E29DE8B8-09F2-4D78-9C79-8131B65866AD}.Debug|Any CPU.Deploy.0 = Debug|Any CPU
		{E29DE8B8-09F2-4D78-9C79-8131B65866AD}.Debug|ARM.ActiveCfg = Debug|Any CPU
		{E29DE8B8-09F2-4D78-9C79-8131B65866AD}.Debug|ARM.Build.0 = Debug|Any CPU
		{E29DE8B8-09F2-4D78-9C79-8131B65866AD}.Debug|ARM.Deploy.0 = Debug|Any CPU
		{E29DE8B8-09F2-4D78-9C79-8131B65866AD}.Debug|iPhone.ActiveCfg = Debug|Any CPU
		{E29DE8B8-09F2-4D78-9C79-8131B65866AD}.Debug|iPhone.Build.0 = Debug|Any CPU
		{E29DE8B8-09F2-4D78-9C79-8131B65866AD}.Debug|iPhone.Deploy.0 = Debug|Any CPU
		{E29DE8B8-09F2-4D78-9C79-8131B65866AD}.Debug|iPhoneSimulator.ActiveCfg = Debug|Any CPU
		{E29DE8B8-09F2-4D78-9C79-8131B65866AD}.Debug|iPhoneSimulator.Build.0 = Debug|Any CPU
		{E29DE8B8-09F2-4D78-9C79-8131B65866AD}.Debug|iPhoneSimulator.Deploy.0 = Debug|Any CPU
		{E29DE8B8-09F2-4D78-9C79-8131B65866AD}.Debug|x64.ActiveCfg = Debug|Any CPU
		{E29DE8B8-09F2-4D78-9C79-8131B65866AD}.Debug|x64.Build.0 = Debug|Any CPU
		{E29DE8B8-09F2-4D78-9C79-8131B65866AD}.Debug|x64.Deploy.0 = Debug|Any CPU
		{E29DE8B8-09F2-4D78-9C79-8131B65866AD}.Debug|x86.ActiveCfg = Debug|Any CPU
		{E29DE8B8-09F2-4D78-9C79-8131B65866AD}.Debug|x86.Build.0 = Debug|Any CPU
		{E29DE8B8-09F2-4D78-9C79-8131B65866AD}.Debug|x86.Deploy.0 = Debug|Any CPU
		{E29DE8B8-09F2-4D78-9C79-8131B65866AD}.Release|Any CPU.ActiveCfg = Release|Any CPU
		{E29DE8B8-09F2-4D78-9C79-8131B65866AD}.Release|Any CPU.Build.0 = Release|Any CPU
		{E29DE8B8-09F2-4D78-9C79-8131B65866AD}.Release|Any CPU.Deploy.0 = Release|Any CPU
		{E29DE8B8-09F2-4D78-9C79-8131B65866AD}.Release|ARM.ActiveCfg = Release|Any CPU
		{E29DE8B8-09F2-4D78-9C79-8131B65866AD}.Release|ARM.Build.0 = Release|Any CPU
		{E29DE8B8-09F2-4D78-9C79-8131B65866AD}.Release|ARM.Deploy.0 = Release|Any CPU
		{E29DE8B8-09F2-4D78-9C79-8131B65866AD}.Release|iPhone.ActiveCfg = Release|Any CPU
		{E29DE8B8-09F2-4D78-9C79-8131B65866AD}.Release|iPhone.Build.0 = Release|Any CPU
		{E29DE8B8-09F2-4D78-9C79-8131B65866AD}.Release|iPhone.Deploy.0 = Release|Any CPU
		{E29DE8B8-09F2-4D78-9C79-8131B65866AD}.Release|iPhoneSimulator.ActiveCfg = Release|Any CPU
		{E29DE8B8-09F2-4D78-9C79-8131B65866AD}.Release|iPhoneSimulator.Build.0 = Release|Any CPU
		{E29DE8B8-09F2-4D78-9C79-8131B65866AD}.Release|iPhoneSimulator.Deploy.0 = Release|Any CPU
		{E29DE8B8-09F2-4D78-9C79-8131B65866AD}.Release|x64.ActiveCfg = Release|Any CPU
		{E29DE8B8-09F2-4D78-9C79-8131B65866AD}.Release|x64.Build.0 = Release|Any CPU
		{E29DE8B8-09F2-4D78-9C79-8131B65866AD}.Release|x64.Deploy.0 = Release|Any CPU
		{E29DE8B8-09F2-4D78-9C79-8131B65866AD}.Release|x86.ActiveCfg = Release|Any CPU
		{E29DE8B8-09F2-4D78-9C79-8131B65866AD}.Release|x86.Build.0 = Release|Any CPU
		{E29DE8B8-09F2-4D78-9C79-8131B65866AD}.Release|x86.Deploy.0 = Release|Any CPU
		{AE824BF0-2989-42EF-9B8F-E59A04795779}.Ad-Hoc|Any CPU.ActiveCfg = Ad-Hoc|iPhone
		{AE824BF0-2989-42EF-9B8F-E59A04795779}.Ad-Hoc|ARM.ActiveCfg = Ad-Hoc|iPhone
		{AE824BF0-2989-42EF-9B8F-E59A04795779}.Ad-Hoc|iPhone.ActiveCfg = Ad-Hoc|iPhone
		{AE824BF0-2989-42EF-9B8F-E59A04795779}.Ad-Hoc|iPhone.Build.0 = Ad-Hoc|iPhone
		{AE824BF0-2989-42EF-9B8F-E59A04795779}.Ad-Hoc|iPhoneSimulator.ActiveCfg = Ad-Hoc|iPhoneSimulator
		{AE824BF0-2989-42EF-9B8F-E59A04795779}.Ad-Hoc|iPhoneSimulator.Build.0 = Ad-Hoc|iPhoneSimulator
		{AE824BF0-2989-42EF-9B8F-E59A04795779}.Ad-Hoc|x64.ActiveCfg = Ad-Hoc|iPhone
		{AE824BF0-2989-42EF-9B8F-E59A04795779}.Ad-Hoc|x86.ActiveCfg = Ad-Hoc|iPhone
		{AE824BF0-2989-42EF-9B8F-E59A04795779}.AppStore|Any CPU.ActiveCfg = AppStore|iPhone
		{AE824BF0-2989-42EF-9B8F-E59A04795779}.AppStore|ARM.ActiveCfg = AppStore|iPhone
		{AE824BF0-2989-42EF-9B8F-E59A04795779}.AppStore|iPhone.ActiveCfg = AppStore|iPhone
		{AE824BF0-2989-42EF-9B8F-E59A04795779}.AppStore|iPhone.Build.0 = AppStore|iPhone
		{AE824BF0-2989-42EF-9B8F-E59A04795779}.AppStore|iPhoneSimulator.ActiveCfg = AppStore|iPhoneSimulator
		{AE824BF0-2989-42EF-9B8F-E59A04795779}.AppStore|iPhoneSimulator.Build.0 = AppStore|iPhoneSimulator
		{AE824BF0-2989-42EF-9B8F-E59A04795779}.AppStore|x64.ActiveCfg = AppStore|iPhone
		{AE824BF0-2989-42EF-9B8F-E59A04795779}.AppStore|x86.ActiveCfg = AppStore|iPhone
		{AE824BF0-2989-42EF-9B8F-E59A04795779}.Debug|Any CPU.ActiveCfg = Debug|iPhone
		{AE824BF0-2989-42EF-9B8F-E59A04795779}.Debug|ARM.ActiveCfg = Debug|iPhone
		{AE824BF0-2989-42EF-9B8F-E59A04795779}.Debug|iPhone.ActiveCfg = Debug|iPhone
		{AE824BF0-2989-42EF-9B8F-E59A04795779}.Debug|iPhone.Build.0 = Debug|iPhone
		{AE824BF0-2989-42EF-9B8F-E59A04795779}.Debug|iPhoneSimulator.ActiveCfg = Debug|iPhoneSimulator
		{AE824BF0-2989-42EF-9B8F-E59A04795779}.Debug|iPhoneSimulator.Build.0 = Debug|iPhoneSimulator
		{AE824BF0-2989-42EF-9B8F-E59A04795779}.Debug|x64.ActiveCfg = Debug|iPhone
		{AE824BF0-2989-42EF-9B8F-E59A04795779}.Debug|x86.ActiveCfg = Debug|iPhone
		{AE824BF0-2989-42EF-9B8F-E59A04795779}.Release|Any CPU.ActiveCfg = Release|iPhone
		{AE824BF0-2989-42EF-9B8F-E59A04795779}.Release|ARM.ActiveCfg = Release|iPhone
		{AE824BF0-2989-42EF-9B8F-E59A04795779}.Release|iPhone.ActiveCfg = Release|iPhone
		{AE824BF0-2989-42EF-9B8F-E59A04795779}.Release|iPhone.Build.0 = Release|iPhone
		{AE824BF0-2989-42EF-9B8F-E59A04795779}.Release|iPhoneSimulator.ActiveCfg = Release|iPhoneSimulator
		{AE824BF0-2989-42EF-9B8F-E59A04795779}.Release|iPhoneSimulator.Build.0 = Release|iPhoneSimulator
		{AE824BF0-2989-42EF-9B8F-E59A04795779}.Release|x64.ActiveCfg = Release|iPhone
		{AE824BF0-2989-42EF-9B8F-E59A04795779}.Release|x86.ActiveCfg = Release|iPhone
		{6437FE39-4BF5-4EA5-9141-A71BA2535F47}.Ad-Hoc|Any CPU.ActiveCfg = Release|Any CPU
		{6437FE39-4BF5-4EA5-9141-A71BA2535F47}.Ad-Hoc|Any CPU.Build.0 = Release|Any CPU
		{6437FE39-4BF5-4EA5-9141-A71BA2535F47}.Ad-Hoc|Any CPU.Deploy.0 = Release|Any CPU
		{6437FE39-4BF5-4EA5-9141-A71BA2535F47}.Ad-Hoc|ARM.ActiveCfg = Release|ARM
		{6437FE39-4BF5-4EA5-9141-A71BA2535F47}.Ad-Hoc|ARM.Build.0 = Release|ARM
		{6437FE39-4BF5-4EA5-9141-A71BA2535F47}.Ad-Hoc|ARM.Deploy.0 = Release|ARM
		{6437FE39-4BF5-4EA5-9141-A71BA2535F47}.Ad-Hoc|iPhone.ActiveCfg = Release|Any CPU
		{6437FE39-4BF5-4EA5-9141-A71BA2535F47}.Ad-Hoc|iPhone.Build.0 = Release|Any CPU
		{6437FE39-4BF5-4EA5-9141-A71BA2535F47}.Ad-Hoc|iPhone.Deploy.0 = Release|Any CPU
		{6437FE39-4BF5-4EA5-9141-A71BA2535F47}.Ad-Hoc|iPhoneSimulator.ActiveCfg = Release|Any CPU
		{6437FE39-4BF5-4EA5-9141-A71BA2535F47}.Ad-Hoc|iPhoneSimulator.Build.0 = Release|Any CPU
		{6437FE39-4BF5-4EA5-9141-A71BA2535F47}.Ad-Hoc|iPhoneSimulator.Deploy.0 = Release|Any CPU
		{6437FE39-4BF5-4EA5-9141-A71BA2535F47}.Ad-Hoc|x64.ActiveCfg = Release|Any CPU
		{6437FE39-4BF5-4EA5-9141-A71BA2535F47}.Ad-Hoc|x64.Build.0 = Release|Any CPU
		{6437FE39-4BF5-4EA5-9141-A71BA2535F47}.Ad-Hoc|x64.Deploy.0 = Release|Any CPU
		{6437FE39-4BF5-4EA5-9141-A71BA2535F47}.Ad-Hoc|x86.ActiveCfg = Release|x86
		{6437FE39-4BF5-4EA5-9141-A71BA2535F47}.Ad-Hoc|x86.Build.0 = Release|x86
		{6437FE39-4BF5-4EA5-9141-A71BA2535F47}.Ad-Hoc|x86.Deploy.0 = Release|x86
		{6437FE39-4BF5-4EA5-9141-A71BA2535F47}.AppStore|Any CPU.ActiveCfg = Release|Any CPU
		{6437FE39-4BF5-4EA5-9141-A71BA2535F47}.AppStore|Any CPU.Build.0 = Release|Any CPU
		{6437FE39-4BF5-4EA5-9141-A71BA2535F47}.AppStore|Any CPU.Deploy.0 = Release|Any CPU
		{6437FE39-4BF5-4EA5-9141-A71BA2535F47}.AppStore|ARM.ActiveCfg = Release|ARM
		{6437FE39-4BF5-4EA5-9141-A71BA2535F47}.AppStore|ARM.Build.0 = Release|ARM
		{6437FE39-4BF5-4EA5-9141-A71BA2535F47}.AppStore|ARM.Deploy.0 = Release|ARM
		{6437FE39-4BF5-4EA5-9141-A71BA2535F47}.AppStore|iPhone.ActiveCfg = Release|Any CPU
		{6437FE39-4BF5-4EA5-9141-A71BA2535F47}.AppStore|iPhone.Build.0 = Release|Any CPU
		{6437FE39-4BF5-4EA5-9141-A71BA2535F47}.AppStore|iPhone.Deploy.0 = Release|Any CPU
		{6437FE39-4BF5-4EA5-9141-A71BA2535F47}.AppStore|iPhoneSimulator.ActiveCfg = Release|Any CPU
		{6437FE39-4BF5-4EA5-9141-A71BA2535F47}.AppStore|iPhoneSimulator.Build.0 = Release|Any CPU
		{6437FE39-4BF5-4EA5-9141-A71BA2535F47}.AppStore|iPhoneSimulator.Deploy.0 = Release|Any CPU
		{6437FE39-4BF5-4EA5-9141-A71BA2535F47}.AppStore|x64.ActiveCfg = Release|Any CPU
		{6437FE39-4BF5-4EA5-9141-A71BA2535F47}.AppStore|x64.Build.0 = Release|Any CPU
		{6437FE39-4BF5-4EA5-9141-A71BA2535F47}.AppStore|x64.Deploy.0 = Release|Any CPU
		{6437FE39-4BF5-4EA5-9141-A71BA2535F47}.AppStore|x86.ActiveCfg = Release|x86
		{6437FE39-4BF5-4EA5-9141-A71BA2535F47}.AppStore|x86.Build.0 = Release|x86
		{6437FE39-4BF5-4EA5-9141-A71BA2535F47}.AppStore|x86.Deploy.0 = Release|x86
		{6437FE39-4BF5-4EA5-9141-A71BA2535F47}.Debug|Any CPU.ActiveCfg = Debug|Any CPU
		{6437FE39-4BF5-4EA5-9141-A71BA2535F47}.Debug|Any CPU.Build.0 = Debug|Any CPU
		{6437FE39-4BF5-4EA5-9141-A71BA2535F47}.Debug|Any CPU.Deploy.0 = Debug|Any CPU
		{6437FE39-4BF5-4EA5-9141-A71BA2535F47}.Debug|ARM.ActiveCfg = Debug|ARM
		{6437FE39-4BF5-4EA5-9141-A71BA2535F47}.Debug|ARM.Build.0 = Debug|ARM
		{6437FE39-4BF5-4EA5-9141-A71BA2535F47}.Debug|ARM.Deploy.0 = Debug|ARM
		{6437FE39-4BF5-4EA5-9141-A71BA2535F47}.Debug|iPhone.ActiveCfg = Debug|Any CPU
		{6437FE39-4BF5-4EA5-9141-A71BA2535F47}.Debug|iPhone.Build.0 = Debug|Any CPU
		{6437FE39-4BF5-4EA5-9141-A71BA2535F47}.Debug|iPhone.Deploy.0 = Debug|Any CPU
		{6437FE39-4BF5-4EA5-9141-A71BA2535F47}.Debug|iPhoneSimulator.ActiveCfg = Debug|Any CPU
		{6437FE39-4BF5-4EA5-9141-A71BA2535F47}.Debug|iPhoneSimulator.Build.0 = Debug|Any CPU
		{6437FE39-4BF5-4EA5-9141-A71BA2535F47}.Debug|iPhoneSimulator.Deploy.0 = Debug|Any CPU
		{6437FE39-4BF5-4EA5-9141-A71BA2535F47}.Debug|x64.ActiveCfg = Debug|Any CPU
		{6437FE39-4BF5-4EA5-9141-A71BA2535F47}.Debug|x64.Build.0 = Debug|Any CPU
		{6437FE39-4BF5-4EA5-9141-A71BA2535F47}.Debug|x64.Deploy.0 = Debug|Any CPU
		{6437FE39-4BF5-4EA5-9141-A71BA2535F47}.Debug|x86.ActiveCfg = Debug|x86
		{6437FE39-4BF5-4EA5-9141-A71BA2535F47}.Debug|x86.Build.0 = Debug|x86
		{6437FE39-4BF5-4EA5-9141-A71BA2535F47}.Debug|x86.Deploy.0 = Debug|x86
		{6437FE39-4BF5-4EA5-9141-A71BA2535F47}.Release|Any CPU.ActiveCfg = Release|Any CPU
		{6437FE39-4BF5-4EA5-9141-A71BA2535F47}.Release|Any CPU.Build.0 = Release|Any CPU
		{6437FE39-4BF5-4EA5-9141-A71BA2535F47}.Release|Any CPU.Deploy.0 = Release|Any CPU
		{6437FE39-4BF5-4EA5-9141-A71BA2535F47}.Release|ARM.ActiveCfg = Release|ARM
		{6437FE39-4BF5-4EA5-9141-A71BA2535F47}.Release|ARM.Build.0 = Release|ARM
		{6437FE39-4BF5-4EA5-9141-A71BA2535F47}.Release|ARM.Deploy.0 = Release|ARM
		{6437FE39-4BF5-4EA5-9141-A71BA2535F47}.Release|iPhone.ActiveCfg = Release|Any CPU
		{6437FE39-4BF5-4EA5-9141-A71BA2535F47}.Release|iPhone.Build.0 = Release|Any CPU
		{6437FE39-4BF5-4EA5-9141-A71BA2535F47}.Release|iPhone.Deploy.0 = Release|Any CPU
		{6437FE39-4BF5-4EA5-9141-A71BA2535F47}.Release|iPhoneSimulator.ActiveCfg = Release|Any CPU
		{6437FE39-4BF5-4EA5-9141-A71BA2535F47}.Release|iPhoneSimulator.Build.0 = Release|Any CPU
		{6437FE39-4BF5-4EA5-9141-A71BA2535F47}.Release|iPhoneSimulator.Deploy.0 = Release|Any CPU
		{6437FE39-4BF5-4EA5-9141-A71BA2535F47}.Release|x64.ActiveCfg = Release|Any CPU
		{6437FE39-4BF5-4EA5-9141-A71BA2535F47}.Release|x64.Build.0 = Release|Any CPU
		{6437FE39-4BF5-4EA5-9141-A71BA2535F47}.Release|x64.Deploy.0 = Release|Any CPU
		{6437FE39-4BF5-4EA5-9141-A71BA2535F47}.Release|x86.ActiveCfg = Release|x86
		{6437FE39-4BF5-4EA5-9141-A71BA2535F47}.Release|x86.Build.0 = Release|x86
		{6437FE39-4BF5-4EA5-9141-A71BA2535F47}.Release|x86.Deploy.0 = Release|x86
		{99E5159B-4FDB-4E3F-BAEB-C6DAE23D8354}.Ad-Hoc|Any CPU.ActiveCfg = Release|x86
		{99E5159B-4FDB-4E3F-BAEB-C6DAE23D8354}.Ad-Hoc|Any CPU.Build.0 = Release|x86
		{99E5159B-4FDB-4E3F-BAEB-C6DAE23D8354}.Ad-Hoc|Any CPU.Deploy.0 = Release|x86
		{99E5159B-4FDB-4E3F-BAEB-C6DAE23D8354}.Ad-Hoc|ARM.ActiveCfg = Release|ARM
		{99E5159B-4FDB-4E3F-BAEB-C6DAE23D8354}.Ad-Hoc|ARM.Build.0 = Release|ARM
		{99E5159B-4FDB-4E3F-BAEB-C6DAE23D8354}.Ad-Hoc|ARM.Deploy.0 = Release|ARM
		{99E5159B-4FDB-4E3F-BAEB-C6DAE23D8354}.Ad-Hoc|iPhone.ActiveCfg = Release|x86
		{99E5159B-4FDB-4E3F-BAEB-C6DAE23D8354}.Ad-Hoc|iPhone.Build.0 = Release|x86
		{99E5159B-4FDB-4E3F-BAEB-C6DAE23D8354}.Ad-Hoc|iPhone.Deploy.0 = Release|x86
		{99E5159B-4FDB-4E3F-BAEB-C6DAE23D8354}.Ad-Hoc|iPhoneSimulator.ActiveCfg = Release|x86
		{99E5159B-4FDB-4E3F-BAEB-C6DAE23D8354}.Ad-Hoc|iPhoneSimulator.Build.0 = Release|x86
		{99E5159B-4FDB-4E3F-BAEB-C6DAE23D8354}.Ad-Hoc|iPhoneSimulator.Deploy.0 = Release|x86
		{99E5159B-4FDB-4E3F-BAEB-C6DAE23D8354}.Ad-Hoc|x64.ActiveCfg = Release|x64
		{99E5159B-4FDB-4E3F-BAEB-C6DAE23D8354}.Ad-Hoc|x64.Build.0 = Release|x64
		{99E5159B-4FDB-4E3F-BAEB-C6DAE23D8354}.Ad-Hoc|x64.Deploy.0 = Release|x64
		{99E5159B-4FDB-4E3F-BAEB-C6DAE23D8354}.Ad-Hoc|x86.ActiveCfg = Release|x86
		{99E5159B-4FDB-4E3F-BAEB-C6DAE23D8354}.Ad-Hoc|x86.Build.0 = Release|x86
		{99E5159B-4FDB-4E3F-BAEB-C6DAE23D8354}.Ad-Hoc|x86.Deploy.0 = Release|x86
		{99E5159B-4FDB-4E3F-BAEB-C6DAE23D8354}.AppStore|Any CPU.ActiveCfg = Release|x86
		{99E5159B-4FDB-4E3F-BAEB-C6DAE23D8354}.AppStore|Any CPU.Build.0 = Release|x86
		{99E5159B-4FDB-4E3F-BAEB-C6DAE23D8354}.AppStore|Any CPU.Deploy.0 = Release|x86
		{99E5159B-4FDB-4E3F-BAEB-C6DAE23D8354}.AppStore|ARM.ActiveCfg = Release|ARM
		{99E5159B-4FDB-4E3F-BAEB-C6DAE23D8354}.AppStore|ARM.Build.0 = Release|ARM
		{99E5159B-4FDB-4E3F-BAEB-C6DAE23D8354}.AppStore|ARM.Deploy.0 = Release|ARM
		{99E5159B-4FDB-4E3F-BAEB-C6DAE23D8354}.AppStore|iPhone.ActiveCfg = Release|x86
		{99E5159B-4FDB-4E3F-BAEB-C6DAE23D8354}.AppStore|iPhone.Build.0 = Release|x86
		{99E5159B-4FDB-4E3F-BAEB-C6DAE23D8354}.AppStore|iPhone.Deploy.0 = Release|x86
		{99E5159B-4FDB-4E3F-BAEB-C6DAE23D8354}.AppStore|iPhoneSimulator.ActiveCfg = Release|x86
		{99E5159B-4FDB-4E3F-BAEB-C6DAE23D8354}.AppStore|iPhoneSimulator.Build.0 = Release|x86
		{99E5159B-4FDB-4E3F-BAEB-C6DAE23D8354}.AppStore|iPhoneSimulator.Deploy.0 = Release|x86
		{99E5159B-4FDB-4E3F-BAEB-C6DAE23D8354}.AppStore|x64.ActiveCfg = Release|x64
		{99E5159B-4FDB-4E3F-BAEB-C6DAE23D8354}.AppStore|x64.Build.0 = Release|x64
		{99E5159B-4FDB-4E3F-BAEB-C6DAE23D8354}.AppStore|x64.Deploy.0 = Release|x64
		{99E5159B-4FDB-4E3F-BAEB-C6DAE23D8354}.AppStore|x86.ActiveCfg = Release|x86
		{99E5159B-4FDB-4E3F-BAEB-C6DAE23D8354}.AppStore|x86.Build.0 = Release|x86
		{99E5159B-4FDB-4E3F-BAEB-C6DAE23D8354}.AppStore|x86.Deploy.0 = Release|x86
		{99E5159B-4FDB-4E3F-BAEB-C6DAE23D8354}.Debug|Any CPU.ActiveCfg = Debug|x86
		{99E5159B-4FDB-4E3F-BAEB-C6DAE23D8354}.Debug|ARM.ActiveCfg = Debug|ARM
		{99E5159B-4FDB-4E3F-BAEB-C6DAE23D8354}.Debug|ARM.Build.0 = Debug|ARM
		{99E5159B-4FDB-4E3F-BAEB-C6DAE23D8354}.Debug|ARM.Deploy.0 = Debug|ARM
		{99E5159B-4FDB-4E3F-BAEB-C6DAE23D8354}.Debug|iPhone.ActiveCfg = Debug|x86
		{99E5159B-4FDB-4E3F-BAEB-C6DAE23D8354}.Debug|iPhoneSimulator.ActiveCfg = Debug|x86
		{99E5159B-4FDB-4E3F-BAEB-C6DAE23D8354}.Debug|x64.ActiveCfg = Debug|x64
		{99E5159B-4FDB-4E3F-BAEB-C6DAE23D8354}.Debug|x64.Build.0 = Debug|x64
		{99E5159B-4FDB-4E3F-BAEB-C6DAE23D8354}.Debug|x64.Deploy.0 = Debug|x64
		{99E5159B-4FDB-4E3F-BAEB-C6DAE23D8354}.Debug|x86.ActiveCfg = Debug|x86
		{99E5159B-4FDB-4E3F-BAEB-C6DAE23D8354}.Debug|x86.Build.0 = Debug|x86
		{99E5159B-4FDB-4E3F-BAEB-C6DAE23D8354}.Debug|x86.Deploy.0 = Debug|x86
		{99E5159B-4FDB-4E3F-BAEB-C6DAE23D8354}.Release|Any CPU.ActiveCfg = Release|x86
		{99E5159B-4FDB-4E3F-BAEB-C6DAE23D8354}.Release|ARM.ActiveCfg = Release|ARM
		{99E5159B-4FDB-4E3F-BAEB-C6DAE23D8354}.Release|ARM.Build.0 = Release|ARM
		{99E5159B-4FDB-4E3F-BAEB-C6DAE23D8354}.Release|ARM.Deploy.0 = Release|ARM
		{99E5159B-4FDB-4E3F-BAEB-C6DAE23D8354}.Release|iPhone.ActiveCfg = Release|x86
		{99E5159B-4FDB-4E3F-BAEB-C6DAE23D8354}.Release|iPhoneSimulator.ActiveCfg = Release|x86
		{99E5159B-4FDB-4E3F-BAEB-C6DAE23D8354}.Release|x64.ActiveCfg = Release|x64
		{99E5159B-4FDB-4E3F-BAEB-C6DAE23D8354}.Release|x64.Build.0 = Release|x64
		{99E5159B-4FDB-4E3F-BAEB-C6DAE23D8354}.Release|x64.Deploy.0 = Release|x64
		{99E5159B-4FDB-4E3F-BAEB-C6DAE23D8354}.Release|x86.ActiveCfg = Release|x86
		{99E5159B-4FDB-4E3F-BAEB-C6DAE23D8354}.Release|x86.Build.0 = Release|x86
		{99E5159B-4FDB-4E3F-BAEB-C6DAE23D8354}.Release|x86.Deploy.0 = Release|x86
		{06D62950-BBA4-40C5-A8E7-A3A82CFF3D3C}.Ad-Hoc|Any CPU.ActiveCfg = Release|Any CPU
		{06D62950-BBA4-40C5-A8E7-A3A82CFF3D3C}.Ad-Hoc|Any CPU.Build.0 = Release|Any CPU
		{06D62950-BBA4-40C5-A8E7-A3A82CFF3D3C}.Ad-Hoc|Any CPU.Deploy.0 = Release|Any CPU
		{06D62950-BBA4-40C5-A8E7-A3A82CFF3D3C}.Ad-Hoc|ARM.ActiveCfg = Release|ARM
		{06D62950-BBA4-40C5-A8E7-A3A82CFF3D3C}.Ad-Hoc|ARM.Build.0 = Release|ARM
		{06D62950-BBA4-40C5-A8E7-A3A82CFF3D3C}.Ad-Hoc|ARM.Deploy.0 = Release|ARM
		{06D62950-BBA4-40C5-A8E7-A3A82CFF3D3C}.Ad-Hoc|iPhone.ActiveCfg = Release|Any CPU
		{06D62950-BBA4-40C5-A8E7-A3A82CFF3D3C}.Ad-Hoc|iPhone.Build.0 = Release|Any CPU
		{06D62950-BBA4-40C5-A8E7-A3A82CFF3D3C}.Ad-Hoc|iPhone.Deploy.0 = Release|Any CPU
		{06D62950-BBA4-40C5-A8E7-A3A82CFF3D3C}.Ad-Hoc|iPhoneSimulator.ActiveCfg = Release|Any CPU
		{06D62950-BBA4-40C5-A8E7-A3A82CFF3D3C}.Ad-Hoc|iPhoneSimulator.Build.0 = Release|Any CPU
		{06D62950-BBA4-40C5-A8E7-A3A82CFF3D3C}.Ad-Hoc|iPhoneSimulator.Deploy.0 = Release|Any CPU
		{06D62950-BBA4-40C5-A8E7-A3A82CFF3D3C}.Ad-Hoc|x64.ActiveCfg = Release|x64
		{06D62950-BBA4-40C5-A8E7-A3A82CFF3D3C}.Ad-Hoc|x64.Build.0 = Release|x64
		{06D62950-BBA4-40C5-A8E7-A3A82CFF3D3C}.Ad-Hoc|x64.Deploy.0 = Release|x64
		{06D62950-BBA4-40C5-A8E7-A3A82CFF3D3C}.Ad-Hoc|x86.ActiveCfg = Release|x86
		{06D62950-BBA4-40C5-A8E7-A3A82CFF3D3C}.Ad-Hoc|x86.Build.0 = Release|x86
		{06D62950-BBA4-40C5-A8E7-A3A82CFF3D3C}.Ad-Hoc|x86.Deploy.0 = Release|x86
		{06D62950-BBA4-40C5-A8E7-A3A82CFF3D3C}.AppStore|Any CPU.ActiveCfg = Release|Any CPU
		{06D62950-BBA4-40C5-A8E7-A3A82CFF3D3C}.AppStore|Any CPU.Build.0 = Release|Any CPU
		{06D62950-BBA4-40C5-A8E7-A3A82CFF3D3C}.AppStore|Any CPU.Deploy.0 = Release|Any CPU
		{06D62950-BBA4-40C5-A8E7-A3A82CFF3D3C}.AppStore|ARM.ActiveCfg = Release|ARM
		{06D62950-BBA4-40C5-A8E7-A3A82CFF3D3C}.AppStore|ARM.Build.0 = Release|ARM
		{06D62950-BBA4-40C5-A8E7-A3A82CFF3D3C}.AppStore|ARM.Deploy.0 = Release|ARM
		{06D62950-BBA4-40C5-A8E7-A3A82CFF3D3C}.AppStore|iPhone.ActiveCfg = Release|Any CPU
		{06D62950-BBA4-40C5-A8E7-A3A82CFF3D3C}.AppStore|iPhone.Build.0 = Release|Any CPU
		{06D62950-BBA4-40C5-A8E7-A3A82CFF3D3C}.AppStore|iPhone.Deploy.0 = Release|Any CPU
		{06D62950-BBA4-40C5-A8E7-A3A82CFF3D3C}.AppStore|iPhoneSimulator.ActiveCfg = Release|Any CPU
		{06D62950-BBA4-40C5-A8E7-A3A82CFF3D3C}.AppStore|iPhoneSimulator.Build.0 = Release|Any CPU
		{06D62950-BBA4-40C5-A8E7-A3A82CFF3D3C}.AppStore|iPhoneSimulator.Deploy.0 = Release|Any CPU
		{06D62950-BBA4-40C5-A8E7-A3A82CFF3D3C}.AppStore|x64.ActiveCfg = Release|x64
		{06D62950-BBA4-40C5-A8E7-A3A82CFF3D3C}.AppStore|x64.Build.0 = Release|x64
		{06D62950-BBA4-40C5-A8E7-A3A82CFF3D3C}.AppStore|x64.Deploy.0 = Release|x64
		{06D62950-BBA4-40C5-A8E7-A3A82CFF3D3C}.AppStore|x86.ActiveCfg = Release|x86
		{06D62950-BBA4-40C5-A8E7-A3A82CFF3D3C}.AppStore|x86.Build.0 = Release|x86
		{06D62950-BBA4-40C5-A8E7-A3A82CFF3D3C}.AppStore|x86.Deploy.0 = Release|x86
		{06D62950-BBA4-40C5-A8E7-A3A82CFF3D3C}.Debug|Any CPU.ActiveCfg = Debug|Any CPU
		{06D62950-BBA4-40C5-A8E7-A3A82CFF3D3C}.Debug|Any CPU.Build.0 = Debug|Any CPU
		{06D62950-BBA4-40C5-A8E7-A3A82CFF3D3C}.Debug|Any CPU.Deploy.0 = Debug|Any CPU
		{06D62950-BBA4-40C5-A8E7-A3A82CFF3D3C}.Debug|ARM.ActiveCfg = Debug|ARM
		{06D62950-BBA4-40C5-A8E7-A3A82CFF3D3C}.Debug|ARM.Build.0 = Debug|ARM
		{06D62950-BBA4-40C5-A8E7-A3A82CFF3D3C}.Debug|ARM.Deploy.0 = Debug|ARM
		{06D62950-BBA4-40C5-A8E7-A3A82CFF3D3C}.Debug|iPhone.ActiveCfg = Debug|Any CPU
		{06D62950-BBA4-40C5-A8E7-A3A82CFF3D3C}.Debug|iPhone.Build.0 = Debug|Any CPU
		{06D62950-BBA4-40C5-A8E7-A3A82CFF3D3C}.Debug|iPhone.Deploy.0 = Debug|Any CPU
		{06D62950-BBA4-40C5-A8E7-A3A82CFF3D3C}.Debug|iPhoneSimulator.ActiveCfg = Debug|Any CPU
		{06D62950-BBA4-40C5-A8E7-A3A82CFF3D3C}.Debug|iPhoneSimulator.Build.0 = Debug|Any CPU
		{06D62950-BBA4-40C5-A8E7-A3A82CFF3D3C}.Debug|iPhoneSimulator.Deploy.0 = Debug|Any CPU
		{06D62950-BBA4-40C5-A8E7-A3A82CFF3D3C}.Debug|x64.ActiveCfg = Debug|x64
		{06D62950-BBA4-40C5-A8E7-A3A82CFF3D3C}.Debug|x64.Build.0 = Debug|x64
		{06D62950-BBA4-40C5-A8E7-A3A82CFF3D3C}.Debug|x64.Deploy.0 = Debug|x64
		{06D62950-BBA4-40C5-A8E7-A3A82CFF3D3C}.Debug|x86.ActiveCfg = Debug|x86
		{06D62950-BBA4-40C5-A8E7-A3A82CFF3D3C}.Debug|x86.Build.0 = Debug|x86
		{06D62950-BBA4-40C5-A8E7-A3A82CFF3D3C}.Debug|x86.Deploy.0 = Debug|x86
		{06D62950-BBA4-40C5-A8E7-A3A82CFF3D3C}.Release|Any CPU.ActiveCfg = Release|Any CPU
		{06D62950-BBA4-40C5-A8E7-A3A82CFF3D3C}.Release|Any CPU.Build.0 = Release|Any CPU
		{06D62950-BBA4-40C5-A8E7-A3A82CFF3D3C}.Release|Any CPU.Deploy.0 = Release|Any CPU
		{06D62950-BBA4-40C5-A8E7-A3A82CFF3D3C}.Release|ARM.ActiveCfg = Release|ARM
		{06D62950-BBA4-40C5-A8E7-A3A82CFF3D3C}.Release|ARM.Build.0 = Release|ARM
		{06D62950-BBA4-40C5-A8E7-A3A82CFF3D3C}.Release|ARM.Deploy.0 = Release|ARM
		{06D62950-BBA4-40C5-A8E7-A3A82CFF3D3C}.Release|iPhone.ActiveCfg = Release|Any CPU
		{06D62950-BBA4-40C5-A8E7-A3A82CFF3D3C}.Release|iPhone.Build.0 = Release|Any CPU
		{06D62950-BBA4-40C5-A8E7-A3A82CFF3D3C}.Release|iPhone.Deploy.0 = Release|Any CPU
		{06D62950-BBA4-40C5-A8E7-A3A82CFF3D3C}.Release|iPhoneSimulator.ActiveCfg = Release|Any CPU
		{06D62950-BBA4-40C5-A8E7-A3A82CFF3D3C}.Release|iPhoneSimulator.Build.0 = Release|Any CPU
		{06D62950-BBA4-40C5-A8E7-A3A82CFF3D3C}.Release|iPhoneSimulator.Deploy.0 = Release|Any CPU
		{06D62950-BBA4-40C5-A8E7-A3A82CFF3D3C}.Release|x64.ActiveCfg = Release|x64
		{06D62950-BBA4-40C5-A8E7-A3A82CFF3D3C}.Release|x64.Build.0 = Release|x64
		{06D62950-BBA4-40C5-A8E7-A3A82CFF3D3C}.Release|x64.Deploy.0 = Release|x64
		{06D62950-BBA4-40C5-A8E7-A3A82CFF3D3C}.Release|x86.ActiveCfg = Release|x86
		{06D62950-BBA4-40C5-A8E7-A3A82CFF3D3C}.Release|x86.Build.0 = Release|x86
		{06D62950-BBA4-40C5-A8E7-A3A82CFF3D3C}.Release|x86.Deploy.0 = Release|x86
		{63B07CE4-10B1-4BAB-B147-0192C32903CB}.Ad-Hoc|Any CPU.ActiveCfg = Release|Any CPU
		{63B07CE4-10B1-4BAB-B147-0192C32903CB}.Ad-Hoc|Any CPU.Build.0 = Release|Any CPU
		{63B07CE4-10B1-4BAB-B147-0192C32903CB}.Ad-Hoc|ARM.ActiveCfg = Release|Any CPU
		{63B07CE4-10B1-4BAB-B147-0192C32903CB}.Ad-Hoc|ARM.Build.0 = Release|Any CPU
		{63B07CE4-10B1-4BAB-B147-0192C32903CB}.Ad-Hoc|iPhone.ActiveCfg = Release|Any CPU
		{63B07CE4-10B1-4BAB-B147-0192C32903CB}.Ad-Hoc|iPhone.Build.0 = Release|Any CPU
		{63B07CE4-10B1-4BAB-B147-0192C32903CB}.Ad-Hoc|iPhoneSimulator.ActiveCfg = Release|Any CPU
		{63B07CE4-10B1-4BAB-B147-0192C32903CB}.Ad-Hoc|iPhoneSimulator.Build.0 = Release|Any CPU
		{63B07CE4-10B1-4BAB-B147-0192C32903CB}.Ad-Hoc|x64.ActiveCfg = Release|Any CPU
		{63B07CE4-10B1-4BAB-B147-0192C32903CB}.Ad-Hoc|x64.Build.0 = Release|Any CPU
		{63B07CE4-10B1-4BAB-B147-0192C32903CB}.Ad-Hoc|x86.ActiveCfg = Release|Any CPU
		{63B07CE4-10B1-4BAB-B147-0192C32903CB}.Ad-Hoc|x86.Build.0 = Release|Any CPU
		{63B07CE4-10B1-4BAB-B147-0192C32903CB}.AppStore|Any CPU.ActiveCfg = Release|Any CPU
		{63B07CE4-10B1-4BAB-B147-0192C32903CB}.AppStore|Any CPU.Build.0 = Release|Any CPU
		{63B07CE4-10B1-4BAB-B147-0192C32903CB}.AppStore|ARM.ActiveCfg = Release|Any CPU
		{63B07CE4-10B1-4BAB-B147-0192C32903CB}.AppStore|ARM.Build.0 = Release|Any CPU
		{63B07CE4-10B1-4BAB-B147-0192C32903CB}.AppStore|iPhone.ActiveCfg = Release|Any CPU
		{63B07CE4-10B1-4BAB-B147-0192C32903CB}.AppStore|iPhone.Build.0 = Release|Any CPU
		{63B07CE4-10B1-4BAB-B147-0192C32903CB}.AppStore|iPhoneSimulator.ActiveCfg = Release|Any CPU
		{63B07CE4-10B1-4BAB-B147-0192C32903CB}.AppStore|iPhoneSimulator.Build.0 = Release|Any CPU
		{63B07CE4-10B1-4BAB-B147-0192C32903CB}.AppStore|x64.ActiveCfg = Release|Any CPU
		{63B07CE4-10B1-4BAB-B147-0192C32903CB}.AppStore|x64.Build.0 = Release|Any CPU
		{63B07CE4-10B1-4BAB-B147-0192C32903CB}.AppStore|x86.ActiveCfg = Release|Any CPU
		{63B07CE4-10B1-4BAB-B147-0192C32903CB}.AppStore|x86.Build.0 = Release|Any CPU
		{63B07CE4-10B1-4BAB-B147-0192C32903CB}.Debug|Any CPU.ActiveCfg = Debug|Any CPU
		{63B07CE4-10B1-4BAB-B147-0192C32903CB}.Debug|Any CPU.Build.0 = Debug|Any CPU
		{63B07CE4-10B1-4BAB-B147-0192C32903CB}.Debug|ARM.ActiveCfg = Debug|Any CPU
		{63B07CE4-10B1-4BAB-B147-0192C32903CB}.Debug|ARM.Build.0 = Debug|Any CPU
		{63B07CE4-10B1-4BAB-B147-0192C32903CB}.Debug|iPhone.ActiveCfg = Debug|Any CPU
		{63B07CE4-10B1-4BAB-B147-0192C32903CB}.Debug|iPhone.Build.0 = Debug|Any CPU
		{63B07CE4-10B1-4BAB-B147-0192C32903CB}.Debug|iPhoneSimulator.ActiveCfg = Debug|Any CPU
		{63B07CE4-10B1-4BAB-B147-0192C32903CB}.Debug|iPhoneSimulator.Build.0 = Debug|Any CPU
		{63B07CE4-10B1-4BAB-B147-0192C32903CB}.Debug|x64.ActiveCfg = Debug|Any CPU
		{63B07CE4-10B1-4BAB-B147-0192C32903CB}.Debug|x64.Build.0 = Debug|Any CPU
		{63B07CE4-10B1-4BAB-B147-0192C32903CB}.Debug|x86.ActiveCfg = Debug|Any CPU
		{63B07CE4-10B1-4BAB-B147-0192C32903CB}.Debug|x86.Build.0 = Debug|Any CPU
		{63B07CE4-10B1-4BAB-B147-0192C32903CB}.Release|Any CPU.ActiveCfg = Release|Any CPU
		{63B07CE4-10B1-4BAB-B147-0192C32903CB}.Release|Any CPU.Build.0 = Release|Any CPU
		{63B07CE4-10B1-4BAB-B147-0192C32903CB}.Release|ARM.ActiveCfg = Release|Any CPU
		{63B07CE4-10B1-4BAB-B147-0192C32903CB}.Release|ARM.Build.0 = Release|Any CPU
		{63B07CE4-10B1-4BAB-B147-0192C32903CB}.Release|iPhone.ActiveCfg = Release|Any CPU
		{63B07CE4-10B1-4BAB-B147-0192C32903CB}.Release|iPhone.Build.0 = Release|Any CPU
		{63B07CE4-10B1-4BAB-B147-0192C32903CB}.Release|iPhoneSimulator.ActiveCfg = Release|Any CPU
		{63B07CE4-10B1-4BAB-B147-0192C32903CB}.Release|iPhoneSimulator.Build.0 = Release|Any CPU
		{63B07CE4-10B1-4BAB-B147-0192C32903CB}.Release|x64.ActiveCfg = Release|Any CPU
		{63B07CE4-10B1-4BAB-B147-0192C32903CB}.Release|x64.Build.0 = Release|Any CPU
		{63B07CE4-10B1-4BAB-B147-0192C32903CB}.Release|x86.ActiveCfg = Release|Any CPU
		{63B07CE4-10B1-4BAB-B147-0192C32903CB}.Release|x86.Build.0 = Release|Any CPU
	EndGlobalSection
	GlobalSection(SolutionProperties) = preSolution
		HideSolutionNode = FALSE
	EndGlobalSection
EndGlobal
