
Microsoft Visual Studio Solution File, Format Version 12.00
# Visual Studio 15
VisualStudioVersion = 15.0.26510.0
MinimumVisualStudioVersion = 10.0.40219.1
Project("{FAE04EC0-301F-11D3-BF4B-00C04F79EFBC}") = "DemoApp", "DemoApp\DemoApp\DemoApp.csproj", "{F30A11CC-DD01-4C32-B36C-BEF5612337AA}"
EndProject
Global
	GlobalSection(SolutionConfigurationPlatforms) = preSolution
		Debug|Any CPU = Debug|Any CPU
		Release|Any CPU = Release|Any CPU
	EndGlobalSection
	GlobalSection(ProjectConfigurationPlatforms) = postSolution
		{F30A11CC-DD01-4C32-B36C-BEF5612337AA}.Debug|Any CPU.ActiveCfg = Debug|Any CPU
		{F30A11CC-DD01-4C32-B36C-BEF5612337AA}.Debug|Any CPU.Build.0 = Debug|Any CPU
		{F30A11CC-DD01-4C32-B36C-BEF5612337AA}.Release|Any CPU.ActiveCfg = Release|Any CPU
		{F30A11CC-DD01-4C32-B36C-BEF5612337AA}.Release|Any CPU.Build.0 = Release|Any CPU
	EndGlobalSection
	GlobalSection(SolutionProperties) = preSolution
		HideSolutionNode = FALSE
	EndGlobalSection
EndGlobal
