
Microsoft Visual Studio Solution File, Format Version 12.00
# Visual Studio 14
VisualStudioVersion = 14.0.25420.1
MinimumVisualStudioVersion = 10.0.40219.1
Project("{FAE04EC0-301F-11D3-BF4B-00C04F79EFBC}") = "DevEnvExeDebugiOS.Droid", "DevEnvExeDebugiOS\DevEnvExeDebugiOS.Droid\DevEnvExeDebugiOS.Droid.csproj", "{161E7CFF-A67D-418A-B488-DB6E0451F532}"
EndProject
Project("{FAE04EC0-301F-11D3-BF4B-00C04F79EFBC}") = "DevEnvExeDebugiOS.iOS", "DevEnvExeDebugiOS\DevEnvExeDebugiOS.iOS\DevEnvExeDebugiOS.iOS.csproj", "{4AF7F19B-9285-4664-8C9C-02D14131230F}"
EndProject
Project("{FAE04EC0-301F-11D3-BF4B-00C04F79EFBC}") = "DevEnvExeDebugiOS.WinPhone", "DevEnvExeDebugiOS\DevEnvExeDebugiOS.WinPhone\DevEnvExeDebugiOS.WinPhone.csproj", "{325F45A5-026C-4EB9-9050-BAFA9161EB6F}"
EndProject
Project("{FAE04EC0-301F-11D3-BF4B-00C04F79EFBC}") = "DevEnvExeDebugiOS.UWP", "DevEnvExeDebugiOS\DevEnvExeDebugiOS.UWP\DevEnvExeDebugiOS.UWP.csproj", "{B62BEC74-1E8F-422C-9CF8-FA7B17ECB210}"
EndProject
Project("{FAE04EC0-301F-11D3-BF4B-00C04F79EFBC}") = "DevEnvExeDebugiOS.Windows", "DevEnvExeDebugiOS\DevEnvExeDebugiOS.Windows\DevEnvExeDebugiOS.Windows.csproj", "{A4AF60F0-52CD-4250-BAAB-CA9B52A0C048}"
EndProject
Project("{FAE04EC0-301F-11D3-BF4B-00C04F79EFBC}") = "DevEnvExeDebugiOS", "DevEnvExeDebugiOS\DevEnvExeDebugiOS\DevEnvExeDebugiOS.csproj", "{9E92AEDD-9432-44B6-8FF2-8AC60D510C1B}"
EndProject
Global
	GlobalSection(SolutionConfigurationPlatforms) = preSolution
		Ad-Hoc|Any CPU = Ad-Hoc|Any CPU
		Ad-Hoc|ARM = Ad-Hoc|ARM
		Ad-Hoc|iPhone = Ad-Hoc|iPhone
		Ad-Hoc|iPhoneSimulator = Ad-Hoc|iPhoneSimulator
		Ad-Hoc|x64 = Ad-Hoc|x64
		Ad-Hoc|x86 = Ad-Hoc|x86
		AppStore|Any CPU = AppStore|Any CPU
		AppStore|ARM = AppStore|ARM
		AppStore|iPhone = AppStore|iPhone
		AppStore|iPhoneSimulator = AppStore|iPhoneSimulator
		AppStore|x64 = AppStore|x64
		AppStore|x86 = AppStore|x86
		Debug|Any CPU = Debug|Any CPU
		Debug|ARM = Debug|ARM
		Debug|iPhone = Debug|iPhone
		Debug|iPhoneSimulator = Debug|iPhoneSimulator
		Debug|x64 = Debug|x64
		Debug|x86 = Debug|x86
		Release|Any CPU = Release|Any CPU
		Release|ARM = Release|ARM
		Release|iPhone = Release|iPhone
		Release|iPhoneSimulator = Release|iPhoneSimulator
		Release|x64 = Release|x64
		Release|x86 = Release|x86
	EndGlobalSection
	GlobalSection(ProjectConfigurationPlatforms) = postSolution
		{161E7CFF-A67D-418A-B488-DB6E0451F532}.Ad-Hoc|Any CPU.ActiveCfg = Release|Any CPU
		{161E7CFF-A67D-418A-B488-DB6E0451F532}.Ad-Hoc|Any CPU.Build.0 = Release|Any CPU
		{161E7CFF-A67D-418A-B488-DB6E0451F532}.Ad-Hoc|Any CPU.Deploy.0 = Release|Any CPU
		{161E7CFF-A67D-418A-B488-DB6E0451F532}.Ad-Hoc|ARM.ActiveCfg = Release|Any CPU
		{161E7CFF-A67D-418A-B488-DB6E0451F532}.Ad-Hoc|ARM.Build.0 = Release|Any CPU
		{161E7CFF-A67D-418A-B488-DB6E0451F532}.Ad-Hoc|ARM.Deploy.0 = Release|Any CPU
		{161E7CFF-A67D-418A-B488-DB6E0451F532}.Ad-Hoc|iPhone.ActiveCfg = Release|Any CPU
		{161E7CFF-A67D-418A-B488-DB6E0451F532}.Ad-Hoc|iPhone.Build.0 = Release|Any CPU
		{161E7CFF-A67D-418A-B488-DB6E0451F532}.Ad-Hoc|iPhone.Deploy.0 = Release|Any CPU
		{161E7CFF-A67D-418A-B488-DB6E0451F532}.Ad-Hoc|iPhoneSimulator.ActiveCfg = Release|Any CPU
		{161E7CFF-A67D-418A-B488-DB6E0451F532}.Ad-Hoc|iPhoneSimulator.Build.0 = Release|Any CPU
		{161E7CFF-A67D-418A-B488-DB6E0451F532}.Ad-Hoc|iPhoneSimulator.Deploy.0 = Release|Any CPU
		{161E7CFF-A67D-418A-B488-DB6E0451F532}.Ad-Hoc|x64.ActiveCfg = Release|Any CPU
		{161E7CFF-A67D-418A-B488-DB6E0451F532}.Ad-Hoc|x64.Build.0 = Release|Any CPU
		{161E7CFF-A67D-418A-B488-DB6E0451F532}.Ad-Hoc|x64.Deploy.0 = Release|Any CPU
		{161E7CFF-A67D-418A-B488-DB6E0451F532}.Ad-Hoc|x86.ActiveCfg = Release|Any CPU
		{161E7CFF-A67D-418A-B488-DB6E0451F532}.Ad-Hoc|x86.Build.0 = Release|Any CPU
		{161E7CFF-A67D-418A-B488-DB6E0451F532}.Ad-Hoc|x86.Deploy.0 = Release|Any CPU
		{161E7CFF-A67D-418A-B488-DB6E0451F532}.AppStore|Any CPU.ActiveCfg = Release|Any CPU
		{161E7CFF-A67D-418A-B488-DB6E0451F532}.AppStore|Any CPU.Build.0 = Release|Any CPU
		{161E7CFF-A67D-418A-B488-DB6E0451F532}.AppStore|Any CPU.Deploy.0 = Release|Any CPU
		{161E7CFF-A67D-418A-B488-DB6E0451F532}.AppStore|ARM.ActiveCfg = Release|Any CPU
		{161E7CFF-A67D-418A-B488-DB6E0451F532}.AppStore|ARM.Build.0 = Release|Any CPU
		{161E7CFF-A67D-418A-B488-DB6E0451F532}.AppStore|ARM.Deploy.0 = Release|Any CPU
		{161E7CFF-A67D-418A-B488-DB6E0451F532}.AppStore|iPhone.ActiveCfg = Release|Any CPU
		{161E7CFF-A67D-418A-B488-DB6E0451F532}.AppStore|iPhone.Build.0 = Release|Any CPU
		{161E7CFF-A67D-418A-B488-DB6E0451F532}.AppStore|iPhone.Deploy.0 = Release|Any CPU
		{161E7CFF-A67D-418A-B488-DB6E0451F532}.AppStore|iPhoneSimulator.ActiveCfg = Release|Any CPU
		{161E7CFF-A67D-418A-B488-DB6E0451F532}.AppStore|iPhoneSimulator.Build.0 = Release|Any CPU
		{161E7CFF-A67D-418A-B488-DB6E0451F532}.AppStore|iPhoneSimulator.Deploy.0 = Release|Any CPU
		{161E7CFF-A67D-418A-B488-DB6E0451F532}.AppStore|x64.ActiveCfg = Release|Any CPU
		{161E7CFF-A67D-418A-B488-DB6E0451F532}.AppStore|x64.Build.0 = Release|Any CPU
		{161E7CFF-A67D-418A-B488-DB6E0451F532}.AppStore|x64.Deploy.0 = Release|Any CPU
		{161E7CFF-A67D-418A-B488-DB6E0451F532}.AppStore|x86.ActiveCfg = Release|Any CPU
		{161E7CFF-A67D-418A-B488-DB6E0451F532}.AppStore|x86.Build.0 = Release|Any CPU
		{161E7CFF-A67D-418A-B488-DB6E0451F532}.AppStore|x86.Deploy.0 = Release|Any CPU
		{161E7CFF-A67D-418A-B488-DB6E0451F532}.Debug|Any CPU.ActiveCfg = Debug|Any CPU
		{161E7CFF-A67D-418A-B488-DB6E0451F532}.Debug|Any CPU.Build.0 = Debug|Any CPU
		{161E7CFF-A67D-418A-B488-DB6E0451F532}.Debug|Any CPU.Deploy.0 = Debug|Any CPU
		{161E7CFF-A67D-418A-B488-DB6E0451F532}.Debug|ARM.ActiveCfg = Debug|Any CPU
		{161E7CFF-A67D-418A-B488-DB6E0451F532}.Debug|ARM.Build.0 = Debug|Any CPU
		{161E7CFF-A67D-418A-B488-DB6E0451F532}.Debug|ARM.Deploy.0 = Debug|Any CPU
		{161E7CFF-A67D-418A-B488-DB6E0451F532}.Debug|iPhone.ActiveCfg = Debug|Any CPU
		{161E7CFF-A67D-418A-B488-DB6E0451F532}.Debug|iPhone.Build.0 = Debug|Any CPU
		{161E7CFF-A67D-418A-B488-DB6E0451F532}.Debug|iPhone.Deploy.0 = Debug|Any CPU
		{161E7CFF-A67D-418A-B488-DB6E0451F532}.Debug|iPhoneSimulator.ActiveCfg = Debug|Any CPU
		{161E7CFF-A67D-418A-B488-DB6E0451F532}.Debug|iPhoneSimulator.Build.0 = Debug|Any CPU
		{161E7CFF-A67D-418A-B488-DB6E0451F532}.Debug|iPhoneSimulator.Deploy.0 = Debug|Any CPU
		{161E7CFF-A67D-418A-B488-DB6E0451F532}.Debug|x64.ActiveCfg = Debug|Any CPU
		{161E7CFF-A67D-418A-B488-DB6E0451F532}.Debug|x64.Build.0 = Debug|Any CPU
		{161E7CFF-A67D-418A-B488-DB6E0451F532}.Debug|x64.Deploy.0 = Debug|Any CPU
		{161E7CFF-A67D-418A-B488-DB6E0451F532}.Debug|x86.ActiveCfg = Debug|Any CPU
		{161E7CFF-A67D-418A-B488-DB6E0451F532}.Debug|x86.Build.0 = Debug|Any CPU
		{161E7CFF-A67D-418A-B488-DB6E0451F532}.Debug|x86.Deploy.0 = Debug|Any CPU
		{161E7CFF-A67D-418A-B488-DB6E0451F532}.Release|Any CPU.ActiveCfg = Release|Any CPU
		{161E7CFF-A67D-418A-B488-DB6E0451F532}.Release|Any CPU.Build.0 = Release|Any CPU
		{161E7CFF-A67D-418A-B488-DB6E0451F532}.Release|Any CPU.Deploy.0 = Release|Any CPU
		{161E7CFF-A67D-418A-B488-DB6E0451F532}.Release|ARM.ActiveCfg = Release|Any CPU
		{161E7CFF-A67D-418A-B488-DB6E0451F532}.Release|ARM.Build.0 = Release|Any CPU
		{161E7CFF-A67D-418A-B488-DB6E0451F532}.Release|ARM.Deploy.0 = Release|Any CPU
		{161E7CFF-A67D-418A-B488-DB6E0451F532}.Release|iPhone.ActiveCfg = Release|Any CPU
		{161E7CFF-A67D-418A-B488-DB6E0451F532}.Release|iPhone.Build.0 = Release|Any CPU
		{161E7CFF-A67D-418A-B488-DB6E0451F532}.Release|iPhone.Deploy.0 = Release|Any CPU
		{161E7CFF-A67D-418A-B488-DB6E0451F532}.Release|iPhoneSimulator.ActiveCfg = Release|Any CPU
		{161E7CFF-A67D-418A-B488-DB6E0451F532}.Release|iPhoneSimulator.Build.0 = Release|Any CPU
		{161E7CFF-A67D-418A-B488-DB6E0451F532}.Release|iPhoneSimulator.Deploy.0 = Release|Any CPU
		{161E7CFF-A67D-418A-B488-DB6E0451F532}.Release|x64.ActiveCfg = Release|Any CPU
		{161E7CFF-A67D-418A-B488-DB6E0451F532}.Release|x64.Build.0 = Release|Any CPU
		{161E7CFF-A67D-418A-B488-DB6E0451F532}.Release|x64.Deploy.0 = Release|Any CPU
		{161E7CFF-A67D-418A-B488-DB6E0451F532}.Release|x86.ActiveCfg = Release|Any CPU
		{161E7CFF-A67D-418A-B488-DB6E0451F532}.Release|x86.Build.0 = Release|Any CPU
		{161E7CFF-A67D-418A-B488-DB6E0451F532}.Release|x86.Deploy.0 = Release|Any CPU
		{4AF7F19B-9285-4664-8C9C-02D14131230F}.Ad-Hoc|Any CPU.ActiveCfg = Ad-Hoc|iPhone
		{4AF7F19B-9285-4664-8C9C-02D14131230F}.Ad-Hoc|ARM.ActiveCfg = Ad-Hoc|iPhone
		{4AF7F19B-9285-4664-8C9C-02D14131230F}.Ad-Hoc|iPhone.ActiveCfg = Ad-Hoc|iPhone
		{4AF7F19B-9285-4664-8C9C-02D14131230F}.Ad-Hoc|iPhone.Build.0 = Ad-Hoc|iPhone
		{4AF7F19B-9285-4664-8C9C-02D14131230F}.Ad-Hoc|iPhoneSimulator.ActiveCfg = Ad-Hoc|iPhoneSimulator
		{4AF7F19B-9285-4664-8C9C-02D14131230F}.Ad-Hoc|iPhoneSimulator.Build.0 = Ad-Hoc|iPhoneSimulator
		{4AF7F19B-9285-4664-8C9C-02D14131230F}.Ad-Hoc|x64.ActiveCfg = Ad-Hoc|iPhone
		{4AF7F19B-9285-4664-8C9C-02D14131230F}.Ad-Hoc|x86.ActiveCfg = Ad-Hoc|iPhone
		{4AF7F19B-9285-4664-8C9C-02D14131230F}.AppStore|Any CPU.ActiveCfg = AppStore|iPhone
		{4AF7F19B-9285-4664-8C9C-02D14131230F}.AppStore|ARM.ActiveCfg = AppStore|iPhone
		{4AF7F19B-9285-4664-8C9C-02D14131230F}.AppStore|iPhone.ActiveCfg = AppStore|iPhone
		{4AF7F19B-9285-4664-8C9C-02D14131230F}.AppStore|iPhone.Build.0 = AppStore|iPhone
		{4AF7F19B-9285-4664-8C9C-02D14131230F}.AppStore|iPhoneSimulator.ActiveCfg = AppStore|iPhoneSimulator
		{4AF7F19B-9285-4664-8C9C-02D14131230F}.AppStore|iPhoneSimulator.Build.0 = AppStore|iPhoneSimulator
		{4AF7F19B-9285-4664-8C9C-02D14131230F}.AppStore|x64.ActiveCfg = AppStore|iPhone
		{4AF7F19B-9285-4664-8C9C-02D14131230F}.AppStore|x86.ActiveCfg = AppStore|iPhone
		{4AF7F19B-9285-4664-8C9C-02D14131230F}.Debug|Any CPU.ActiveCfg = Debug|iPhone
		{4AF7F19B-9285-4664-8C9C-02D14131230F}.Debug|ARM.ActiveCfg = Debug|iPhone
		{4AF7F19B-9285-4664-8C9C-02D14131230F}.Debug|iPhone.ActiveCfg = Debug|iPhone
		{4AF7F19B-9285-4664-8C9C-02D14131230F}.Debug|iPhone.Build.0 = Debug|iPhone
		{4AF7F19B-9285-4664-8C9C-02D14131230F}.Debug|iPhoneSimulator.ActiveCfg = Debug|iPhoneSimulator
		{4AF7F19B-9285-4664-8C9C-02D14131230F}.Debug|iPhoneSimulator.Build.0 = Debug|iPhoneSimulator
		{4AF7F19B-9285-4664-8C9C-02D14131230F}.Debug|x64.ActiveCfg = Debug|iPhone
		{4AF7F19B-9285-4664-8C9C-02D14131230F}.Debug|x86.ActiveCfg = Debug|iPhone
		{4AF7F19B-9285-4664-8C9C-02D14131230F}.Release|Any CPU.ActiveCfg = Release|iPhone
		{4AF7F19B-9285-4664-8C9C-02D14131230F}.Release|ARM.ActiveCfg = Release|iPhone
		{4AF7F19B-9285-4664-8C9C-02D14131230F}.Release|iPhone.ActiveCfg = Release|iPhone
		{4AF7F19B-9285-4664-8C9C-02D14131230F}.Release|iPhone.Build.0 = Release|iPhone
		{4AF7F19B-9285-4664-8C9C-02D14131230F}.Release|iPhoneSimulator.ActiveCfg = Release|iPhoneSimulator
		{4AF7F19B-9285-4664-8C9C-02D14131230F}.Release|iPhoneSimulator.Build.0 = Release|iPhoneSimulator
		{4AF7F19B-9285-4664-8C9C-02D14131230F}.Release|x64.ActiveCfg = Release|iPhone
		{4AF7F19B-9285-4664-8C9C-02D14131230F}.Release|x86.ActiveCfg = Release|iPhone
		{325F45A5-026C-4EB9-9050-BAFA9161EB6F}.Ad-Hoc|Any CPU.ActiveCfg = Release|Any CPU
		{325F45A5-026C-4EB9-9050-BAFA9161EB6F}.Ad-Hoc|Any CPU.Build.0 = Release|Any CPU
		{325F45A5-026C-4EB9-9050-BAFA9161EB6F}.Ad-Hoc|Any CPU.Deploy.0 = Release|Any CPU
		{325F45A5-026C-4EB9-9050-BAFA9161EB6F}.Ad-Hoc|ARM.ActiveCfg = Release|ARM
		{325F45A5-026C-4EB9-9050-BAFA9161EB6F}.Ad-Hoc|ARM.Build.0 = Release|ARM
		{325F45A5-026C-4EB9-9050-BAFA9161EB6F}.Ad-Hoc|ARM.Deploy.0 = Release|ARM
		{325F45A5-026C-4EB9-9050-BAFA9161EB6F}.Ad-Hoc|iPhone.ActiveCfg = Release|Any CPU
		{325F45A5-026C-4EB9-9050-BAFA9161EB6F}.Ad-Hoc|iPhone.Build.0 = Release|Any CPU
		{325F45A5-026C-4EB9-9050-BAFA9161EB6F}.Ad-Hoc|iPhone.Deploy.0 = Release|Any CPU
		{325F45A5-026C-4EB9-9050-BAFA9161EB6F}.Ad-Hoc|iPhoneSimulator.ActiveCfg = Release|Any CPU
		{325F45A5-026C-4EB9-9050-BAFA9161EB6F}.Ad-Hoc|iPhoneSimulator.Build.0 = Release|Any CPU
		{325F45A5-026C-4EB9-9050-BAFA9161EB6F}.Ad-Hoc|iPhoneSimulator.Deploy.0 = Release|Any CPU
		{325F45A5-026C-4EB9-9050-BAFA9161EB6F}.Ad-Hoc|x64.ActiveCfg = Release|Any CPU
		{325F45A5-026C-4EB9-9050-BAFA9161EB6F}.Ad-Hoc|x64.Build.0 = Release|Any CPU
		{325F45A5-026C-4EB9-9050-BAFA9161EB6F}.Ad-Hoc|x64.Deploy.0 = Release|Any CPU
		{325F45A5-026C-4EB9-9050-BAFA9161EB6F}.Ad-Hoc|x86.ActiveCfg = Release|x86
		{325F45A5-026C-4EB9-9050-BAFA9161EB6F}.Ad-Hoc|x86.Build.0 = Release|x86
		{325F45A5-026C-4EB9-9050-BAFA9161EB6F}.Ad-Hoc|x86.Deploy.0 = Release|x86
		{325F45A5-026C-4EB9-9050-BAFA9161EB6F}.AppStore|Any CPU.ActiveCfg = Release|Any CPU
		{325F45A5-026C-4EB9-9050-BAFA9161EB6F}.AppStore|Any CPU.Build.0 = Release|Any CPU
		{325F45A5-026C-4EB9-9050-BAFA9161EB6F}.AppStore|Any CPU.Deploy.0 = Release|Any CPU
		{325F45A5-026C-4EB9-9050-BAFA9161EB6F}.AppStore|ARM.ActiveCfg = Release|ARM
		{325F45A5-026C-4EB9-9050-BAFA9161EB6F}.AppStore|ARM.Build.0 = Release|ARM
		{325F45A5-026C-4EB9-9050-BAFA9161EB6F}.AppStore|ARM.Deploy.0 = Release|ARM
		{325F45A5-026C-4EB9-9050-BAFA9161EB6F}.AppStore|iPhone.ActiveCfg = Release|Any CPU
		{325F45A5-026C-4EB9-9050-BAFA9161EB6F}.AppStore|iPhone.Build.0 = Release|Any CPU
		{325F45A5-026C-4EB9-9050-BAFA9161EB6F}.AppStore|iPhone.Deploy.0 = Release|Any CPU
		{325F45A5-026C-4EB9-9050-BAFA9161EB6F}.AppStore|iPhoneSimulator.ActiveCfg = Release|Any CPU
		{325F45A5-026C-4EB9-9050-BAFA9161EB6F}.AppStore|iPhoneSimulator.Build.0 = Release|Any CPU
		{325F45A5-026C-4EB9-9050-BAFA9161EB6F}.AppStore|iPhoneSimulator.Deploy.0 = Release|Any CPU
		{325F45A5-026C-4EB9-9050-BAFA9161EB6F}.AppStore|x64.ActiveCfg = Release|Any CPU
		{325F45A5-026C-4EB9-9050-BAFA9161EB6F}.AppStore|x64.Build.0 = Release|Any CPU
		{325F45A5-026C-4EB9-9050-BAFA9161EB6F}.AppStore|x64.Deploy.0 = Release|Any CPU
		{325F45A5-026C-4EB9-9050-BAFA9161EB6F}.AppStore|x86.ActiveCfg = Release|x86
		{325F45A5-026C-4EB9-9050-BAFA9161EB6F}.AppStore|x86.Build.0 = Release|x86
		{325F45A5-026C-4EB9-9050-BAFA9161EB6F}.AppStore|x86.Deploy.0 = Release|x86
		{325F45A5-026C-4EB9-9050-BAFA9161EB6F}.Debug|Any CPU.ActiveCfg = Debug|Any CPU
		{325F45A5-026C-4EB9-9050-BAFA9161EB6F}.Debug|Any CPU.Build.0 = Debug|Any CPU
		{325F45A5-026C-4EB9-9050-BAFA9161EB6F}.Debug|Any CPU.Deploy.0 = Debug|Any CPU
		{325F45A5-026C-4EB9-9050-BAFA9161EB6F}.Debug|ARM.ActiveCfg = Debug|ARM
		{325F45A5-026C-4EB9-9050-BAFA9161EB6F}.Debug|ARM.Build.0 = Debug|ARM
		{325F45A5-026C-4EB9-9050-BAFA9161EB6F}.Debug|ARM.Deploy.0 = Debug|ARM
		{325F45A5-026C-4EB9-9050-BAFA9161EB6F}.Debug|iPhone.ActiveCfg = Debug|Any CPU
		{325F45A5-026C-4EB9-9050-BAFA9161EB6F}.Debug|iPhone.Build.0 = Debug|Any CPU
		{325F45A5-026C-4EB9-9050-BAFA9161EB6F}.Debug|iPhone.Deploy.0 = Debug|Any CPU
		{325F45A5-026C-4EB9-9050-BAFA9161EB6F}.Debug|iPhoneSimulator.ActiveCfg = Debug|Any CPU
		{325F45A5-026C-4EB9-9050-BAFA9161EB6F}.Debug|iPhoneSimulator.Build.0 = Debug|Any CPU
		{325F45A5-026C-4EB9-9050-BAFA9161EB6F}.Debug|iPhoneSimulator.Deploy.0 = Debug|Any CPU
		{325F45A5-026C-4EB9-9050-BAFA9161EB6F}.Debug|x64.ActiveCfg = Debug|Any CPU
		{325F45A5-026C-4EB9-9050-BAFA9161EB6F}.Debug|x64.Build.0 = Debug|Any CPU
		{325F45A5-026C-4EB9-9050-BAFA9161EB6F}.Debug|x64.Deploy.0 = Debug|Any CPU
		{325F45A5-026C-4EB9-9050-BAFA9161EB6F}.Debug|x86.ActiveCfg = Debug|x86
		{325F45A5-026C-4EB9-9050-BAFA9161EB6F}.Debug|x86.Build.0 = Debug|x86
		{325F45A5-026C-4EB9-9050-BAFA9161EB6F}.Debug|x86.Deploy.0 = Debug|x86
		{325F45A5-026C-4EB9-9050-BAFA9161EB6F}.Release|Any CPU.ActiveCfg = Release|Any CPU
		{325F45A5-026C-4EB9-9050-BAFA9161EB6F}.Release|Any CPU.Build.0 = Release|Any CPU
		{325F45A5-026C-4EB9-9050-BAFA9161EB6F}.Release|Any CPU.Deploy.0 = Release|Any CPU
		{325F45A5-026C-4EB9-9050-BAFA9161EB6F}.Release|ARM.ActiveCfg = Release|ARM
		{325F45A5-026C-4EB9-9050-BAFA9161EB6F}.Release|ARM.Build.0 = Release|ARM
		{325F45A5-026C-4EB9-9050-BAFA9161EB6F}.Release|ARM.Deploy.0 = Release|ARM
		{325F45A5-026C-4EB9-9050-BAFA9161EB6F}.Release|iPhone.ActiveCfg = Release|Any CPU
		{325F45A5-026C-4EB9-9050-BAFA9161EB6F}.Release|iPhone.Build.0 = Release|Any CPU
		{325F45A5-026C-4EB9-9050-BAFA9161EB6F}.Release|iPhone.Deploy.0 = Release|Any CPU
		{325F45A5-026C-4EB9-9050-BAFA9161EB6F}.Release|iPhoneSimulator.ActiveCfg = Release|Any CPU
		{325F45A5-026C-4EB9-9050-BAFA9161EB6F}.Release|iPhoneSimulator.Build.0 = Release|Any CPU
		{325F45A5-026C-4EB9-9050-BAFA9161EB6F}.Release|iPhoneSimulator.Deploy.0 = Release|Any CPU
		{325F45A5-026C-4EB9-9050-BAFA9161EB6F}.Release|x64.ActiveCfg = Release|Any CPU
		{325F45A5-026C-4EB9-9050-BAFA9161EB6F}.Release|x64.Build.0 = Release|Any CPU
		{325F45A5-026C-4EB9-9050-BAFA9161EB6F}.Release|x64.Deploy.0 = Release|Any CPU
		{325F45A5-026C-4EB9-9050-BAFA9161EB6F}.Release|x86.ActiveCfg = Release|x86
		{325F45A5-026C-4EB9-9050-BAFA9161EB6F}.Release|x86.Build.0 = Release|x86
		{325F45A5-026C-4EB9-9050-BAFA9161EB6F}.Release|x86.Deploy.0 = Release|x86
		{B62BEC74-1E8F-422C-9CF8-FA7B17ECB210}.Ad-Hoc|Any CPU.ActiveCfg = Release|x86
		{B62BEC74-1E8F-422C-9CF8-FA7B17ECB210}.Ad-Hoc|Any CPU.Build.0 = Release|x86
		{B62BEC74-1E8F-422C-9CF8-FA7B17ECB210}.Ad-Hoc|Any CPU.Deploy.0 = Release|x86
		{B62BEC74-1E8F-422C-9CF8-FA7B17ECB210}.Ad-Hoc|ARM.ActiveCfg = Release|ARM
		{B62BEC74-1E8F-422C-9CF8-FA7B17ECB210}.Ad-Hoc|ARM.Build.0 = Release|ARM
		{B62BEC74-1E8F-422C-9CF8-FA7B17ECB210}.Ad-Hoc|ARM.Deploy.0 = Release|ARM
		{B62BEC74-1E8F-422C-9CF8-FA7B17ECB210}.Ad-Hoc|iPhone.ActiveCfg = Release|x86
		{B62BEC74-1E8F-422C-9CF8-FA7B17ECB210}.Ad-Hoc|iPhone.Build.0 = Release|x86
		{B62BEC74-1E8F-422C-9CF8-FA7B17ECB210}.Ad-Hoc|iPhone.Deploy.0 = Release|x86
		{B62BEC74-1E8F-422C-9CF8-FA7B17ECB210}.Ad-Hoc|iPhoneSimulator.ActiveCfg = Release|x86
		{B62BEC74-1E8F-422C-9CF8-FA7B17ECB210}.Ad-Hoc|iPhoneSimulator.Build.0 = Release|x86
		{B62BEC74-1E8F-422C-9CF8-FA7B17ECB210}.Ad-Hoc|iPhoneSimulator.Deploy.0 = Release|x86
		{B62BEC74-1E8F-422C-9CF8-FA7B17ECB210}.Ad-Hoc|x64.ActiveCfg = Release|x64
		{B62BEC74-1E8F-422C-9CF8-FA7B17ECB210}.Ad-Hoc|x64.Build.0 = Release|x64
		{B62BEC74-1E8F-422C-9CF8-FA7B17ECB210}.Ad-Hoc|x64.Deploy.0 = Release|x64
		{B62BEC74-1E8F-422C-9CF8-FA7B17ECB210}.Ad-Hoc|x86.ActiveCfg = Release|x86
		{B62BEC74-1E8F-422C-9CF8-FA7B17ECB210}.Ad-Hoc|x86.Build.0 = Release|x86
		{B62BEC74-1E8F-422C-9CF8-FA7B17ECB210}.Ad-Hoc|x86.Deploy.0 = Release|x86
		{B62BEC74-1E8F-422C-9CF8-FA7B17ECB210}.AppStore|Any CPU.ActiveCfg = Release|x86
		{B62BEC74-1E8F-422C-9CF8-FA7B17ECB210}.AppStore|Any CPU.Build.0 = Release|x86
		{B62BEC74-1E8F-422C-9CF8-FA7B17ECB210}.AppStore|Any CPU.Deploy.0 = Release|x86
		{B62BEC74-1E8F-422C-9CF8-FA7B17ECB210}.AppStore|ARM.ActiveCfg = Release|ARM
		{B62BEC74-1E8F-422C-9CF8-FA7B17ECB210}.AppStore|ARM.Build.0 = Release|ARM
		{B62BEC74-1E8F-422C-9CF8-FA7B17ECB210}.AppStore|ARM.Deploy.0 = Release|ARM
		{B62BEC74-1E8F-422C-9CF8-FA7B17ECB210}.AppStore|iPhone.ActiveCfg = Release|x86
		{B62BEC74-1E8F-422C-9CF8-FA7B17ECB210}.AppStore|iPhone.Build.0 = Release|x86
		{B62BEC74-1E8F-422C-9CF8-FA7B17ECB210}.AppStore|iPhone.Deploy.0 = Release|x86
		{B62BEC74-1E8F-422C-9CF8-FA7B17ECB210}.AppStore|iPhoneSimulator.ActiveCfg = Release|x86
		{B62BEC74-1E8F-422C-9CF8-FA7B17ECB210}.AppStore|iPhoneSimulator.Build.0 = Release|x86
		{B62BEC74-1E8F-422C-9CF8-FA7B17ECB210}.AppStore|iPhoneSimulator.Deploy.0 = Release|x86
		{B62BEC74-1E8F-422C-9CF8-FA7B17ECB210}.AppStore|x64.ActiveCfg = Release|x64
		{B62BEC74-1E8F-422C-9CF8-FA7B17ECB210}.AppStore|x64.Build.0 = Release|x64
		{B62BEC74-1E8F-422C-9CF8-FA7B17ECB210}.AppStore|x64.Deploy.0 = Release|x64
		{B62BEC74-1E8F-422C-9CF8-FA7B17ECB210}.AppStore|x86.ActiveCfg = Release|x86
		{B62BEC74-1E8F-422C-9CF8-FA7B17ECB210}.AppStore|x86.Build.0 = Release|x86
		{B62BEC74-1E8F-422C-9CF8-FA7B17ECB210}.AppStore|x86.Deploy.0 = Release|x86
		{B62BEC74-1E8F-422C-9CF8-FA7B17ECB210}.Debug|Any CPU.ActiveCfg = Debug|x86
		{B62BEC74-1E8F-422C-9CF8-FA7B17ECB210}.Debug|ARM.ActiveCfg = Debug|ARM
		{B62BEC74-1E8F-422C-9CF8-FA7B17ECB210}.Debug|ARM.Build.0 = Debug|ARM
		{B62BEC74-1E8F-422C-9CF8-FA7B17ECB210}.Debug|ARM.Deploy.0 = Debug|ARM
		{B62BEC74-1E8F-422C-9CF8-FA7B17ECB210}.Debug|iPhone.ActiveCfg = Debug|x86
		{B62BEC74-1E8F-422C-9CF8-FA7B17ECB210}.Debug|iPhoneSimulator.ActiveCfg = Debug|x86
		{B62BEC74-1E8F-422C-9CF8-FA7B17ECB210}.Debug|x64.ActiveCfg = Debug|x64
		{B62BEC74-1E8F-422C-9CF8-FA7B17ECB210}.Debug|x64.Build.0 = Debug|x64
		{B62BEC74-1E8F-422C-9CF8-FA7B17ECB210}.Debug|x64.Deploy.0 = Debug|x64
		{B62BEC74-1E8F-422C-9CF8-FA7B17ECB210}.Debug|x86.ActiveCfg = Debug|x86
		{B62BEC74-1E8F-422C-9CF8-FA7B17ECB210}.Debug|x86.Build.0 = Debug|x86
		{B62BEC74-1E8F-422C-9CF8-FA7B17ECB210}.Debug|x86.Deploy.0 = Debug|x86
		{B62BEC74-1E8F-422C-9CF8-FA7B17ECB210}.Release|Any CPU.ActiveCfg = Release|x86
		{B62BEC74-1E8F-422C-9CF8-FA7B17ECB210}.Release|ARM.ActiveCfg = Release|ARM
		{B62BEC74-1E8F-422C-9CF8-FA7B17ECB210}.Release|ARM.Build.0 = Release|ARM
		{B62BEC74-1E8F-422C-9CF8-FA7B17ECB210}.Release|ARM.Deploy.0 = Release|ARM
		{B62BEC74-1E8F-422C-9CF8-FA7B17ECB210}.Release|iPhone.ActiveCfg = Release|x86
		{B62BEC74-1E8F-422C-9CF8-FA7B17ECB210}.Release|iPhoneSimulator.ActiveCfg = Release|x86
		{B62BEC74-1E8F-422C-9CF8-FA7B17ECB210}.Release|x64.ActiveCfg = Release|x64
		{B62BEC74-1E8F-422C-9CF8-FA7B17ECB210}.Release|x64.Build.0 = Release|x64
		{B62BEC74-1E8F-422C-9CF8-FA7B17ECB210}.Release|x64.Deploy.0 = Release|x64
		{B62BEC74-1E8F-422C-9CF8-FA7B17ECB210}.Release|x86.ActiveCfg = Release|x86
		{B62BEC74-1E8F-422C-9CF8-FA7B17ECB210}.Release|x86.Build.0 = Release|x86
		{B62BEC74-1E8F-422C-9CF8-FA7B17ECB210}.Release|x86.Deploy.0 = Release|x86
		{A4AF60F0-52CD-4250-BAAB-CA9B52A0C048}.Ad-Hoc|Any CPU.ActiveCfg = Release|Any CPU
		{A4AF60F0-52CD-4250-BAAB-CA9B52A0C048}.Ad-Hoc|Any CPU.Build.0 = Release|Any CPU
		{A4AF60F0-52CD-4250-BAAB-CA9B52A0C048}.Ad-Hoc|Any CPU.Deploy.0 = Release|Any CPU
		{A4AF60F0-52CD-4250-BAAB-CA9B52A0C048}.Ad-Hoc|ARM.ActiveCfg = Release|ARM
		{A4AF60F0-52CD-4250-BAAB-CA9B52A0C048}.Ad-Hoc|ARM.Build.0 = Release|ARM
		{A4AF60F0-52CD-4250-BAAB-CA9B52A0C048}.Ad-Hoc|ARM.Deploy.0 = Release|ARM
		{A4AF60F0-52CD-4250-BAAB-CA9B52A0C048}.Ad-Hoc|iPhone.ActiveCfg = Release|Any CPU
		{A4AF60F0-52CD-4250-BAAB-CA9B52A0C048}.Ad-Hoc|iPhone.Build.0 = Release|Any CPU
		{A4AF60F0-52CD-4250-BAAB-CA9B52A0C048}.Ad-Hoc|iPhone.Deploy.0 = Release|Any CPU
		{A4AF60F0-52CD-4250-BAAB-CA9B52A0C048}.Ad-Hoc|iPhoneSimulator.ActiveCfg = Release|Any CPU
		{A4AF60F0-52CD-4250-BAAB-CA9B52A0C048}.Ad-Hoc|iPhoneSimulator.Build.0 = Release|Any CPU
		{A4AF60F0-52CD-4250-BAAB-CA9B52A0C048}.Ad-Hoc|iPhoneSimulator.Deploy.0 = Release|Any CPU
		{A4AF60F0-52CD-4250-BAAB-CA9B52A0C048}.Ad-Hoc|x64.ActiveCfg = Release|x64
		{A4AF60F0-52CD-4250-BAAB-CA9B52A0C048}.Ad-Hoc|x64.Build.0 = Release|x64
		{A4AF60F0-52CD-4250-BAAB-CA9B52A0C048}.Ad-Hoc|x64.Deploy.0 = Release|x64
		{A4AF60F0-52CD-4250-BAAB-CA9B52A0C048}.Ad-Hoc|x86.ActiveCfg = Release|x86
		{A4AF60F0-52CD-4250-BAAB-CA9B52A0C048}.Ad-Hoc|x86.Build.0 = Release|x86
		{A4AF60F0-52CD-4250-BAAB-CA9B52A0C048}.Ad-Hoc|x86.Deploy.0 = Release|x86
		{A4AF60F0-52CD-4250-BAAB-CA9B52A0C048}.AppStore|Any CPU.ActiveCfg = Release|Any CPU
		{A4AF60F0-52CD-4250-BAAB-CA9B52A0C048}.AppStore|Any CPU.Build.0 = Release|Any CPU
		{A4AF60F0-52CD-4250-BAAB-CA9B52A0C048}.AppStore|Any CPU.Deploy.0 = Release|Any CPU
		{A4AF60F0-52CD-4250-BAAB-CA9B52A0C048}.AppStore|ARM.ActiveCfg = Release|ARM
		{A4AF60F0-52CD-4250-BAAB-CA9B52A0C048}.AppStore|ARM.Build.0 = Release|ARM
		{A4AF60F0-52CD-4250-BAAB-CA9B52A0C048}.AppStore|ARM.Deploy.0 = Release|ARM
		{A4AF60F0-52CD-4250-BAAB-CA9B52A0C048}.AppStore|iPhone.ActiveCfg = Release|Any CPU
		{A4AF60F0-52CD-4250-BAAB-CA9B52A0C048}.AppStore|iPhone.Build.0 = Release|Any CPU
		{A4AF60F0-52CD-4250-BAAB-CA9B52A0C048}.AppStore|iPhone.Deploy.0 = Release|Any CPU
		{A4AF60F0-52CD-4250-BAAB-CA9B52A0C048}.AppStore|iPhoneSimulator.ActiveCfg = Release|Any CPU
		{A4AF60F0-52CD-4250-BAAB-CA9B52A0C048}.AppStore|iPhoneSimulator.Build.0 = Release|Any CPU
		{A4AF60F0-52CD-4250-BAAB-CA9B52A0C048}.AppStore|iPhoneSimulator.Deploy.0 = Release|Any CPU
		{A4AF60F0-52CD-4250-BAAB-CA9B52A0C048}.AppStore|x64.ActiveCfg = Release|x64
		{A4AF60F0-52CD-4250-BAAB-CA9B52A0C048}.AppStore|x64.Build.0 = Release|x64
		{A4AF60F0-52CD-4250-BAAB-CA9B52A0C048}.AppStore|x64.Deploy.0 = Release|x64
		{A4AF60F0-52CD-4250-BAAB-CA9B52A0C048}.AppStore|x86.ActiveCfg = Release|x86
		{A4AF60F0-52CD-4250-BAAB-CA9B52A0C048}.AppStore|x86.Build.0 = Release|x86
		{A4AF60F0-52CD-4250-BAAB-CA9B52A0C048}.AppStore|x86.Deploy.0 = Release|x86
		{A4AF60F0-52CD-4250-BAAB-CA9B52A0C048}.Debug|Any CPU.ActiveCfg = Debug|Any CPU
		{A4AF60F0-52CD-4250-BAAB-CA9B52A0C048}.Debug|Any CPU.Build.0 = Debug|Any CPU
		{A4AF60F0-52CD-4250-BAAB-CA9B52A0C048}.Debug|Any CPU.Deploy.0 = Debug|Any CPU
		{A4AF60F0-52CD-4250-BAAB-CA9B52A0C048}.Debug|ARM.ActiveCfg = Debug|ARM
		{A4AF60F0-52CD-4250-BAAB-CA9B52A0C048}.Debug|ARM.Build.0 = Debug|ARM
		{A4AF60F0-52CD-4250-BAAB-CA9B52A0C048}.Debug|ARM.Deploy.0 = Debug|ARM
		{A4AF60F0-52CD-4250-BAAB-CA9B52A0C048}.Debug|iPhone.ActiveCfg = Debug|Any CPU
		{A4AF60F0-52CD-4250-BAAB-CA9B52A0C048}.Debug|iPhone.Build.0 = Debug|Any CPU
		{A4AF60F0-52CD-4250-BAAB-CA9B52A0C048}.Debug|iPhone.Deploy.0 = Debug|Any CPU
		{A4AF60F0-52CD-4250-BAAB-CA9B52A0C048}.Debug|iPhoneSimulator.ActiveCfg = Debug|Any CPU
		{A4AF60F0-52CD-4250-BAAB-CA9B52A0C048}.Debug|iPhoneSimulator.Build.0 = Debug|Any CPU
		{A4AF60F0-52CD-4250-BAAB-CA9B52A0C048}.Debug|iPhoneSimulator.Deploy.0 = Debug|Any CPU
		{A4AF60F0-52CD-4250-BAAB-CA9B52A0C048}.Debug|x64.ActiveCfg = Debug|x64
		{A4AF60F0-52CD-4250-BAAB-CA9B52A0C048}.Debug|x64.Build.0 = Debug|x64
		{A4AF60F0-52CD-4250-BAAB-CA9B52A0C048}.Debug|x64.Deploy.0 = Debug|x64
		{A4AF60F0-52CD-4250-BAAB-CA9B52A0C048}.Debug|x86.ActiveCfg = Debug|x86
		{A4AF60F0-52CD-4250-BAAB-CA9B52A0C048}.Debug|x86.Build.0 = Debug|x86
		{A4AF60F0-52CD-4250-BAAB-CA9B52A0C048}.Debug|x86.Deploy.0 = Debug|x86
		{A4AF60F0-52CD-4250-BAAB-CA9B52A0C048}.Release|Any CPU.ActiveCfg = Release|Any CPU
		{A4AF60F0-52CD-4250-BAAB-CA9B52A0C048}.Release|Any CPU.Build.0 = Release|Any CPU
		{A4AF60F0-52CD-4250-BAAB-CA9B52A0C048}.Release|Any CPU.Deploy.0 = Release|Any CPU
		{A4AF60F0-52CD-4250-BAAB-CA9B52A0C048}.Release|ARM.ActiveCfg = Release|ARM
		{A4AF60F0-52CD-4250-BAAB-CA9B52A0C048}.Release|ARM.Build.0 = Release|ARM
		{A4AF60F0-52CD-4250-BAAB-CA9B52A0C048}.Release|ARM.Deploy.0 = Release|ARM
		{A4AF60F0-52CD-4250-BAAB-CA9B52A0C048}.Release|iPhone.ActiveCfg = Release|Any CPU
		{A4AF60F0-52CD-4250-BAAB-CA9B52A0C048}.Release|iPhone.Build.0 = Release|Any CPU
		{A4AF60F0-52CD-4250-BAAB-CA9B52A0C048}.Release|iPhone.Deploy.0 = Release|Any CPU
		{A4AF60F0-52CD-4250-BAAB-CA9B52A0C048}.Release|iPhoneSimulator.ActiveCfg = Release|Any CPU
		{A4AF60F0-52CD-4250-BAAB-CA9B52A0C048}.Release|iPhoneSimulator.Build.0 = Release|Any CPU
		{A4AF60F0-52CD-4250-BAAB-CA9B52A0C048}.Release|iPhoneSimulator.Deploy.0 = Release|Any CPU
		{A4AF60F0-52CD-4250-BAAB-CA9B52A0C048}.Release|x64.ActiveCfg = Release|x64
		{A4AF60F0-52CD-4250-BAAB-CA9B52A0C048}.Release|x64.Build.0 = Release|x64
		{A4AF60F0-52CD-4250-BAAB-CA9B52A0C048}.Release|x64.Deploy.0 = Release|x64
		{A4AF60F0-52CD-4250-BAAB-CA9B52A0C048}.Release|x86.ActiveCfg = Release|x86
		{A4AF60F0-52CD-4250-BAAB-CA9B52A0C048}.Release|x86.Build.0 = Release|x86
		{A4AF60F0-52CD-4250-BAAB-CA9B52A0C048}.Release|x86.Deploy.0 = Release|x86
		{9E92AEDD-9432-44B6-8FF2-8AC60D510C1B}.Ad-Hoc|Any CPU.ActiveCfg = Release|Any CPU
		{9E92AEDD-9432-44B6-8FF2-8AC60D510C1B}.Ad-Hoc|Any CPU.Build.0 = Release|Any CPU
		{9E92AEDD-9432-44B6-8FF2-8AC60D510C1B}.Ad-Hoc|ARM.ActiveCfg = Release|Any CPU
		{9E92AEDD-9432-44B6-8FF2-8AC60D510C1B}.Ad-Hoc|ARM.Build.0 = Release|Any CPU
		{9E92AEDD-9432-44B6-8FF2-8AC60D510C1B}.Ad-Hoc|iPhone.ActiveCfg = Release|Any CPU
		{9E92AEDD-9432-44B6-8FF2-8AC60D510C1B}.Ad-Hoc|iPhone.Build.0 = Release|Any CPU
		{9E92AEDD-9432-44B6-8FF2-8AC60D510C1B}.Ad-Hoc|iPhoneSimulator.ActiveCfg = Release|Any CPU
		{9E92AEDD-9432-44B6-8FF2-8AC60D510C1B}.Ad-Hoc|iPhoneSimulator.Build.0 = Release|Any CPU
		{9E92AEDD-9432-44B6-8FF2-8AC60D510C1B}.Ad-Hoc|x64.ActiveCfg = Release|Any CPU
		{9E92AEDD-9432-44B6-8FF2-8AC60D510C1B}.Ad-Hoc|x64.Build.0 = Release|Any CPU
		{9E92AEDD-9432-44B6-8FF2-8AC60D510C1B}.Ad-Hoc|x86.ActiveCfg = Release|Any CPU
		{9E92AEDD-9432-44B6-8FF2-8AC60D510C1B}.Ad-Hoc|x86.Build.0 = Release|Any CPU
		{9E92AEDD-9432-44B6-8FF2-8AC60D510C1B}.AppStore|Any CPU.ActiveCfg = Release|Any CPU
		{9E92AEDD-9432-44B6-8FF2-8AC60D510C1B}.AppStore|Any CPU.Build.0 = Release|Any CPU
		{9E92AEDD-9432-44B6-8FF2-8AC60D510C1B}.AppStore|ARM.ActiveCfg = Release|Any CPU
		{9E92AEDD-9432-44B6-8FF2-8AC60D510C1B}.AppStore|ARM.Build.0 = Release|Any CPU
		{9E92AEDD-9432-44B6-8FF2-8AC60D510C1B}.AppStore|iPhone.ActiveCfg = Release|Any CPU
		{9E92AEDD-9432-44B6-8FF2-8AC60D510C1B}.AppStore|iPhone.Build.0 = Release|Any CPU
		{9E92AEDD-9432-44B6-8FF2-8AC60D510C1B}.AppStore|iPhoneSimulator.ActiveCfg = Release|Any CPU
		{9E92AEDD-9432-44B6-8FF2-8AC60D510C1B}.AppStore|iPhoneSimulator.Build.0 = Release|Any CPU
		{9E92AEDD-9432-44B6-8FF2-8AC60D510C1B}.AppStore|x64.ActiveCfg = Release|Any CPU
		{9E92AEDD-9432-44B6-8FF2-8AC60D510C1B}.AppStore|x64.Build.0 = Release|Any CPU
		{9E92AEDD-9432-44B6-8FF2-8AC60D510C1B}.AppStore|x86.ActiveCfg = Release|Any CPU
		{9E92AEDD-9432-44B6-8FF2-8AC60D510C1B}.AppStore|x86.Build.0 = Release|Any CPU
		{9E92AEDD-9432-44B6-8FF2-8AC60D510C1B}.Debug|Any CPU.ActiveCfg = Debug|Any CPU
		{9E92AEDD-9432-44B6-8FF2-8AC60D510C1B}.Debug|Any CPU.Build.0 = Debug|Any CPU
		{9E92AEDD-9432-44B6-8FF2-8AC60D510C1B}.Debug|ARM.ActiveCfg = Debug|Any CPU
		{9E92AEDD-9432-44B6-8FF2-8AC60D510C1B}.Debug|ARM.Build.0 = Debug|Any CPU
		{9E92AEDD-9432-44B6-8FF2-8AC60D510C1B}.Debug|iPhone.ActiveCfg = Debug|Any CPU
		{9E92AEDD-9432-44B6-8FF2-8AC60D510C1B}.Debug|iPhone.Build.0 = Debug|Any CPU
		{9E92AEDD-9432-44B6-8FF2-8AC60D510C1B}.Debug|iPhoneSimulator.ActiveCfg = Debug|Any CPU
		{9E92AEDD-9432-44B6-8FF2-8AC60D510C1B}.Debug|iPhoneSimulator.Build.0 = Debug|Any CPU
		{9E92AEDD-9432-44B6-8FF2-8AC60D510C1B}.Debug|x64.ActiveCfg = Debug|Any CPU
		{9E92AEDD-9432-44B6-8FF2-8AC60D510C1B}.Debug|x64.Build.0 = Debug|Any CPU
		{9E92AEDD-9432-44B6-8FF2-8AC60D510C1B}.Debug|x86.ActiveCfg = Debug|Any CPU
		{9E92AEDD-9432-44B6-8FF2-8AC60D510C1B}.Debug|x86.Build.0 = Debug|Any CPU
		{9E92AEDD-9432-44B6-8FF2-8AC60D510C1B}.Release|Any CPU.ActiveCfg = Release|Any CPU
		{9E92AEDD-9432-44B6-8FF2-8AC60D510C1B}.Release|Any CPU.Build.0 = Release|Any CPU
		{9E92AEDD-9432-44B6-8FF2-8AC60D510C1B}.Release|ARM.ActiveCfg = Release|Any CPU
		{9E92AEDD-9432-44B6-8FF2-8AC60D510C1B}.Release|ARM.Build.0 = Release|Any CPU
		{9E92AEDD-9432-44B6-8FF2-8AC60D510C1B}.Release|iPhone.ActiveCfg = Release|Any CPU
		{9E92AEDD-9432-44B6-8FF2-8AC60D510C1B}.Release|iPhone.Build.0 = Release|Any CPU
		{9E92AEDD-9432-44B6-8FF2-8AC60D510C1B}.Release|iPhoneSimulator.ActiveCfg = Release|Any CPU
		{9E92AEDD-9432-44B6-8FF2-8AC60D510C1B}.Release|iPhoneSimulator.Build.0 = Release|Any CPU
		{9E92AEDD-9432-44B6-8FF2-8AC60D510C1B}.Release|x64.ActiveCfg = Release|Any CPU
		{9E92AEDD-9432-44B6-8FF2-8AC60D510C1B}.Release|x64.Build.0 = Release|Any CPU
		{9E92AEDD-9432-44B6-8FF2-8AC60D510C1B}.Release|x86.ActiveCfg = Release|Any CPU
		{9E92AEDD-9432-44B6-8FF2-8AC60D510C1B}.Release|x86.Build.0 = Release|Any CPU
	EndGlobalSection
	GlobalSection(SolutionProperties) = preSolution
		HideSolutionNode = FALSE
	EndGlobalSection
EndGlobal
