
Microsoft Visual Studio Solution File, Format Version 12.00
# Visual Studio 14
VisualStudioVersion = 14.0.25420.1
MinimumVisualStudioVersion = 10.0.40219.1
Project("{D954291E-2A0B-460D-934E-DC6B0785DB48}") = "DevEnvExeMyLocation", "DevEnvExeMyLocation\DevEnvExeMyLocation\DevEnvExeMyLocation.shproj", "{2489CBF9-E571-40A4-8361-DC552CBA9777}"
EndProject
Project("{FAE04EC0-301F-11D3-BF4B-00C04F79EFBC}") = "DevEnvExeMyLocation.Droid", "DevEnvExeMyLocation\DevEnvExeMyLocation.Droid\DevEnvExeMyLocation.Droid.csproj", "{D70344D1-7CC4-437E-A296-0186EC0A759E}"
EndProject
Project("{FAE04EC0-301F-11D3-BF4B-00C04F79EFBC}") = "DevEnvExeMyLocation.iOS", "DevEnvExeMyLocation\DevEnvExeMyLocation.iOS\DevEnvExeMyLocation.iOS.csproj", "{EB07270A-FE5F-4BD5-9616-43BA84E0000A}"
EndProject
Project("{FAE04EC0-301F-11D3-BF4B-00C04F79EFBC}") = "DevEnvExeMyLocation.WinPhone", "DevEnvExeMyLocation\DevEnvExeMyLocation.WinPhone\DevEnvExeMyLocation.WinPhone.csproj", "{9C71949E-A4D3-48CD-AA6B-B54CEF8DE9DD}"
EndProject
Project("{FAE04EC0-301F-11D3-BF4B-00C04F79EFBC}") = "DevEnvExeMyLocation.UWP", "DevEnvExeMyLocation\DevEnvExeMyLocation.UWP\DevEnvExeMyLocation.UWP.csproj", "{F2942D10-A2FF-4725-B325-83994E329404}"
EndProject
Project("{FAE04EC0-301F-11D3-BF4B-00C04F79EFBC}") = "DevEnvExeMyLocation.Windows", "DevEnvExeMyLocation\DevEnvExeMyLocation.Windows\DevEnvExeMyLocation.Windows.csproj", "{CBA4CED8-8E72-4437-BD2F-05C3CF0B4821}"
EndProject
Global
	GlobalSection(SharedMSBuildProjectFiles) = preSolution
		DevEnvExeMyLocation\DevEnvExeMyLocation\DevEnvExeMyLocation.projitems*{2489cbf9-e571-40a4-8361-dc552cba9777}*SharedItemsImports = 13
		DevEnvExeMyLocation\DevEnvExeMyLocation\DevEnvExeMyLocation.projitems*{d70344d1-7cc4-437e-a296-0186ec0a759e}*SharedItemsImports = 4
		DevEnvExeMyLocation\DevEnvExeMyLocation\DevEnvExeMyLocation.projitems*{eb07270a-fe5f-4bd5-9616-43ba84e0000a}*SharedItemsImports = 4
	EndGlobalSection
	GlobalSection(SolutionConfigurationPlatforms) = preSolution
		Ad-Hoc|Any CPU = Ad-Hoc|Any CPU
		Ad-Hoc|ARM = Ad-Hoc|ARM
		Ad-Hoc|iPhone = Ad-Hoc|iPhone
		Ad-Hoc|iPhoneSimulator = Ad-Hoc|iPhoneSimulator
		Ad-Hoc|x64 = Ad-Hoc|x64
		Ad-Hoc|x86 = Ad-Hoc|x86
		AppStore|Any CPU = AppStore|Any CPU
		AppStore|ARM = AppStore|ARM
		AppStore|iPhone = AppStore|iPhone
		AppStore|iPhoneSimulator = AppStore|iPhoneSimulator
		AppStore|x64 = AppStore|x64
		AppStore|x86 = AppStore|x86
		Debug|Any CPU = Debug|Any CPU
		Debug|ARM = Debug|ARM
		Debug|iPhone = Debug|iPhone
		Debug|iPhoneSimulator = Debug|iPhoneSimulator
		Debug|x64 = Debug|x64
		Debug|x86 = Debug|x86
		Release|Any CPU = Release|Any CPU
		Release|ARM = Release|ARM
		Release|iPhone = Release|iPhone
		Release|iPhoneSimulator = Release|iPhoneSimulator
		Release|x64 = Release|x64
		Release|x86 = Release|x86
	EndGlobalSection
	GlobalSection(ProjectConfigurationPlatforms) = postSolution
		{D70344D1-7CC4-437E-A296-0186EC0A759E}.Ad-Hoc|Any CPU.ActiveCfg = Release|Any CPU
		{D70344D1-7CC4-437E-A296-0186EC0A759E}.Ad-Hoc|Any CPU.Build.0 = Release|Any CPU
		{D70344D1-7CC4-437E-A296-0186EC0A759E}.Ad-Hoc|Any CPU.Deploy.0 = Release|Any CPU
		{D70344D1-7CC4-437E-A296-0186EC0A759E}.Ad-Hoc|ARM.ActiveCfg = Release|Any CPU
		{D70344D1-7CC4-437E-A296-0186EC0A759E}.Ad-Hoc|ARM.Build.0 = Release|Any CPU
		{D70344D1-7CC4-437E-A296-0186EC0A759E}.Ad-Hoc|ARM.Deploy.0 = Release|Any CPU
		{D70344D1-7CC4-437E-A296-0186EC0A759E}.Ad-Hoc|iPhone.ActiveCfg = Release|Any CPU
		{D70344D1-7CC4-437E-A296-0186EC0A759E}.Ad-Hoc|iPhone.Build.0 = Release|Any CPU
		{D70344D1-7CC4-437E-A296-0186EC0A759E}.Ad-Hoc|iPhone.Deploy.0 = Release|Any CPU
		{D70344D1-7CC4-437E-A296-0186EC0A759E}.Ad-Hoc|iPhoneSimulator.ActiveCfg = Release|Any CPU
		{D70344D1-7CC4-437E-A296-0186EC0A759E}.Ad-Hoc|iPhoneSimulator.Build.0 = Release|Any CPU
		{D70344D1-7CC4-437E-A296-0186EC0A759E}.Ad-Hoc|iPhoneSimulator.Deploy.0 = Release|Any CPU
		{D70344D1-7CC4-437E-A296-0186EC0A759E}.Ad-Hoc|x64.ActiveCfg = Release|Any CPU
		{D70344D1-7CC4-437E-A296-0186EC0A759E}.Ad-Hoc|x64.Build.0 = Release|Any CPU
		{D70344D1-7CC4-437E-A296-0186EC0A759E}.Ad-Hoc|x64.Deploy.0 = Release|Any CPU
		{D70344D1-7CC4-437E-A296-0186EC0A759E}.Ad-Hoc|x86.ActiveCfg = Release|Any CPU
		{D70344D1-7CC4-437E-A296-0186EC0A759E}.Ad-Hoc|x86.Build.0 = Release|Any CPU
		{D70344D1-7CC4-437E-A296-0186EC0A759E}.Ad-Hoc|x86.Deploy.0 = Release|Any CPU
		{D70344D1-7CC4-437E-A296-0186EC0A759E}.AppStore|Any CPU.ActiveCfg = Release|Any CPU
		{D70344D1-7CC4-437E-A296-0186EC0A759E}.AppStore|Any CPU.Build.0 = Release|Any CPU
		{D70344D1-7CC4-437E-A296-0186EC0A759E}.AppStore|Any CPU.Deploy.0 = Release|Any CPU
		{D70344D1-7CC4-437E-A296-0186EC0A759E}.AppStore|ARM.ActiveCfg = Release|Any CPU
		{D70344D1-7CC4-437E-A296-0186EC0A759E}.AppStore|ARM.Build.0 = Release|Any CPU
		{D70344D1-7CC4-437E-A296-0186EC0A759E}.AppStore|ARM.Deploy.0 = Release|Any CPU
		{D70344D1-7CC4-437E-A296-0186EC0A759E}.AppStore|iPhone.ActiveCfg = Release|Any CPU
		{D70344D1-7CC4-437E-A296-0186EC0A759E}.AppStore|iPhone.Build.0 = Release|Any CPU
		{D70344D1-7CC4-437E-A296-0186EC0A759E}.AppStore|iPhone.Deploy.0 = Release|Any CPU
		{D70344D1-7CC4-437E-A296-0186EC0A759E}.AppStore|iPhoneSimulator.ActiveCfg = Release|Any CPU
		{D70344D1-7CC4-437E-A296-0186EC0A759E}.AppStore|iPhoneSimulator.Build.0 = Release|Any CPU
		{D70344D1-7CC4-437E-A296-0186EC0A759E}.AppStore|iPhoneSimulator.Deploy.0 = Release|Any CPU
		{D70344D1-7CC4-437E-A296-0186EC0A759E}.AppStore|x64.ActiveCfg = Release|Any CPU
		{D70344D1-7CC4-437E-A296-0186EC0A759E}.AppStore|x64.Build.0 = Release|Any CPU
		{D70344D1-7CC4-437E-A296-0186EC0A759E}.AppStore|x64.Deploy.0 = Release|Any CPU
		{D70344D1-7CC4-437E-A296-0186EC0A759E}.AppStore|x86.ActiveCfg = Release|Any CPU
		{D70344D1-7CC4-437E-A296-0186EC0A759E}.AppStore|x86.Build.0 = Release|Any CPU
		{D70344D1-7CC4-437E-A296-0186EC0A759E}.AppStore|x86.Deploy.0 = Release|Any CPU
		{D70344D1-7CC4-437E-A296-0186EC0A759E}.Debug|Any CPU.ActiveCfg = Debug|Any CPU
		{D70344D1-7CC4-437E-A296-0186EC0A759E}.Debug|Any CPU.Build.0 = Debug|Any CPU
		{D70344D1-7CC4-437E-A296-0186EC0A759E}.Debug|Any CPU.Deploy.0 = Debug|Any CPU
		{D70344D1-7CC4-437E-A296-0186EC0A759E}.Debug|ARM.ActiveCfg = Debug|Any CPU
		{D70344D1-7CC4-437E-A296-0186EC0A759E}.Debug|ARM.Build.0 = Debug|Any CPU
		{D70344D1-7CC4-437E-A296-0186EC0A759E}.Debug|ARM.Deploy.0 = Debug|Any CPU
		{D70344D1-7CC4-437E-A296-0186EC0A759E}.Debug|iPhone.ActiveCfg = Debug|Any CPU
		{D70344D1-7CC4-437E-A296-0186EC0A759E}.Debug|iPhone.Build.0 = Debug|Any CPU
		{D70344D1-7CC4-437E-A296-0186EC0A759E}.Debug|iPhone.Deploy.0 = Debug|Any CPU
		{D70344D1-7CC4-437E-A296-0186EC0A759E}.Debug|iPhoneSimulator.ActiveCfg = Debug|Any CPU
		{D70344D1-7CC4-437E-A296-0186EC0A759E}.Debug|iPhoneSimulator.Build.0 = Debug|Any CPU
		{D70344D1-7CC4-437E-A296-0186EC0A759E}.Debug|iPhoneSimulator.Deploy.0 = Debug|Any CPU
		{D70344D1-7CC4-437E-A296-0186EC0A759E}.Debug|x64.ActiveCfg = Debug|Any CPU
		{D70344D1-7CC4-437E-A296-0186EC0A759E}.Debug|x64.Build.0 = Debug|Any CPU
		{D70344D1-7CC4-437E-A296-0186EC0A759E}.Debug|x64.Deploy.0 = Debug|Any CPU
		{D70344D1-7CC4-437E-A296-0186EC0A759E}.Debug|x86.ActiveCfg = Debug|Any CPU
		{D70344D1-7CC4-437E-A296-0186EC0A759E}.Debug|x86.Build.0 = Debug|Any CPU
		{D70344D1-7CC4-437E-A296-0186EC0A759E}.Debug|x86.Deploy.0 = Debug|Any CPU
		{D70344D1-7CC4-437E-A296-0186EC0A759E}.Release|Any CPU.ActiveCfg = Release|Any CPU
		{D70344D1-7CC4-437E-A296-0186EC0A759E}.Release|Any CPU.Build.0 = Release|Any CPU
		{D70344D1-7CC4-437E-A296-0186EC0A759E}.Release|Any CPU.Deploy.0 = Release|Any CPU
		{D70344D1-7CC4-437E-A296-0186EC0A759E}.Release|ARM.ActiveCfg = Release|Any CPU
		{D70344D1-7CC4-437E-A296-0186EC0A759E}.Release|ARM.Build.0 = Release|Any CPU
		{D70344D1-7CC4-437E-A296-0186EC0A759E}.Release|ARM.Deploy.0 = Release|Any CPU
		{D70344D1-7CC4-437E-A296-0186EC0A759E}.Release|iPhone.ActiveCfg = Release|Any CPU
		{D70344D1-7CC4-437E-A296-0186EC0A759E}.Release|iPhone.Build.0 = Release|Any CPU
		{D70344D1-7CC4-437E-A296-0186EC0A759E}.Release|iPhone.Deploy.0 = Release|Any CPU
		{D70344D1-7CC4-437E-A296-0186EC0A759E}.Release|iPhoneSimulator.ActiveCfg = Release|Any CPU
		{D70344D1-7CC4-437E-A296-0186EC0A759E}.Release|iPhoneSimulator.Build.0 = Release|Any CPU
		{D70344D1-7CC4-437E-A296-0186EC0A759E}.Release|iPhoneSimulator.Deploy.0 = Release|Any CPU
		{D70344D1-7CC4-437E-A296-0186EC0A759E}.Release|x64.ActiveCfg = Release|Any CPU
		{D70344D1-7CC4-437E-A296-0186EC0A759E}.Release|x64.Build.0 = Release|Any CPU
		{D70344D1-7CC4-437E-A296-0186EC0A759E}.Release|x64.Deploy.0 = Release|Any CPU
		{D70344D1-7CC4-437E-A296-0186EC0A759E}.Release|x86.ActiveCfg = Release|Any CPU
		{D70344D1-7CC4-437E-A296-0186EC0A759E}.Release|x86.Build.0 = Release|Any CPU
		{D70344D1-7CC4-437E-A296-0186EC0A759E}.Release|x86.Deploy.0 = Release|Any CPU
		{EB07270A-FE5F-4BD5-9616-43BA84E0000A}.Ad-Hoc|Any CPU.ActiveCfg = Ad-Hoc|iPhone
		{EB07270A-FE5F-4BD5-9616-43BA84E0000A}.Ad-Hoc|ARM.ActiveCfg = Ad-Hoc|iPhone
		{EB07270A-FE5F-4BD5-9616-43BA84E0000A}.Ad-Hoc|iPhone.ActiveCfg = Ad-Hoc|iPhone
		{EB07270A-FE5F-4BD5-9616-43BA84E0000A}.Ad-Hoc|iPhone.Build.0 = Ad-Hoc|iPhone
		{EB07270A-FE5F-4BD5-9616-43BA84E0000A}.Ad-Hoc|iPhoneSimulator.ActiveCfg = Ad-Hoc|iPhoneSimulator
		{EB07270A-FE5F-4BD5-9616-43BA84E0000A}.Ad-Hoc|iPhoneSimulator.Build.0 = Ad-Hoc|iPhoneSimulator
		{EB07270A-FE5F-4BD5-9616-43BA84E0000A}.Ad-Hoc|x64.ActiveCfg = Ad-Hoc|iPhone
		{EB07270A-FE5F-4BD5-9616-43BA84E0000A}.Ad-Hoc|x86.ActiveCfg = Ad-Hoc|iPhone
		{EB07270A-FE5F-4BD5-9616-43BA84E0000A}.AppStore|Any CPU.ActiveCfg = AppStore|iPhone
		{EB07270A-FE5F-4BD5-9616-43BA84E0000A}.AppStore|ARM.ActiveCfg = AppStore|iPhone
		{EB07270A-FE5F-4BD5-9616-43BA84E0000A}.AppStore|iPhone.ActiveCfg = AppStore|iPhone
		{EB07270A-FE5F-4BD5-9616-43BA84E0000A}.AppStore|iPhone.Build.0 = AppStore|iPhone
		{EB07270A-FE5F-4BD5-9616-43BA84E0000A}.AppStore|iPhoneSimulator.ActiveCfg = AppStore|iPhoneSimulator
		{EB07270A-FE5F-4BD5-9616-43BA84E0000A}.AppStore|iPhoneSimulator.Build.0 = AppStore|iPhoneSimulator
		{EB07270A-FE5F-4BD5-9616-43BA84E0000A}.AppStore|x64.ActiveCfg = AppStore|iPhone
		{EB07270A-FE5F-4BD5-9616-43BA84E0000A}.AppStore|x86.ActiveCfg = AppStore|iPhone
		{EB07270A-FE5F-4BD5-9616-43BA84E0000A}.Debug|Any CPU.ActiveCfg = Debug|iPhone
		{EB07270A-FE5F-4BD5-9616-43BA84E0000A}.Debug|ARM.ActiveCfg = Debug|iPhone
		{EB07270A-FE5F-4BD5-9616-43BA84E0000A}.Debug|iPhone.ActiveCfg = Debug|iPhone
		{EB07270A-FE5F-4BD5-9616-43BA84E0000A}.Debug|iPhone.Build.0 = Debug|iPhone
		{EB07270A-FE5F-4BD5-9616-43BA84E0000A}.Debug|iPhoneSimulator.ActiveCfg = Debug|iPhoneSimulator
		{EB07270A-FE5F-4BD5-9616-43BA84E0000A}.Debug|iPhoneSimulator.Build.0 = Debug|iPhoneSimulator
		{EB07270A-FE5F-4BD5-9616-43BA84E0000A}.Debug|x64.ActiveCfg = Debug|iPhone
		{EB07270A-FE5F-4BD5-9616-43BA84E0000A}.Debug|x86.ActiveCfg = Debug|iPhone
		{EB07270A-FE5F-4BD5-9616-43BA84E0000A}.Release|Any CPU.ActiveCfg = Release|iPhone
		{EB07270A-FE5F-4BD5-9616-43BA84E0000A}.Release|ARM.ActiveCfg = Release|iPhone
		{EB07270A-FE5F-4BD5-9616-43BA84E0000A}.Release|iPhone.ActiveCfg = Release|iPhone
		{EB07270A-FE5F-4BD5-9616-43BA84E0000A}.Release|iPhone.Build.0 = Release|iPhone
		{EB07270A-FE5F-4BD5-9616-43BA84E0000A}.Release|iPhoneSimulator.ActiveCfg = Release|iPhoneSimulator
		{EB07270A-FE5F-4BD5-9616-43BA84E0000A}.Release|iPhoneSimulator.Build.0 = Release|iPhoneSimulator
		{EB07270A-FE5F-4BD5-9616-43BA84E0000A}.Release|x64.ActiveCfg = Release|iPhone
		{EB07270A-FE5F-4BD5-9616-43BA84E0000A}.Release|x86.ActiveCfg = Release|iPhone
		{9C71949E-A4D3-48CD-AA6B-B54CEF8DE9DD}.Ad-Hoc|Any CPU.ActiveCfg = Release|Any CPU
		{9C71949E-A4D3-48CD-AA6B-B54CEF8DE9DD}.Ad-Hoc|Any CPU.Build.0 = Release|Any CPU
		{9C71949E-A4D3-48CD-AA6B-B54CEF8DE9DD}.Ad-Hoc|Any CPU.Deploy.0 = Release|Any CPU
		{9C71949E-A4D3-48CD-AA6B-B54CEF8DE9DD}.Ad-Hoc|ARM.ActiveCfg = Release|ARM
		{9C71949E-A4D3-48CD-AA6B-B54CEF8DE9DD}.Ad-Hoc|ARM.Build.0 = Release|ARM
		{9C71949E-A4D3-48CD-AA6B-B54CEF8DE9DD}.Ad-Hoc|ARM.Deploy.0 = Release|ARM
		{9C71949E-A4D3-48CD-AA6B-B54CEF8DE9DD}.Ad-Hoc|iPhone.ActiveCfg = Release|Any CPU
		{9C71949E-A4D3-48CD-AA6B-B54CEF8DE9DD}.Ad-Hoc|iPhone.Build.0 = Release|Any CPU
		{9C71949E-A4D3-48CD-AA6B-B54CEF8DE9DD}.Ad-Hoc|iPhone.Deploy.0 = Release|Any CPU
		{9C71949E-A4D3-48CD-AA6B-B54CEF8DE9DD}.Ad-Hoc|iPhoneSimulator.ActiveCfg = Release|Any CPU
		{9C71949E-A4D3-48CD-AA6B-B54CEF8DE9DD}.Ad-Hoc|iPhoneSimulator.Build.0 = Release|Any CPU
		{9C71949E-A4D3-48CD-AA6B-B54CEF8DE9DD}.Ad-Hoc|iPhoneSimulator.Deploy.0 = Release|Any CPU
		{9C71949E-A4D3-48CD-AA6B-B54CEF8DE9DD}.Ad-Hoc|x64.ActiveCfg = Release|Any CPU
		{9C71949E-A4D3-48CD-AA6B-B54CEF8DE9DD}.Ad-Hoc|x64.Build.0 = Release|Any CPU
		{9C71949E-A4D3-48CD-AA6B-B54CEF8DE9DD}.Ad-Hoc|x64.Deploy.0 = Release|Any CPU
		{9C71949E-A4D3-48CD-AA6B-B54CEF8DE9DD}.Ad-Hoc|x86.ActiveCfg = Release|x86
		{9C71949E-A4D3-48CD-AA6B-B54CEF8DE9DD}.Ad-Hoc|x86.Build.0 = Release|x86
		{9C71949E-A4D3-48CD-AA6B-B54CEF8DE9DD}.Ad-Hoc|x86.Deploy.0 = Release|x86
		{9C71949E-A4D3-48CD-AA6B-B54CEF8DE9DD}.AppStore|Any CPU.ActiveCfg = Release|Any CPU
		{9C71949E-A4D3-48CD-AA6B-B54CEF8DE9DD}.AppStore|Any CPU.Build.0 = Release|Any CPU
		{9C71949E-A4D3-48CD-AA6B-B54CEF8DE9DD}.AppStore|Any CPU.Deploy.0 = Release|Any CPU
		{9C71949E-A4D3-48CD-AA6B-B54CEF8DE9DD}.AppStore|ARM.ActiveCfg = Release|ARM
		{9C71949E-A4D3-48CD-AA6B-B54CEF8DE9DD}.AppStore|ARM.Build.0 = Release|ARM
		{9C71949E-A4D3-48CD-AA6B-B54CEF8DE9DD}.AppStore|ARM.Deploy.0 = Release|ARM
		{9C71949E-A4D3-48CD-AA6B-B54CEF8DE9DD}.AppStore|iPhone.ActiveCfg = Release|Any CPU
		{9C71949E-A4D3-48CD-AA6B-B54CEF8DE9DD}.AppStore|iPhone.Build.0 = Release|Any CPU
		{9C71949E-A4D3-48CD-AA6B-B54CEF8DE9DD}.AppStore|iPhone.Deploy.0 = Release|Any CPU
		{9C71949E-A4D3-48CD-AA6B-B54CEF8DE9DD}.AppStore|iPhoneSimulator.ActiveCfg = Release|Any CPU
		{9C71949E-A4D3-48CD-AA6B-B54CEF8DE9DD}.AppStore|iPhoneSimulator.Build.0 = Release|Any CPU
		{9C71949E-A4D3-48CD-AA6B-B54CEF8DE9DD}.AppStore|iPhoneSimulator.Deploy.0 = Release|Any CPU
		{9C71949E-A4D3-48CD-AA6B-B54CEF8DE9DD}.AppStore|x64.ActiveCfg = Release|Any CPU
		{9C71949E-A4D3-48CD-AA6B-B54CEF8DE9DD}.AppStore|x64.Build.0 = Release|Any CPU
		{9C71949E-A4D3-48CD-AA6B-B54CEF8DE9DD}.AppStore|x64.Deploy.0 = Release|Any CPU
		{9C71949E-A4D3-48CD-AA6B-B54CEF8DE9DD}.AppStore|x86.ActiveCfg = Release|x86
		{9C71949E-A4D3-48CD-AA6B-B54CEF8DE9DD}.AppStore|x86.Build.0 = Release|x86
		{9C71949E-A4D3-48CD-AA6B-B54CEF8DE9DD}.AppStore|x86.Deploy.0 = Release|x86
		{9C71949E-A4D3-48CD-AA6B-B54CEF8DE9DD}.Debug|Any CPU.ActiveCfg = Debug|Any CPU
		{9C71949E-A4D3-48CD-AA6B-B54CEF8DE9DD}.Debug|Any CPU.Build.0 = Debug|Any CPU
		{9C71949E-A4D3-48CD-AA6B-B54CEF8DE9DD}.Debug|Any CPU.Deploy.0 = Debug|Any CPU
		{9C71949E-A4D3-48CD-AA6B-B54CEF8DE9DD}.Debug|ARM.ActiveCfg = Debug|ARM
		{9C71949E-A4D3-48CD-AA6B-B54CEF8DE9DD}.Debug|ARM.Build.0 = Debug|ARM
		{9C71949E-A4D3-48CD-AA6B-B54CEF8DE9DD}.Debug|ARM.Deploy.0 = Debug|ARM
		{9C71949E-A4D3-48CD-AA6B-B54CEF8DE9DD}.Debug|iPhone.ActiveCfg = Debug|Any CPU
		{9C71949E-A4D3-48CD-AA6B-B54CEF8DE9DD}.Debug|iPhone.Build.0 = Debug|Any CPU
		{9C71949E-A4D3-48CD-AA6B-B54CEF8DE9DD}.Debug|iPhone.Deploy.0 = Debug|Any CPU
		{9C71949E-A4D3-48CD-AA6B-B54CEF8DE9DD}.Debug|iPhoneSimulator.ActiveCfg = Debug|Any CPU
		{9C71949E-A4D3-48CD-AA6B-B54CEF8DE9DD}.Debug|iPhoneSimulator.Build.0 = Debug|Any CPU
		{9C71949E-A4D3-48CD-AA6B-B54CEF8DE9DD}.Debug|iPhoneSimulator.Deploy.0 = Debug|Any CPU
		{9C71949E-A4D3-48CD-AA6B-B54CEF8DE9DD}.Debug|x64.ActiveCfg = Debug|Any CPU
		{9C71949E-A4D3-48CD-AA6B-B54CEF8DE9DD}.Debug|x64.Build.0 = Debug|Any CPU
		{9C71949E-A4D3-48CD-AA6B-B54CEF8DE9DD}.Debug|x64.Deploy.0 = Debug|Any CPU
		{9C71949E-A4D3-48CD-AA6B-B54CEF8DE9DD}.Debug|x86.ActiveCfg = Debug|x86
		{9C71949E-A4D3-48CD-AA6B-B54CEF8DE9DD}.Debug|x86.Build.0 = Debug|x86
		{9C71949E-A4D3-48CD-AA6B-B54CEF8DE9DD}.Debug|x86.Deploy.0 = Debug|x86
		{9C71949E-A4D3-48CD-AA6B-B54CEF8DE9DD}.Release|Any CPU.ActiveCfg = Release|Any CPU
		{9C71949E-A4D3-48CD-AA6B-B54CEF8DE9DD}.Release|Any CPU.Build.0 = Release|Any CPU
		{9C71949E-A4D3-48CD-AA6B-B54CEF8DE9DD}.Release|Any CPU.Deploy.0 = Release|Any CPU
		{9C71949E-A4D3-48CD-AA6B-B54CEF8DE9DD}.Release|ARM.ActiveCfg = Release|ARM
		{9C71949E-A4D3-48CD-AA6B-B54CEF8DE9DD}.Release|ARM.Build.0 = Release|ARM
		{9C71949E-A4D3-48CD-AA6B-B54CEF8DE9DD}.Release|ARM.Deploy.0 = Release|ARM
		{9C71949E-A4D3-48CD-AA6B-B54CEF8DE9DD}.Release|iPhone.ActiveCfg = Release|Any CPU
		{9C71949E-A4D3-48CD-AA6B-B54CEF8DE9DD}.Release|iPhone.Build.0 = Release|Any CPU
		{9C71949E-A4D3-48CD-AA6B-B54CEF8DE9DD}.Release|iPhone.Deploy.0 = Release|Any CPU
		{9C71949E-A4D3-48CD-AA6B-B54CEF8DE9DD}.Release|iPhoneSimulator.ActiveCfg = Release|Any CPU
		{9C71949E-A4D3-48CD-AA6B-B54CEF8DE9DD}.Release|iPhoneSimulator.Build.0 = Release|Any CPU
		{9C71949E-A4D3-48CD-AA6B-B54CEF8DE9DD}.Release|iPhoneSimulator.Deploy.0 = Release|Any CPU
		{9C71949E-A4D3-48CD-AA6B-B54CEF8DE9DD}.Release|x64.ActiveCfg = Release|Any CPU
		{9C71949E-A4D3-48CD-AA6B-B54CEF8DE9DD}.Release|x64.Build.0 = Release|Any CPU
		{9C71949E-A4D3-48CD-AA6B-B54CEF8DE9DD}.Release|x64.Deploy.0 = Release|Any CPU
		{9C71949E-A4D3-48CD-AA6B-B54CEF8DE9DD}.Release|x86.ActiveCfg = Release|x86
		{9C71949E-A4D3-48CD-AA6B-B54CEF8DE9DD}.Release|x86.Build.0 = Release|x86
		{9C71949E-A4D3-48CD-AA6B-B54CEF8DE9DD}.Release|x86.Deploy.0 = Release|x86
		{F2942D10-A2FF-4725-B325-83994E329404}.Ad-Hoc|Any CPU.ActiveCfg = Release|x86
		{F2942D10-A2FF-4725-B325-83994E329404}.Ad-Hoc|Any CPU.Build.0 = Release|x86
		{F2942D10-A2FF-4725-B325-83994E329404}.Ad-Hoc|Any CPU.Deploy.0 = Release|x86
		{F2942D10-A2FF-4725-B325-83994E329404}.Ad-Hoc|ARM.ActiveCfg = Release|ARM
		{F2942D10-A2FF-4725-B325-83994E329404}.Ad-Hoc|ARM.Build.0 = Release|ARM
		{F2942D10-A2FF-4725-B325-83994E329404}.Ad-Hoc|ARM.Deploy.0 = Release|ARM
		{F2942D10-A2FF-4725-B325-83994E329404}.Ad-Hoc|iPhone.ActiveCfg = Release|x86
		{F2942D10-A2FF-4725-B325-83994E329404}.Ad-Hoc|iPhone.Build.0 = Release|x86
		{F2942D10-A2FF-4725-B325-83994E329404}.Ad-Hoc|iPhone.Deploy.0 = Release|x86
		{F2942D10-A2FF-4725-B325-83994E329404}.Ad-Hoc|iPhoneSimulator.ActiveCfg = Release|x86
		{F2942D10-A2FF-4725-B325-83994E329404}.Ad-Hoc|iPhoneSimulator.Build.0 = Release|x86
		{F2942D10-A2FF-4725-B325-83994E329404}.Ad-Hoc|iPhoneSimulator.Deploy.0 = Release|x86
		{F2942D10-A2FF-4725-B325-83994E329404}.Ad-Hoc|x64.ActiveCfg = Release|x64
		{F2942D10-A2FF-4725-B325-83994E329404}.Ad-Hoc|x64.Build.0 = Release|x64
		{F2942D10-A2FF-4725-B325-83994E329404}.Ad-Hoc|x64.Deploy.0 = Release|x64
		{F2942D10-A2FF-4725-B325-83994E329404}.Ad-Hoc|x86.ActiveCfg = Release|x86
		{F2942D10-A2FF-4725-B325-83994E329404}.Ad-Hoc|x86.Build.0 = Release|x86
		{F2942D10-A2FF-4725-B325-83994E329404}.Ad-Hoc|x86.Deploy.0 = Release|x86
		{F2942D10-A2FF-4725-B325-83994E329404}.AppStore|Any CPU.ActiveCfg = Release|x86
		{F2942D10-A2FF-4725-B325-83994E329404}.AppStore|Any CPU.Build.0 = Release|x86
		{F2942D10-A2FF-4725-B325-83994E329404}.AppStore|Any CPU.Deploy.0 = Release|x86
		{F2942D10-A2FF-4725-B325-83994E329404}.AppStore|ARM.ActiveCfg = Release|ARM
		{F2942D10-A2FF-4725-B325-83994E329404}.AppStore|ARM.Build.0 = Release|ARM
		{F2942D10-A2FF-4725-B325-83994E329404}.AppStore|ARM.Deploy.0 = Release|ARM
		{F2942D10-A2FF-4725-B325-83994E329404}.AppStore|iPhone.ActiveCfg = Release|x86
		{F2942D10-A2FF-4725-B325-83994E329404}.AppStore|iPhone.Build.0 = Release|x86
		{F2942D10-A2FF-4725-B325-83994E329404}.AppStore|iPhone.Deploy.0 = Release|x86
		{F2942D10-A2FF-4725-B325-83994E329404}.AppStore|iPhoneSimulator.ActiveCfg = Release|x86
		{F2942D10-A2FF-4725-B325-83994E329404}.AppStore|iPhoneSimulator.Build.0 = Release|x86
		{F2942D10-A2FF-4725-B325-83994E329404}.AppStore|iPhoneSimulator.Deploy.0 = Release|x86
		{F2942D10-A2FF-4725-B325-83994E329404}.AppStore|x64.ActiveCfg = Release|x64
		{F2942D10-A2FF-4725-B325-83994E329404}.AppStore|x64.Build.0 = Release|x64
		{F2942D10-A2FF-4725-B325-83994E329404}.AppStore|x64.Deploy.0 = Release|x64
		{F2942D10-A2FF-4725-B325-83994E329404}.AppStore|x86.ActiveCfg = Release|x86
		{F2942D10-A2FF-4725-B325-83994E329404}.AppStore|x86.Build.0 = Release|x86
		{F2942D10-A2FF-4725-B325-83994E329404}.AppStore|x86.Deploy.0 = Release|x86
		{F2942D10-A2FF-4725-B325-83994E329404}.Debug|Any CPU.ActiveCfg = Debug|x86
		{F2942D10-A2FF-4725-B325-83994E329404}.Debug|ARM.ActiveCfg = Debug|ARM
		{F2942D10-A2FF-4725-B325-83994E329404}.Debug|ARM.Build.0 = Debug|ARM
		{F2942D10-A2FF-4725-B325-83994E329404}.Debug|ARM.Deploy.0 = Debug|ARM
		{F2942D10-A2FF-4725-B325-83994E329404}.Debug|iPhone.ActiveCfg = Debug|x86
		{F2942D10-A2FF-4725-B325-83994E329404}.Debug|iPhoneSimulator.ActiveCfg = Debug|x86
		{F2942D10-A2FF-4725-B325-83994E329404}.Debug|x64.ActiveCfg = Debug|x64
		{F2942D10-A2FF-4725-B325-83994E329404}.Debug|x64.Build.0 = Debug|x64
		{F2942D10-A2FF-4725-B325-83994E329404}.Debug|x64.Deploy.0 = Debug|x64
		{F2942D10-A2FF-4725-B325-83994E329404}.Debug|x86.ActiveCfg = Debug|x86
		{F2942D10-A2FF-4725-B325-83994E329404}.Debug|x86.Build.0 = Debug|x86
		{F2942D10-A2FF-4725-B325-83994E329404}.Debug|x86.Deploy.0 = Debug|x86
		{F2942D10-A2FF-4725-B325-83994E329404}.Release|Any CPU.ActiveCfg = Release|x86
		{F2942D10-A2FF-4725-B325-83994E329404}.Release|ARM.ActiveCfg = Release|ARM
		{F2942D10-A2FF-4725-B325-83994E329404}.Release|ARM.Build.0 = Release|ARM
		{F2942D10-A2FF-4725-B325-83994E329404}.Release|ARM.Deploy.0 = Release|ARM
		{F2942D10-A2FF-4725-B325-83994E329404}.Release|iPhone.ActiveCfg = Release|x86
		{F2942D10-A2FF-4725-B325-83994E329404}.Release|iPhoneSimulator.ActiveCfg = Release|x86
		{F2942D10-A2FF-4725-B325-83994E329404}.Release|x64.ActiveCfg = Release|x64
		{F2942D10-A2FF-4725-B325-83994E329404}.Release|x64.Build.0 = Release|x64
		{F2942D10-A2FF-4725-B325-83994E329404}.Release|x64.Deploy.0 = Release|x64
		{F2942D10-A2FF-4725-B325-83994E329404}.Release|x86.ActiveCfg = Release|x86
		{F2942D10-A2FF-4725-B325-83994E329404}.Release|x86.Build.0 = Release|x86
		{F2942D10-A2FF-4725-B325-83994E329404}.Release|x86.Deploy.0 = Release|x86
		{CBA4CED8-8E72-4437-BD2F-05C3CF0B4821}.Ad-Hoc|Any CPU.ActiveCfg = Release|Any CPU
		{CBA4CED8-8E72-4437-BD2F-05C3CF0B4821}.Ad-Hoc|Any CPU.Build.0 = Release|Any CPU
		{CBA4CED8-8E72-4437-BD2F-05C3CF0B4821}.Ad-Hoc|Any CPU.Deploy.0 = Release|Any CPU
		{CBA4CED8-8E72-4437-BD2F-05C3CF0B4821}.Ad-Hoc|ARM.ActiveCfg = Release|ARM
		{CBA4CED8-8E72-4437-BD2F-05C3CF0B4821}.Ad-Hoc|ARM.Build.0 = Release|ARM
		{CBA4CED8-8E72-4437-BD2F-05C3CF0B4821}.Ad-Hoc|ARM.Deploy.0 = Release|ARM
		{CBA4CED8-8E72-4437-BD2F-05C3CF0B4821}.Ad-Hoc|iPhone.ActiveCfg = Release|Any CPU
		{CBA4CED8-8E72-4437-BD2F-05C3CF0B4821}.Ad-Hoc|iPhone.Build.0 = Release|Any CPU
		{CBA4CED8-8E72-4437-BD2F-05C3CF0B4821}.Ad-Hoc|iPhone.Deploy.0 = Release|Any CPU
		{CBA4CED8-8E72-4437-BD2F-05C3CF0B4821}.Ad-Hoc|iPhoneSimulator.ActiveCfg = Release|Any CPU
		{CBA4CED8-8E72-4437-BD2F-05C3CF0B4821}.Ad-Hoc|iPhoneSimulator.Build.0 = Release|Any CPU
		{CBA4CED8-8E72-4437-BD2F-05C3CF0B4821}.Ad-Hoc|iPhoneSimulator.Deploy.0 = Release|Any CPU
		{CBA4CED8-8E72-4437-BD2F-05C3CF0B4821}.Ad-Hoc|x64.ActiveCfg = Release|x64
		{CBA4CED8-8E72-4437-BD2F-05C3CF0B4821}.Ad-Hoc|x64.Build.0 = Release|x64
		{CBA4CED8-8E72-4437-BD2F-05C3CF0B4821}.Ad-Hoc|x64.Deploy.0 = Release|x64
		{CBA4CED8-8E72-4437-BD2F-05C3CF0B4821}.Ad-Hoc|x86.ActiveCfg = Release|x86
		{CBA4CED8-8E72-4437-BD2F-05C3CF0B4821}.Ad-Hoc|x86.Build.0 = Release|x86
		{CBA4CED8-8E72-4437-BD2F-05C3CF0B4821}.Ad-Hoc|x86.Deploy.0 = Release|x86
		{CBA4CED8-8E72-4437-BD2F-05C3CF0B4821}.AppStore|Any CPU.ActiveCfg = Release|Any CPU
		{CBA4CED8-8E72-4437-BD2F-05C3CF0B4821}.AppStore|Any CPU.Build.0 = Release|Any CPU
		{CBA4CED8-8E72-4437-BD2F-05C3CF0B4821}.AppStore|Any CPU.Deploy.0 = Release|Any CPU
		{CBA4CED8-8E72-4437-BD2F-05C3CF0B4821}.AppStore|ARM.ActiveCfg = Release|ARM
		{CBA4CED8-8E72-4437-BD2F-05C3CF0B4821}.AppStore|ARM.Build.0 = Release|ARM
		{CBA4CED8-8E72-4437-BD2F-05C3CF0B4821}.AppStore|ARM.Deploy.0 = Release|ARM
		{CBA4CED8-8E72-4437-BD2F-05C3CF0B4821}.AppStore|iPhone.ActiveCfg = Release|Any CPU
		{CBA4CED8-8E72-4437-BD2F-05C3CF0B4821}.AppStore|iPhone.Build.0 = Release|Any CPU
		{CBA4CED8-8E72-4437-BD2F-05C3CF0B4821}.AppStore|iPhone.Deploy.0 = Release|Any CPU
		{CBA4CED8-8E72-4437-BD2F-05C3CF0B4821}.AppStore|iPhoneSimulator.ActiveCfg = Release|Any CPU
		{CBA4CED8-8E72-4437-BD2F-05C3CF0B4821}.AppStore|iPhoneSimulator.Build.0 = Release|Any CPU
		{CBA4CED8-8E72-4437-BD2F-05C3CF0B4821}.AppStore|iPhoneSimulator.Deploy.0 = Release|Any CPU
		{CBA4CED8-8E72-4437-BD2F-05C3CF0B4821}.AppStore|x64.ActiveCfg = Release|x64
		{CBA4CED8-8E72-4437-BD2F-05C3CF0B4821}.AppStore|x64.Build.0 = Release|x64
		{CBA4CED8-8E72-4437-BD2F-05C3CF0B4821}.AppStore|x64.Deploy.0 = Release|x64
		{CBA4CED8-8E72-4437-BD2F-05C3CF0B4821}.AppStore|x86.ActiveCfg = Release|x86
		{CBA4CED8-8E72-4437-BD2F-05C3CF0B4821}.AppStore|x86.Build.0 = Release|x86
		{CBA4CED8-8E72-4437-BD2F-05C3CF0B4821}.AppStore|x86.Deploy.0 = Release|x86
		{CBA4CED8-8E72-4437-BD2F-05C3CF0B4821}.Debug|Any CPU.ActiveCfg = Debug|Any CPU
		{CBA4CED8-8E72-4437-BD2F-05C3CF0B4821}.Debug|Any CPU.Build.0 = Debug|Any CPU
		{CBA4CED8-8E72-4437-BD2F-05C3CF0B4821}.Debug|Any CPU.Deploy.0 = Debug|Any CPU
		{CBA4CED8-8E72-4437-BD2F-05C3CF0B4821}.Debug|ARM.ActiveCfg = Debug|ARM
		{CBA4CED8-8E72-4437-BD2F-05C3CF0B4821}.Debug|ARM.Build.0 = Debug|ARM
		{CBA4CED8-8E72-4437-BD2F-05C3CF0B4821}.Debug|ARM.Deploy.0 = Debug|ARM
		{CBA4CED8-8E72-4437-BD2F-05C3CF0B4821}.Debug|iPhone.ActiveCfg = Debug|Any CPU
		{CBA4CED8-8E72-4437-BD2F-05C3CF0B4821}.Debug|iPhone.Build.0 = Debug|Any CPU
		{CBA4CED8-8E72-4437-BD2F-05C3CF0B4821}.Debug|iPhone.Deploy.0 = Debug|Any CPU
		{CBA4CED8-8E72-4437-BD2F-05C3CF0B4821}.Debug|iPhoneSimulator.ActiveCfg = Debug|Any CPU
		{CBA4CED8-8E72-4437-BD2F-05C3CF0B4821}.Debug|iPhoneSimulator.Build.0 = Debug|Any CPU
		{CBA4CED8-8E72-4437-BD2F-05C3CF0B4821}.Debug|iPhoneSimulator.Deploy.0 = Debug|Any CPU
		{CBA4CED8-8E72-4437-BD2F-05C3CF0B4821}.Debug|x64.ActiveCfg = Debug|x64
		{CBA4CED8-8E72-4437-BD2F-05C3CF0B4821}.Debug|x64.Build.0 = Debug|x64
		{CBA4CED8-8E72-4437-BD2F-05C3CF0B4821}.Debug|x64.Deploy.0 = Debug|x64
		{CBA4CED8-8E72-4437-BD2F-05C3CF0B4821}.Debug|x86.ActiveCfg = Debug|x86
		{CBA4CED8-8E72-4437-BD2F-05C3CF0B4821}.Debug|x86.Build.0 = Debug|x86
		{CBA4CED8-8E72-4437-BD2F-05C3CF0B4821}.Debug|x86.Deploy.0 = Debug|x86
		{CBA4CED8-8E72-4437-BD2F-05C3CF0B4821}.Release|Any CPU.ActiveCfg = Release|Any CPU
		{CBA4CED8-8E72-4437-BD2F-05C3CF0B4821}.Release|Any CPU.Build.0 = Release|Any CPU
		{CBA4CED8-8E72-4437-BD2F-05C3CF0B4821}.Release|Any CPU.Deploy.0 = Release|Any CPU
		{CBA4CED8-8E72-4437-BD2F-05C3CF0B4821}.Release|ARM.ActiveCfg = Release|ARM
		{CBA4CED8-8E72-4437-BD2F-05C3CF0B4821}.Release|ARM.Build.0 = Release|ARM
		{CBA4CED8-8E72-4437-BD2F-05C3CF0B4821}.Release|ARM.Deploy.0 = Release|ARM
		{CBA4CED8-8E72-4437-BD2F-05C3CF0B4821}.Release|iPhone.ActiveCfg = Release|Any CPU
		{CBA4CED8-8E72-4437-BD2F-05C3CF0B4821}.Release|iPhone.Build.0 = Release|Any CPU
		{CBA4CED8-8E72-4437-BD2F-05C3CF0B4821}.Release|iPhone.Deploy.0 = Release|Any CPU
		{CBA4CED8-8E72-4437-BD2F-05C3CF0B4821}.Release|iPhoneSimulator.ActiveCfg = Release|Any CPU
		{CBA4CED8-8E72-4437-BD2F-05C3CF0B4821}.Release|iPhoneSimulator.Build.0 = Release|Any CPU
		{CBA4CED8-8E72-4437-BD2F-05C3CF0B4821}.Release|iPhoneSimulator.Deploy.0 = Release|Any CPU
		{CBA4CED8-8E72-4437-BD2F-05C3CF0B4821}.Release|x64.ActiveCfg = Release|x64
		{CBA4CED8-8E72-4437-BD2F-05C3CF0B4821}.Release|x64.Build.0 = Release|x64
		{CBA4CED8-8E72-4437-BD2F-05C3CF0B4821}.Release|x64.Deploy.0 = Release|x64
		{CBA4CED8-8E72-4437-BD2F-05C3CF0B4821}.Release|x86.ActiveCfg = Release|x86
		{CBA4CED8-8E72-4437-BD2F-05C3CF0B4821}.Release|x86.Build.0 = Release|x86
		{CBA4CED8-8E72-4437-BD2F-05C3CF0B4821}.Release|x86.Deploy.0 = Release|x86
	EndGlobalSection
	GlobalSection(SolutionProperties) = preSolution
		HideSolutionNode = FALSE
	EndGlobalSection
EndGlobal
