
Microsoft Visual Studio Solution File, Format Version 12.00
# Visual Studio 14
VisualStudioVersion = 14.0.25420.1
MinimumVisualStudioVersion = 10.0.40219.1
Project("{FAE04EC0-301F-11D3-BF4B-00C04F79EFBC}") = "AzureFunctionsDemo", "AzureFunctionsDemo\AzureFunctionsDemo\AzureFunctionsDemo.csproj", "{D397CC27-940C-42FB-ACFC-435ECB8B24BC}"
EndProject
Project("{FAE04EC0-301F-11D3-BF4B-00C04F79EFBC}") = "AzureFunctionsDemo.Droid", "AzureFunctionsDemo\AzureFunctionsDemo.Droid\AzureFunctionsDemo.Droid.csproj", "{66101BB6-CB46-4510-AC3A-1D7F97D80F48}"
EndProject
Project("{FAE04EC0-301F-11D3-BF4B-00C04F79EFBC}") = "AzureFunctionsDemo.iOS", "AzureFunctionsDemo\AzureFunctionsDemo.iOS\AzureFunctionsDemo.iOS.csproj", "{E9FD8397-0C76-4909-8B81-093ACAE29984}"
EndProject
Project("{FAE04EC0-301F-11D3-BF4B-00C04F79EFBC}") = "AzureFunctionsDemo.WinPhone", "AzureFunctionsDemo\AzureFunctionsDemo.WinPhone\AzureFunctionsDemo.WinPhone.csproj", "{B1FE36A6-A401-4DF1-9703-45CC4D3DD23C}"
EndProject
Project("{FAE04EC0-301F-11D3-BF4B-00C04F79EFBC}") = "AzureFunctionsDemo.UWP", "AzureFunctionsDemo\AzureFunctionsDemo.UWP\AzureFunctionsDemo.UWP.csproj", "{C125F57F-FFBA-4E8E-AA41-3BFDD55C4854}"
EndProject
Project("{FAE04EC0-301F-11D3-BF4B-00C04F79EFBC}") = "AzureFunctionsDemo.Windows", "AzureFunctionsDemo\AzureFunctionsDemo.Windows\AzureFunctionsDemo.Windows.csproj", "{DE755CD4-5D12-455F-A1B8-E98DBEDE5174}"
EndProject
Global
	GlobalSection(SolutionConfigurationPlatforms) = preSolution
		Ad-Hoc|Any CPU = Ad-Hoc|Any CPU
		Ad-Hoc|ARM = Ad-Hoc|ARM
		Ad-Hoc|iPhone = Ad-Hoc|iPhone
		Ad-Hoc|iPhoneSimulator = Ad-Hoc|iPhoneSimulator
		Ad-Hoc|x64 = Ad-Hoc|x64
		Ad-Hoc|x86 = Ad-Hoc|x86
		AppStore|Any CPU = AppStore|Any CPU
		AppStore|ARM = AppStore|ARM
		AppStore|iPhone = AppStore|iPhone
		AppStore|iPhoneSimulator = AppStore|iPhoneSimulator
		AppStore|x64 = AppStore|x64
		AppStore|x86 = AppStore|x86
		Debug|Any CPU = Debug|Any CPU
		Debug|ARM = Debug|ARM
		Debug|iPhone = Debug|iPhone
		Debug|iPhoneSimulator = Debug|iPhoneSimulator
		Debug|x64 = Debug|x64
		Debug|x86 = Debug|x86
		Release|Any CPU = Release|Any CPU
		Release|ARM = Release|ARM
		Release|iPhone = Release|iPhone
		Release|iPhoneSimulator = Release|iPhoneSimulator
		Release|x64 = Release|x64
		Release|x86 = Release|x86
	EndGlobalSection
	GlobalSection(ProjectConfigurationPlatforms) = postSolution
		{D397CC27-940C-42FB-ACFC-435ECB8B24BC}.Ad-Hoc|Any CPU.ActiveCfg = Release|Any CPU
		{D397CC27-940C-42FB-ACFC-435ECB8B24BC}.Ad-Hoc|Any CPU.Build.0 = Release|Any CPU
		{D397CC27-940C-42FB-ACFC-435ECB8B24BC}.Ad-Hoc|ARM.ActiveCfg = Release|Any CPU
		{D397CC27-940C-42FB-ACFC-435ECB8B24BC}.Ad-Hoc|ARM.Build.0 = Release|Any CPU
		{D397CC27-940C-42FB-ACFC-435ECB8B24BC}.Ad-Hoc|iPhone.ActiveCfg = Release|Any CPU
		{D397CC27-940C-42FB-ACFC-435ECB8B24BC}.Ad-Hoc|iPhone.Build.0 = Release|Any CPU
		{D397CC27-940C-42FB-ACFC-435ECB8B24BC}.Ad-Hoc|iPhoneSimulator.ActiveCfg = Release|Any CPU
		{D397CC27-940C-42FB-ACFC-435ECB8B24BC}.Ad-Hoc|iPhoneSimulator.Build.0 = Release|Any CPU
		{D397CC27-940C-42FB-ACFC-435ECB8B24BC}.Ad-Hoc|x64.ActiveCfg = Release|Any CPU
		{D397CC27-940C-42FB-ACFC-435ECB8B24BC}.Ad-Hoc|x64.Build.0 = Release|Any CPU
		{D397CC27-940C-42FB-ACFC-435ECB8B24BC}.Ad-Hoc|x86.ActiveCfg = Release|Any CPU
		{D397CC27-940C-42FB-ACFC-435ECB8B24BC}.Ad-Hoc|x86.Build.0 = Release|Any CPU
		{D397CC27-940C-42FB-ACFC-435ECB8B24BC}.AppStore|Any CPU.ActiveCfg = Release|Any CPU
		{D397CC27-940C-42FB-ACFC-435ECB8B24BC}.AppStore|Any CPU.Build.0 = Release|Any CPU
		{D397CC27-940C-42FB-ACFC-435ECB8B24BC}.AppStore|ARM.ActiveCfg = Release|Any CPU
		{D397CC27-940C-42FB-ACFC-435ECB8B24BC}.AppStore|ARM.Build.0 = Release|Any CPU
		{D397CC27-940C-42FB-ACFC-435ECB8B24BC}.AppStore|iPhone.ActiveCfg = Release|Any CPU
		{D397CC27-940C-42FB-ACFC-435ECB8B24BC}.AppStore|iPhone.Build.0 = Release|Any CPU
		{D397CC27-940C-42FB-ACFC-435ECB8B24BC}.AppStore|iPhoneSimulator.ActiveCfg = Release|Any CPU
		{D397CC27-940C-42FB-ACFC-435ECB8B24BC}.AppStore|iPhoneSimulator.Build.0 = Release|Any CPU
		{D397CC27-940C-42FB-ACFC-435ECB8B24BC}.AppStore|x64.ActiveCfg = Release|Any CPU
		{D397CC27-940C-42FB-ACFC-435ECB8B24BC}.AppStore|x64.Build.0 = Release|Any CPU
		{D397CC27-940C-42FB-ACFC-435ECB8B24BC}.AppStore|x86.ActiveCfg = Release|Any CPU
		{D397CC27-940C-42FB-ACFC-435ECB8B24BC}.AppStore|x86.Build.0 = Release|Any CPU
		{D397CC27-940C-42FB-ACFC-435ECB8B24BC}.Debug|Any CPU.ActiveCfg = Debug|Any CPU
		{D397CC27-940C-42FB-ACFC-435ECB8B24BC}.Debug|Any CPU.Build.0 = Debug|Any CPU
		{D397CC27-940C-42FB-ACFC-435ECB8B24BC}.Debug|ARM.ActiveCfg = Debug|Any CPU
		{D397CC27-940C-42FB-ACFC-435ECB8B24BC}.Debug|ARM.Build.0 = Debug|Any CPU
		{D397CC27-940C-42FB-ACFC-435ECB8B24BC}.Debug|iPhone.ActiveCfg = Debug|Any CPU
		{D397CC27-940C-42FB-ACFC-435ECB8B24BC}.Debug|iPhone.Build.0 = Debug|Any CPU
		{D397CC27-940C-42FB-ACFC-435ECB8B24BC}.Debug|iPhoneSimulator.ActiveCfg = Debug|Any CPU
		{D397CC27-940C-42FB-ACFC-435ECB8B24BC}.Debug|iPhoneSimulator.Build.0 = Debug|Any CPU
		{D397CC27-940C-42FB-ACFC-435ECB8B24BC}.Debug|x64.ActiveCfg = Debug|Any CPU
		{D397CC27-940C-42FB-ACFC-435ECB8B24BC}.Debug|x64.Build.0 = Debug|Any CPU
		{D397CC27-940C-42FB-ACFC-435ECB8B24BC}.Debug|x86.ActiveCfg = Debug|Any CPU
		{D397CC27-940C-42FB-ACFC-435ECB8B24BC}.Debug|x86.Build.0 = Debug|Any CPU
		{D397CC27-940C-42FB-ACFC-435ECB8B24BC}.Release|Any CPU.ActiveCfg = Release|Any CPU
		{D397CC27-940C-42FB-ACFC-435ECB8B24BC}.Release|Any CPU.Build.0 = Release|Any CPU
		{D397CC27-940C-42FB-ACFC-435ECB8B24BC}.Release|ARM.ActiveCfg = Release|Any CPU
		{D397CC27-940C-42FB-ACFC-435ECB8B24BC}.Release|ARM.Build.0 = Release|Any CPU
		{D397CC27-940C-42FB-ACFC-435ECB8B24BC}.Release|iPhone.ActiveCfg = Release|Any CPU
		{D397CC27-940C-42FB-ACFC-435ECB8B24BC}.Release|iPhone.Build.0 = Release|Any CPU
		{D397CC27-940C-42FB-ACFC-435ECB8B24BC}.Release|iPhoneSimulator.ActiveCfg = Release|Any CPU
		{D397CC27-940C-42FB-ACFC-435ECB8B24BC}.Release|iPhoneSimulator.Build.0 = Release|Any CPU
		{D397CC27-940C-42FB-ACFC-435ECB8B24BC}.Release|x64.ActiveCfg = Release|Any CPU
		{D397CC27-940C-42FB-ACFC-435ECB8B24BC}.Release|x64.Build.0 = Release|Any CPU
		{D397CC27-940C-42FB-ACFC-435ECB8B24BC}.Release|x86.ActiveCfg = Release|Any CPU
		{D397CC27-940C-42FB-ACFC-435ECB8B24BC}.Release|x86.Build.0 = Release|Any CPU
		{66101BB6-CB46-4510-AC3A-1D7F97D80F48}.Ad-Hoc|Any CPU.ActiveCfg = Release|Any CPU
		{66101BB6-CB46-4510-AC3A-1D7F97D80F48}.Ad-Hoc|Any CPU.Build.0 = Release|Any CPU
		{66101BB6-CB46-4510-AC3A-1D7F97D80F48}.Ad-Hoc|Any CPU.Deploy.0 = Release|Any CPU
		{66101BB6-CB46-4510-AC3A-1D7F97D80F48}.Ad-Hoc|ARM.ActiveCfg = Release|Any CPU
		{66101BB6-CB46-4510-AC3A-1D7F97D80F48}.Ad-Hoc|ARM.Build.0 = Release|Any CPU
		{66101BB6-CB46-4510-AC3A-1D7F97D80F48}.Ad-Hoc|ARM.Deploy.0 = Release|Any CPU
		{66101BB6-CB46-4510-AC3A-1D7F97D80F48}.Ad-Hoc|iPhone.ActiveCfg = Release|Any CPU
		{66101BB6-CB46-4510-AC3A-1D7F97D80F48}.Ad-Hoc|iPhone.Build.0 = Release|Any CPU
		{66101BB6-CB46-4510-AC3A-1D7F97D80F48}.Ad-Hoc|iPhone.Deploy.0 = Release|Any CPU
		{66101BB6-CB46-4510-AC3A-1D7F97D80F48}.Ad-Hoc|iPhoneSimulator.ActiveCfg = Release|Any CPU
		{66101BB6-CB46-4510-AC3A-1D7F97D80F48}.Ad-Hoc|iPhoneSimulator.Build.0 = Release|Any CPU
		{66101BB6-CB46-4510-AC3A-1D7F97D80F48}.Ad-Hoc|iPhoneSimulator.Deploy.0 = Release|Any CPU
		{66101BB6-CB46-4510-AC3A-1D7F97D80F48}.Ad-Hoc|x64.ActiveCfg = Release|Any CPU
		{66101BB6-CB46-4510-AC3A-1D7F97D80F48}.Ad-Hoc|x64.Build.0 = Release|Any CPU
		{66101BB6-CB46-4510-AC3A-1D7F97D80F48}.Ad-Hoc|x64.Deploy.0 = Release|Any CPU
		{66101BB6-CB46-4510-AC3A-1D7F97D80F48}.Ad-Hoc|x86.ActiveCfg = Release|Any CPU
		{66101BB6-CB46-4510-AC3A-1D7F97D80F48}.Ad-Hoc|x86.Build.0 = Release|Any CPU
		{66101BB6-CB46-4510-AC3A-1D7F97D80F48}.Ad-Hoc|x86.Deploy.0 = Release|Any CPU
		{66101BB6-CB46-4510-AC3A-1D7F97D80F48}.AppStore|Any CPU.ActiveCfg = Release|Any CPU
		{66101BB6-CB46-4510-AC3A-1D7F97D80F48}.AppStore|Any CPU.Build.0 = Release|Any CPU
		{66101BB6-CB46-4510-AC3A-1D7F97D80F48}.AppStore|Any CPU.Deploy.0 = Release|Any CPU
		{66101BB6-CB46-4510-AC3A-1D7F97D80F48}.AppStore|ARM.ActiveCfg = Release|Any CPU
		{66101BB6-CB46-4510-AC3A-1D7F97D80F48}.AppStore|ARM.Build.0 = Release|Any CPU
		{66101BB6-CB46-4510-AC3A-1D7F97D80F48}.AppStore|ARM.Deploy.0 = Release|Any CPU
		{66101BB6-CB46-4510-AC3A-1D7F97D80F48}.AppStore|iPhone.ActiveCfg = Release|Any CPU
		{66101BB6-CB46-4510-AC3A-1D7F97D80F48}.AppStore|iPhone.Build.0 = Release|Any CPU
		{66101BB6-CB46-4510-AC3A-1D7F97D80F48}.AppStore|iPhone.Deploy.0 = Release|Any CPU
		{66101BB6-CB46-4510-AC3A-1D7F97D80F48}.AppStore|iPhoneSimulator.ActiveCfg = Release|Any CPU
		{66101BB6-CB46-4510-AC3A-1D7F97D80F48}.AppStore|iPhoneSimulator.Build.0 = Release|Any CPU
		{66101BB6-CB46-4510-AC3A-1D7F97D80F48}.AppStore|iPhoneSimulator.Deploy.0 = Release|Any CPU
		{66101BB6-CB46-4510-AC3A-1D7F97D80F48}.AppStore|x64.ActiveCfg = Release|Any CPU
		{66101BB6-CB46-4510-AC3A-1D7F97D80F48}.AppStore|x64.Build.0 = Release|Any CPU
		{66101BB6-CB46-4510-AC3A-1D7F97D80F48}.AppStore|x64.Deploy.0 = Release|Any CPU
		{66101BB6-CB46-4510-AC3A-1D7F97D80F48}.AppStore|x86.ActiveCfg = Release|Any CPU
		{66101BB6-CB46-4510-AC3A-1D7F97D80F48}.AppStore|x86.Build.0 = Release|Any CPU
		{66101BB6-CB46-4510-AC3A-1D7F97D80F48}.AppStore|x86.Deploy.0 = Release|Any CPU
		{66101BB6-CB46-4510-AC3A-1D7F97D80F48}.Debug|Any CPU.ActiveCfg = Debug|Any CPU
		{66101BB6-CB46-4510-AC3A-1D7F97D80F48}.Debug|Any CPU.Build.0 = Debug|Any CPU
		{66101BB6-CB46-4510-AC3A-1D7F97D80F48}.Debug|Any CPU.Deploy.0 = Debug|Any CPU
		{66101BB6-CB46-4510-AC3A-1D7F97D80F48}.Debug|ARM.ActiveCfg = Debug|Any CPU
		{66101BB6-CB46-4510-AC3A-1D7F97D80F48}.Debug|ARM.Build.0 = Debug|Any CPU
		{66101BB6-CB46-4510-AC3A-1D7F97D80F48}.Debug|ARM.Deploy.0 = Debug|Any CPU
		{66101BB6-CB46-4510-AC3A-1D7F97D80F48}.Debug|iPhone.ActiveCfg = Debug|Any CPU
		{66101BB6-CB46-4510-AC3A-1D7F97D80F48}.Debug|iPhone.Build.0 = Debug|Any CPU
		{66101BB6-CB46-4510-AC3A-1D7F97D80F48}.Debug|iPhone.Deploy.0 = Debug|Any CPU
		{66101BB6-CB46-4510-AC3A-1D7F97D80F48}.Debug|iPhoneSimulator.ActiveCfg = Debug|Any CPU
		{66101BB6-CB46-4510-AC3A-1D7F97D80F48}.Debug|iPhoneSimulator.Build.0 = Debug|Any CPU
		{66101BB6-CB46-4510-AC3A-1D7F97D80F48}.Debug|iPhoneSimulator.Deploy.0 = Debug|Any CPU
		{66101BB6-CB46-4510-AC3A-1D7F97D80F48}.Debug|x64.ActiveCfg = Debug|Any CPU
		{66101BB6-CB46-4510-AC3A-1D7F97D80F48}.Debug|x64.Build.0 = Debug|Any CPU
		{66101BB6-CB46-4510-AC3A-1D7F97D80F48}.Debug|x64.Deploy.0 = Debug|Any CPU
		{66101BB6-CB46-4510-AC3A-1D7F97D80F48}.Debug|x86.ActiveCfg = Debug|Any CPU
		{66101BB6-CB46-4510-AC3A-1D7F97D80F48}.Debug|x86.Build.0 = Debug|Any CPU
		{66101BB6-CB46-4510-AC3A-1D7F97D80F48}.Debug|x86.Deploy.0 = Debug|Any CPU
		{66101BB6-CB46-4510-AC3A-1D7F97D80F48}.Release|Any CPU.ActiveCfg = Release|Any CPU
		{66101BB6-CB46-4510-AC3A-1D7F97D80F48}.Release|Any CPU.Build.0 = Release|Any CPU
		{66101BB6-CB46-4510-AC3A-1D7F97D80F48}.Release|Any CPU.Deploy.0 = Release|Any CPU
		{66101BB6-CB46-4510-AC3A-1D7F97D80F48}.Release|ARM.ActiveCfg = Release|Any CPU
		{66101BB6-CB46-4510-AC3A-1D7F97D80F48}.Release|ARM.Build.0 = Release|Any CPU
		{66101BB6-CB46-4510-AC3A-1D7F97D80F48}.Release|ARM.Deploy.0 = Release|Any CPU
		{66101BB6-CB46-4510-AC3A-1D7F97D80F48}.Release|iPhone.ActiveCfg = Release|Any CPU
		{66101BB6-CB46-4510-AC3A-1D7F97D80F48}.Release|iPhone.Build.0 = Release|Any CPU
		{66101BB6-CB46-4510-AC3A-1D7F97D80F48}.Release|iPhone.Deploy.0 = Release|Any CPU
		{66101BB6-CB46-4510-AC3A-1D7F97D80F48}.Release|iPhoneSimulator.ActiveCfg = Release|Any CPU
		{66101BB6-CB46-4510-AC3A-1D7F97D80F48}.Release|iPhoneSimulator.Build.0 = Release|Any CPU
		{66101BB6-CB46-4510-AC3A-1D7F97D80F48}.Release|iPhoneSimulator.Deploy.0 = Release|Any CPU
		{66101BB6-CB46-4510-AC3A-1D7F97D80F48}.Release|x64.ActiveCfg = Release|Any CPU
		{66101BB6-CB46-4510-AC3A-1D7F97D80F48}.Release|x64.Build.0 = Release|Any CPU
		{66101BB6-CB46-4510-AC3A-1D7F97D80F48}.Release|x64.Deploy.0 = Release|Any CPU
		{66101BB6-CB46-4510-AC3A-1D7F97D80F48}.Release|x86.ActiveCfg = Release|Any CPU
		{66101BB6-CB46-4510-AC3A-1D7F97D80F48}.Release|x86.Build.0 = Release|Any CPU
		{66101BB6-CB46-4510-AC3A-1D7F97D80F48}.Release|x86.Deploy.0 = Release|Any CPU
		{E9FD8397-0C76-4909-8B81-093ACAE29984}.Ad-Hoc|Any CPU.ActiveCfg = Ad-Hoc|iPhone
		{E9FD8397-0C76-4909-8B81-093ACAE29984}.Ad-Hoc|ARM.ActiveCfg = Ad-Hoc|iPhone
		{E9FD8397-0C76-4909-8B81-093ACAE29984}.Ad-Hoc|iPhone.ActiveCfg = Ad-Hoc|iPhone
		{E9FD8397-0C76-4909-8B81-093ACAE29984}.Ad-Hoc|iPhone.Build.0 = Ad-Hoc|iPhone
		{E9FD8397-0C76-4909-8B81-093ACAE29984}.Ad-Hoc|iPhoneSimulator.ActiveCfg = Ad-Hoc|iPhoneSimulator
		{E9FD8397-0C76-4909-8B81-093ACAE29984}.Ad-Hoc|iPhoneSimulator.Build.0 = Ad-Hoc|iPhoneSimulator
		{E9FD8397-0C76-4909-8B81-093ACAE29984}.Ad-Hoc|x64.ActiveCfg = Ad-Hoc|iPhone
		{E9FD8397-0C76-4909-8B81-093ACAE29984}.Ad-Hoc|x86.ActiveCfg = Ad-Hoc|iPhone
		{E9FD8397-0C76-4909-8B81-093ACAE29984}.AppStore|Any CPU.ActiveCfg = AppStore|iPhone
		{E9FD8397-0C76-4909-8B81-093ACAE29984}.AppStore|ARM.ActiveCfg = AppStore|iPhone
		{E9FD8397-0C76-4909-8B81-093ACAE29984}.AppStore|iPhone.ActiveCfg = AppStore|iPhone
		{E9FD8397-0C76-4909-8B81-093ACAE29984}.AppStore|iPhone.Build.0 = AppStore|iPhone
		{E9FD8397-0C76-4909-8B81-093ACAE29984}.AppStore|iPhoneSimulator.ActiveCfg = AppStore|iPhoneSimulator
		{E9FD8397-0C76-4909-8B81-093ACAE29984}.AppStore|iPhoneSimulator.Build.0 = AppStore|iPhoneSimulator
		{E9FD8397-0C76-4909-8B81-093ACAE29984}.AppStore|x64.ActiveCfg = AppStore|iPhone
		{E9FD8397-0C76-4909-8B81-093ACAE29984}.AppStore|x86.ActiveCfg = AppStore|iPhone
		{E9FD8397-0C76-4909-8B81-093ACAE29984}.Debug|Any CPU.ActiveCfg = Debug|iPhone
		{E9FD8397-0C76-4909-8B81-093ACAE29984}.Debug|ARM.ActiveCfg = Debug|iPhone
		{E9FD8397-0C76-4909-8B81-093ACAE29984}.Debug|iPhone.ActiveCfg = Debug|iPhone
		{E9FD8397-0C76-4909-8B81-093ACAE29984}.Debug|iPhone.Build.0 = Debug|iPhone
		{E9FD8397-0C76-4909-8B81-093ACAE29984}.Debug|iPhoneSimulator.ActiveCfg = Debug|iPhoneSimulator
		{E9FD8397-0C76-4909-8B81-093ACAE29984}.Debug|iPhoneSimulator.Build.0 = Debug|iPhoneSimulator
		{E9FD8397-0C76-4909-8B81-093ACAE29984}.Debug|x64.ActiveCfg = Debug|iPhone
		{E9FD8397-0C76-4909-8B81-093ACAE29984}.Debug|x86.ActiveCfg = Debug|iPhone
		{E9FD8397-0C76-4909-8B81-093ACAE29984}.Release|Any CPU.ActiveCfg = Release|iPhone
		{E9FD8397-0C76-4909-8B81-093ACAE29984}.Release|ARM.ActiveCfg = Release|iPhone
		{E9FD8397-0C76-4909-8B81-093ACAE29984}.Release|iPhone.ActiveCfg = Release|iPhone
		{E9FD8397-0C76-4909-8B81-093ACAE29984}.Release|iPhone.Build.0 = Release|iPhone
		{E9FD8397-0C76-4909-8B81-093ACAE29984}.Release|iPhoneSimulator.ActiveCfg = Release|iPhoneSimulator
		{E9FD8397-0C76-4909-8B81-093ACAE29984}.Release|iPhoneSimulator.Build.0 = Release|iPhoneSimulator
		{E9FD8397-0C76-4909-8B81-093ACAE29984}.Release|x64.ActiveCfg = Release|iPhone
		{E9FD8397-0C76-4909-8B81-093ACAE29984}.Release|x86.ActiveCfg = Release|iPhone
		{B1FE36A6-A401-4DF1-9703-45CC4D3DD23C}.Ad-Hoc|Any CPU.ActiveCfg = Release|Any CPU
		{B1FE36A6-A401-4DF1-9703-45CC4D3DD23C}.Ad-Hoc|Any CPU.Build.0 = Release|Any CPU
		{B1FE36A6-A401-4DF1-9703-45CC4D3DD23C}.Ad-Hoc|Any CPU.Deploy.0 = Release|Any CPU
		{B1FE36A6-A401-4DF1-9703-45CC4D3DD23C}.Ad-Hoc|ARM.ActiveCfg = Release|ARM
		{B1FE36A6-A401-4DF1-9703-45CC4D3DD23C}.Ad-Hoc|ARM.Build.0 = Release|ARM
		{B1FE36A6-A401-4DF1-9703-45CC4D3DD23C}.Ad-Hoc|ARM.Deploy.0 = Release|ARM
		{B1FE36A6-A401-4DF1-9703-45CC4D3DD23C}.Ad-Hoc|iPhone.ActiveCfg = Release|Any CPU
		{B1FE36A6-A401-4DF1-9703-45CC4D3DD23C}.Ad-Hoc|iPhone.Build.0 = Release|Any CPU
		{B1FE36A6-A401-4DF1-9703-45CC4D3DD23C}.Ad-Hoc|iPhone.Deploy.0 = Release|Any CPU
		{B1FE36A6-A401-4DF1-9703-45CC4D3DD23C}.Ad-Hoc|iPhoneSimulator.ActiveCfg = Release|Any CPU
		{B1FE36A6-A401-4DF1-9703-45CC4D3DD23C}.Ad-Hoc|iPhoneSimulator.Build.0 = Release|Any CPU
		{B1FE36A6-A401-4DF1-9703-45CC4D3DD23C}.Ad-Hoc|iPhoneSimulator.Deploy.0 = Release|Any CPU
		{B1FE36A6-A401-4DF1-9703-45CC4D3DD23C}.Ad-Hoc|x64.ActiveCfg = Release|Any CPU
		{B1FE36A6-A401-4DF1-9703-45CC4D3DD23C}.Ad-Hoc|x64.Build.0 = Release|Any CPU
		{B1FE36A6-A401-4DF1-9703-45CC4D3DD23C}.Ad-Hoc|x64.Deploy.0 = Release|Any CPU
		{B1FE36A6-A401-4DF1-9703-45CC4D3DD23C}.Ad-Hoc|x86.ActiveCfg = Release|x86
		{B1FE36A6-A401-4DF1-9703-45CC4D3DD23C}.Ad-Hoc|x86.Build.0 = Release|x86
		{B1FE36A6-A401-4DF1-9703-45CC4D3DD23C}.Ad-Hoc|x86.Deploy.0 = Release|x86
		{B1FE36A6-A401-4DF1-9703-45CC4D3DD23C}.AppStore|Any CPU.ActiveCfg = Release|Any CPU
		{B1FE36A6-A401-4DF1-9703-45CC4D3DD23C}.AppStore|Any CPU.Build.0 = Release|Any CPU
		{B1FE36A6-A401-4DF1-9703-45CC4D3DD23C}.AppStore|Any CPU.Deploy.0 = Release|Any CPU
		{B1FE36A6-A401-4DF1-9703-45CC4D3DD23C}.AppStore|ARM.ActiveCfg = Release|ARM
		{B1FE36A6-A401-4DF1-9703-45CC4D3DD23C}.AppStore|ARM.Build.0 = Release|ARM
		{B1FE36A6-A401-4DF1-9703-45CC4D3DD23C}.AppStore|ARM.Deploy.0 = Release|ARM
		{B1FE36A6-A401-4DF1-9703-45CC4D3DD23C}.AppStore|iPhone.ActiveCfg = Release|Any CPU
		{B1FE36A6-A401-4DF1-9703-45CC4D3DD23C}.AppStore|iPhone.Build.0 = Release|Any CPU
		{B1FE36A6-A401-4DF1-9703-45CC4D3DD23C}.AppStore|iPhone.Deploy.0 = Release|Any CPU
		{B1FE36A6-A401-4DF1-9703-45CC4D3DD23C}.AppStore|iPhoneSimulator.ActiveCfg = Release|Any CPU
		{B1FE36A6-A401-4DF1-9703-45CC4D3DD23C}.AppStore|iPhoneSimulator.Build.0 = Release|Any CPU
		{B1FE36A6-A401-4DF1-9703-45CC4D3DD23C}.AppStore|iPhoneSimulator.Deploy.0 = Release|Any CPU
		{B1FE36A6-A401-4DF1-9703-45CC4D3DD23C}.AppStore|x64.ActiveCfg = Release|Any CPU
		{B1FE36A6-A401-4DF1-9703-45CC4D3DD23C}.AppStore|x64.Build.0 = Release|Any CPU
		{B1FE36A6-A401-4DF1-9703-45CC4D3DD23C}.AppStore|x64.Deploy.0 = Release|Any CPU
		{B1FE36A6-A401-4DF1-9703-45CC4D3DD23C}.AppStore|x86.ActiveCfg = Release|x86
		{B1FE36A6-A401-4DF1-9703-45CC4D3DD23C}.AppStore|x86.Build.0 = Release|x86
		{B1FE36A6-A401-4DF1-9703-45CC4D3DD23C}.AppStore|x86.Deploy.0 = Release|x86
		{B1FE36A6-A401-4DF1-9703-45CC4D3DD23C}.Debug|Any CPU.ActiveCfg = Debug|Any CPU
		{B1FE36A6-A401-4DF1-9703-45CC4D3DD23C}.Debug|Any CPU.Build.0 = Debug|Any CPU
		{B1FE36A6-A401-4DF1-9703-45CC4D3DD23C}.Debug|Any CPU.Deploy.0 = Debug|Any CPU
		{B1FE36A6-A401-4DF1-9703-45CC4D3DD23C}.Debug|ARM.ActiveCfg = Debug|ARM
		{B1FE36A6-A401-4DF1-9703-45CC4D3DD23C}.Debug|ARM.Build.0 = Debug|ARM
		{B1FE36A6-A401-4DF1-9703-45CC4D3DD23C}.Debug|ARM.Deploy.0 = Debug|ARM
		{B1FE36A6-A401-4DF1-9703-45CC4D3DD23C}.Debug|iPhone.ActiveCfg = Debug|Any CPU
		{B1FE36A6-A401-4DF1-9703-45CC4D3DD23C}.Debug|iPhone.Build.0 = Debug|Any CPU
		{B1FE36A6-A401-4DF1-9703-45CC4D3DD23C}.Debug|iPhone.Deploy.0 = Debug|Any CPU
		{B1FE36A6-A401-4DF1-9703-45CC4D3DD23C}.Debug|iPhoneSimulator.ActiveCfg = Debug|Any CPU
		{B1FE36A6-A401-4DF1-9703-45CC4D3DD23C}.Debug|iPhoneSimulator.Build.0 = Debug|Any CPU
		{B1FE36A6-A401-4DF1-9703-45CC4D3DD23C}.Debug|iPhoneSimulator.Deploy.0 = Debug|Any CPU
		{B1FE36A6-A401-4DF1-9703-45CC4D3DD23C}.Debug|x64.ActiveCfg = Debug|Any CPU
		{B1FE36A6-A401-4DF1-9703-45CC4D3DD23C}.Debug|x64.Build.0 = Debug|Any CPU
		{B1FE36A6-A401-4DF1-9703-45CC4D3DD23C}.Debug|x64.Deploy.0 = Debug|Any CPU
		{B1FE36A6-A401-4DF1-9703-45CC4D3DD23C}.Debug|x86.ActiveCfg = Debug|x86
		{B1FE36A6-A401-4DF1-9703-45CC4D3DD23C}.Debug|x86.Build.0 = Debug|x86
		{B1FE36A6-A401-4DF1-9703-45CC4D3DD23C}.Debug|x86.Deploy.0 = Debug|x86
		{B1FE36A6-A401-4DF1-9703-45CC4D3DD23C}.Release|Any CPU.ActiveCfg = Release|Any CPU
		{B1FE36A6-A401-4DF1-9703-45CC4D3DD23C}.Release|Any CPU.Build.0 = Release|Any CPU
		{B1FE36A6-A401-4DF1-9703-45CC4D3DD23C}.Release|Any CPU.Deploy.0 = Release|Any CPU
		{B1FE36A6-A401-4DF1-9703-45CC4D3DD23C}.Release|ARM.ActiveCfg = Release|ARM
		{B1FE36A6-A401-4DF1-9703-45CC4D3DD23C}.Release|ARM.Build.0 = Release|ARM
		{B1FE36A6-A401-4DF1-9703-45CC4D3DD23C}.Release|ARM.Deploy.0 = Release|ARM
		{B1FE36A6-A401-4DF1-9703-45CC4D3DD23C}.Release|iPhone.ActiveCfg = Release|Any CPU
		{B1FE36A6-A401-4DF1-9703-45CC4D3DD23C}.Release|iPhone.Build.0 = Release|Any CPU
		{B1FE36A6-A401-4DF1-9703-45CC4D3DD23C}.Release|iPhone.Deploy.0 = Release|Any CPU
		{B1FE36A6-A401-4DF1-9703-45CC4D3DD23C}.Release|iPhoneSimulator.ActiveCfg = Release|Any CPU
		{B1FE36A6-A401-4DF1-9703-45CC4D3DD23C}.Release|iPhoneSimulator.Build.0 = Release|Any CPU
		{B1FE36A6-A401-4DF1-9703-45CC4D3DD23C}.Release|iPhoneSimulator.Deploy.0 = Release|Any CPU
		{B1FE36A6-A401-4DF1-9703-45CC4D3DD23C}.Release|x64.ActiveCfg = Release|Any CPU
		{B1FE36A6-A401-4DF1-9703-45CC4D3DD23C}.Release|x64.Build.0 = Release|Any CPU
		{B1FE36A6-A401-4DF1-9703-45CC4D3DD23C}.Release|x64.Deploy.0 = Release|Any CPU
		{B1FE36A6-A401-4DF1-9703-45CC4D3DD23C}.Release|x86.ActiveCfg = Release|x86
		{B1FE36A6-A401-4DF1-9703-45CC4D3DD23C}.Release|x86.Build.0 = Release|x86
		{B1FE36A6-A401-4DF1-9703-45CC4D3DD23C}.Release|x86.Deploy.0 = Release|x86
		{C125F57F-FFBA-4E8E-AA41-3BFDD55C4854}.Ad-Hoc|Any CPU.ActiveCfg = Release|x86
		{C125F57F-FFBA-4E8E-AA41-3BFDD55C4854}.Ad-Hoc|Any CPU.Build.0 = Release|x86
		{C125F57F-FFBA-4E8E-AA41-3BFDD55C4854}.Ad-Hoc|Any CPU.Deploy.0 = Release|x86
		{C125F57F-FFBA-4E8E-AA41-3BFDD55C4854}.Ad-Hoc|ARM.ActiveCfg = Release|ARM
		{C125F57F-FFBA-4E8E-AA41-3BFDD55C4854}.Ad-Hoc|ARM.Build.0 = Release|ARM
		{C125F57F-FFBA-4E8E-AA41-3BFDD55C4854}.Ad-Hoc|ARM.Deploy.0 = Release|ARM
		{C125F57F-FFBA-4E8E-AA41-3BFDD55C4854}.Ad-Hoc|iPhone.ActiveCfg = Release|x86
		{C125F57F-FFBA-4E8E-AA41-3BFDD55C4854}.Ad-Hoc|iPhone.Build.0 = Release|x86
		{C125F57F-FFBA-4E8E-AA41-3BFDD55C4854}.Ad-Hoc|iPhone.Deploy.0 = Release|x86
		{C125F57F-FFBA-4E8E-AA41-3BFDD55C4854}.Ad-Hoc|iPhoneSimulator.ActiveCfg = Release|x86
		{C125F57F-FFBA-4E8E-AA41-3BFDD55C4854}.Ad-Hoc|iPhoneSimulator.Build.0 = Release|x86
		{C125F57F-FFBA-4E8E-AA41-3BFDD55C4854}.Ad-Hoc|iPhoneSimulator.Deploy.0 = Release|x86
		{C125F57F-FFBA-4E8E-AA41-3BFDD55C4854}.Ad-Hoc|x64.ActiveCfg = Release|x64
		{C125F57F-FFBA-4E8E-AA41-3BFDD55C4854}.Ad-Hoc|x64.Build.0 = Release|x64
		{C125F57F-FFBA-4E8E-AA41-3BFDD55C4854}.Ad-Hoc|x64.Deploy.0 = Release|x64
		{C125F57F-FFBA-4E8E-AA41-3BFDD55C4854}.Ad-Hoc|x86.ActiveCfg = Release|x86
		{C125F57F-FFBA-4E8E-AA41-3BFDD55C4854}.Ad-Hoc|x86.Build.0 = Release|x86
		{C125F57F-FFBA-4E8E-AA41-3BFDD55C4854}.Ad-Hoc|x86.Deploy.0 = Release|x86
		{C125F57F-FFBA-4E8E-AA41-3BFDD55C4854}.AppStore|Any CPU.ActiveCfg = Release|x86
		{C125F57F-FFBA-4E8E-AA41-3BFDD55C4854}.AppStore|Any CPU.Build.0 = Release|x86
		{C125F57F-FFBA-4E8E-AA41-3BFDD55C4854}.AppStore|Any CPU.Deploy.0 = Release|x86
		{C125F57F-FFBA-4E8E-AA41-3BFDD55C4854}.AppStore|ARM.ActiveCfg = Release|ARM
		{C125F57F-FFBA-4E8E-AA41-3BFDD55C4854}.AppStore|ARM.Build.0 = Release|ARM
		{C125F57F-FFBA-4E8E-AA41-3BFDD55C4854}.AppStore|ARM.Deploy.0 = Release|ARM
		{C125F57F-FFBA-4E8E-AA41-3BFDD55C4854}.AppStore|iPhone.ActiveCfg = Release|x86
		{C125F57F-FFBA-4E8E-AA41-3BFDD55C4854}.AppStore|iPhone.Build.0 = Release|x86
		{C125F57F-FFBA-4E8E-AA41-3BFDD55C4854}.AppStore|iPhone.Deploy.0 = Release|x86
		{C125F57F-FFBA-4E8E-AA41-3BFDD55C4854}.AppStore|iPhoneSimulator.ActiveCfg = Release|x86
		{C125F57F-FFBA-4E8E-AA41-3BFDD55C4854}.AppStore|iPhoneSimulator.Build.0 = Release|x86
		{C125F57F-FFBA-4E8E-AA41-3BFDD55C4854}.AppStore|iPhoneSimulator.Deploy.0 = Release|x86
		{C125F57F-FFBA-4E8E-AA41-3BFDD55C4854}.AppStore|x64.ActiveCfg = Release|x64
		{C125F57F-FFBA-4E8E-AA41-3BFDD55C4854}.AppStore|x64.Build.0 = Release|x64
		{C125F57F-FFBA-4E8E-AA41-3BFDD55C4854}.AppStore|x64.Deploy.0 = Release|x64
		{C125F57F-FFBA-4E8E-AA41-3BFDD55C4854}.AppStore|x86.ActiveCfg = Release|x86
		{C125F57F-FFBA-4E8E-AA41-3BFDD55C4854}.AppStore|x86.Build.0 = Release|x86
		{C125F57F-FFBA-4E8E-AA41-3BFDD55C4854}.AppStore|x86.Deploy.0 = Release|x86
		{C125F57F-FFBA-4E8E-AA41-3BFDD55C4854}.Debug|Any CPU.ActiveCfg = Debug|x86
		{C125F57F-FFBA-4E8E-AA41-3BFDD55C4854}.Debug|ARM.ActiveCfg = Debug|ARM
		{C125F57F-FFBA-4E8E-AA41-3BFDD55C4854}.Debug|ARM.Build.0 = Debug|ARM
		{C125F57F-FFBA-4E8E-AA41-3BFDD55C4854}.Debug|ARM.Deploy.0 = Debug|ARM
		{C125F57F-FFBA-4E8E-AA41-3BFDD55C4854}.Debug|iPhone.ActiveCfg = Debug|x86
		{C125F57F-FFBA-4E8E-AA41-3BFDD55C4854}.Debug|iPhoneSimulator.ActiveCfg = Debug|x86
		{C125F57F-FFBA-4E8E-AA41-3BFDD55C4854}.Debug|x64.ActiveCfg = Debug|x64
		{C125F57F-FFBA-4E8E-AA41-3BFDD55C4854}.Debug|x64.Build.0 = Debug|x64
		{C125F57F-FFBA-4E8E-AA41-3BFDD55C4854}.Debug|x64.Deploy.0 = Debug|x64
		{C125F57F-FFBA-4E8E-AA41-3BFDD55C4854}.Debug|x86.ActiveCfg = Debug|x86
		{C125F57F-FFBA-4E8E-AA41-3BFDD55C4854}.Debug|x86.Build.0 = Debug|x86
		{C125F57F-FFBA-4E8E-AA41-3BFDD55C4854}.Debug|x86.Deploy.0 = Debug|x86
		{C125F57F-FFBA-4E8E-AA41-3BFDD55C4854}.Release|Any CPU.ActiveCfg = Release|x86
		{C125F57F-FFBA-4E8E-AA41-3BFDD55C4854}.Release|ARM.ActiveCfg = Release|ARM
		{C125F57F-FFBA-4E8E-AA41-3BFDD55C4854}.Release|ARM.Build.0 = Release|ARM
		{C125F57F-FFBA-4E8E-AA41-3BFDD55C4854}.Release|ARM.Deploy.0 = Release|ARM
		{C125F57F-FFBA-4E8E-AA41-3BFDD55C4854}.Release|iPhone.ActiveCfg = Release|x86
		{C125F57F-FFBA-4E8E-AA41-3BFDD55C4854}.Release|iPhoneSimulator.ActiveCfg = Release|x86
		{C125F57F-FFBA-4E8E-AA41-3BFDD55C4854}.Release|x64.ActiveCfg = Release|x64
		{C125F57F-FFBA-4E8E-AA41-3BFDD55C4854}.Release|x64.Build.0 = Release|x64
		{C125F57F-FFBA-4E8E-AA41-3BFDD55C4854}.Release|x64.Deploy.0 = Release|x64
		{C125F57F-FFBA-4E8E-AA41-3BFDD55C4854}.Release|x86.ActiveCfg = Release|x86
		{C125F57F-FFBA-4E8E-AA41-3BFDD55C4854}.Release|x86.Build.0 = Release|x86
		{C125F57F-FFBA-4E8E-AA41-3BFDD55C4854}.Release|x86.Deploy.0 = Release|x86
		{DE755CD4-5D12-455F-A1B8-E98DBEDE5174}.Ad-Hoc|Any CPU.ActiveCfg = Release|Any CPU
		{DE755CD4-5D12-455F-A1B8-E98DBEDE5174}.Ad-Hoc|Any CPU.Build.0 = Release|Any CPU
		{DE755CD4-5D12-455F-A1B8-E98DBEDE5174}.Ad-Hoc|Any CPU.Deploy.0 = Release|Any CPU
		{DE755CD4-5D12-455F-A1B8-E98DBEDE5174}.Ad-Hoc|ARM.ActiveCfg = Release|ARM
		{DE755CD4-5D12-455F-A1B8-E98DBEDE5174}.Ad-Hoc|ARM.Build.0 = Release|ARM
		{DE755CD4-5D12-455F-A1B8-E98DBEDE5174}.Ad-Hoc|ARM.Deploy.0 = Release|ARM
		{DE755CD4-5D12-455F-A1B8-E98DBEDE5174}.Ad-Hoc|iPhone.ActiveCfg = Release|Any CPU
		{DE755CD4-5D12-455F-A1B8-E98DBEDE5174}.Ad-Hoc|iPhone.Build.0 = Release|Any CPU
		{DE755CD4-5D12-455F-A1B8-E98DBEDE5174}.Ad-Hoc|iPhone.Deploy.0 = Release|Any CPU
		{DE755CD4-5D12-455F-A1B8-E98DBEDE5174}.Ad-Hoc|iPhoneSimulator.ActiveCfg = Release|Any CPU
		{DE755CD4-5D12-455F-A1B8-E98DBEDE5174}.Ad-Hoc|iPhoneSimulator.Build.0 = Release|Any CPU
		{DE755CD4-5D12-455F-A1B8-E98DBEDE5174}.Ad-Hoc|iPhoneSimulator.Deploy.0 = Release|Any CPU
		{DE755CD4-5D12-455F-A1B8-E98DBEDE5174}.Ad-Hoc|x64.ActiveCfg = Release|x64
		{DE755CD4-5D12-455F-A1B8-E98DBEDE5174}.Ad-Hoc|x64.Build.0 = Release|x64
		{DE755CD4-5D12-455F-A1B8-E98DBEDE5174}.Ad-Hoc|x64.Deploy.0 = Release|x64
		{DE755CD4-5D12-455F-A1B8-E98DBEDE5174}.Ad-Hoc|x86.ActiveCfg = Release|x86
		{DE755CD4-5D12-455F-A1B8-E98DBEDE5174}.Ad-Hoc|x86.Build.0 = Release|x86
		{DE755CD4-5D12-455F-A1B8-E98DBEDE5174}.Ad-Hoc|x86.Deploy.0 = Release|x86
		{DE755CD4-5D12-455F-A1B8-E98DBEDE5174}.AppStore|Any CPU.ActiveCfg = Release|Any CPU
		{DE755CD4-5D12-455F-A1B8-E98DBEDE5174}.AppStore|Any CPU.Build.0 = Release|Any CPU
		{DE755CD4-5D12-455F-A1B8-E98DBEDE5174}.AppStore|Any CPU.Deploy.0 = Release|Any CPU
		{DE755CD4-5D12-455F-A1B8-E98DBEDE5174}.AppStore|ARM.ActiveCfg = Release|ARM
		{DE755CD4-5D12-455F-A1B8-E98DBEDE5174}.AppStore|ARM.Build.0 = Release|ARM
		{DE755CD4-5D12-455F-A1B8-E98DBEDE5174}.AppStore|ARM.Deploy.0 = Release|ARM
		{DE755CD4-5D12-455F-A1B8-E98DBEDE5174}.AppStore|iPhone.ActiveCfg = Release|Any CPU
		{DE755CD4-5D12-455F-A1B8-E98DBEDE5174}.AppStore|iPhone.Build.0 = Release|Any CPU
		{DE755CD4-5D12-455F-A1B8-E98DBEDE5174}.AppStore|iPhone.Deploy.0 = Release|Any CPU
		{DE755CD4-5D12-455F-A1B8-E98DBEDE5174}.AppStore|iPhoneSimulator.ActiveCfg = Release|Any CPU
		{DE755CD4-5D12-455F-A1B8-E98DBEDE5174}.AppStore|iPhoneSimulator.Build.0 = Release|Any CPU
		{DE755CD4-5D12-455F-A1B8-E98DBEDE5174}.AppStore|iPhoneSimulator.Deploy.0 = Release|Any CPU
		{DE755CD4-5D12-455F-A1B8-E98DBEDE5174}.AppStore|x64.ActiveCfg = Release|x64
		{DE755CD4-5D12-455F-A1B8-E98DBEDE5174}.AppStore|x64.Build.0 = Release|x64
		{DE755CD4-5D12-455F-A1B8-E98DBEDE5174}.AppStore|x64.Deploy.0 = Release|x64
		{DE755CD4-5D12-455F-A1B8-E98DBEDE5174}.AppStore|x86.ActiveCfg = Release|x86
		{DE755CD4-5D12-455F-A1B8-E98DBEDE5174}.AppStore|x86.Build.0 = Release|x86
		{DE755CD4-5D12-455F-A1B8-E98DBEDE5174}.AppStore|x86.Deploy.0 = Release|x86
		{DE755CD4-5D12-455F-A1B8-E98DBEDE5174}.Debug|Any CPU.ActiveCfg = Debug|Any CPU
		{DE755CD4-5D12-455F-A1B8-E98DBEDE5174}.Debug|Any CPU.Build.0 = Debug|Any CPU
		{DE755CD4-5D12-455F-A1B8-E98DBEDE5174}.Debug|Any CPU.Deploy.0 = Debug|Any CPU
		{DE755CD4-5D12-455F-A1B8-E98DBEDE5174}.Debug|ARM.ActiveCfg = Debug|ARM
		{DE755CD4-5D12-455F-A1B8-E98DBEDE5174}.Debug|ARM.Build.0 = Debug|ARM
		{DE755CD4-5D12-455F-A1B8-E98DBEDE5174}.Debug|ARM.Deploy.0 = Debug|ARM
		{DE755CD4-5D12-455F-A1B8-E98DBEDE5174}.Debug|iPhone.ActiveCfg = Debug|Any CPU
		{DE755CD4-5D12-455F-A1B8-E98DBEDE5174}.Debug|iPhone.Build.0 = Debug|Any CPU
		{DE755CD4-5D12-455F-A1B8-E98DBEDE5174}.Debug|iPhone.Deploy.0 = Debug|Any CPU
		{DE755CD4-5D12-455F-A1B8-E98DBEDE5174}.Debug|iPhoneSimulator.ActiveCfg = Debug|Any CPU
		{DE755CD4-5D12-455F-A1B8-E98DBEDE5174}.Debug|iPhoneSimulator.Build.0 = Debug|Any CPU
		{DE755CD4-5D12-455F-A1B8-E98DBEDE5174}.Debug|iPhoneSimulator.Deploy.0 = Debug|Any CPU
		{DE755CD4-5D12-455F-A1B8-E98DBEDE5174}.Debug|x64.ActiveCfg = Debug|x64
		{DE755CD4-5D12-455F-A1B8-E98DBEDE5174}.Debug|x64.Build.0 = Debug|x64
		{DE755CD4-5D12-455F-A1B8-E98DBEDE5174}.Debug|x64.Deploy.0 = Debug|x64
		{DE755CD4-5D12-455F-A1B8-E98DBEDE5174}.Debug|x86.ActiveCfg = Debug|x86
		{DE755CD4-5D12-455F-A1B8-E98DBEDE5174}.Debug|x86.Build.0 = Debug|x86
		{DE755CD4-5D12-455F-A1B8-E98DBEDE5174}.Debug|x86.Deploy.0 = Debug|x86
		{DE755CD4-5D12-455F-A1B8-E98DBEDE5174}.Release|Any CPU.ActiveCfg = Release|Any CPU
		{DE755CD4-5D12-455F-A1B8-E98DBEDE5174}.Release|Any CPU.Build.0 = Release|Any CPU
		{DE755CD4-5D12-455F-A1B8-E98DBEDE5174}.Release|Any CPU.Deploy.0 = Release|Any CPU
		{DE755CD4-5D12-455F-A1B8-E98DBEDE5174}.Release|ARM.ActiveCfg = Release|ARM
		{DE755CD4-5D12-455F-A1B8-E98DBEDE5174}.Release|ARM.Build.0 = Release|ARM
		{DE755CD4-5D12-455F-A1B8-E98DBEDE5174}.Release|ARM.Deploy.0 = Release|ARM
		{DE755CD4-5D12-455F-A1B8-E98DBEDE5174}.Release|iPhone.ActiveCfg = Release|Any CPU
		{DE755CD4-5D12-455F-A1B8-E98DBEDE5174}.Release|iPhone.Build.0 = Release|Any CPU
		{DE755CD4-5D12-455F-A1B8-E98DBEDE5174}.Release|iPhone.Deploy.0 = Release|Any CPU
		{DE755CD4-5D12-455F-A1B8-E98DBEDE5174}.Release|iPhoneSimulator.ActiveCfg = Release|Any CPU
		{DE755CD4-5D12-455F-A1B8-E98DBEDE5174}.Release|iPhoneSimulator.Build.0 = Release|Any CPU
		{DE755CD4-5D12-455F-A1B8-E98DBEDE5174}.Release|iPhoneSimulator.Deploy.0 = Release|Any CPU
		{DE755CD4-5D12-455F-A1B8-E98DBEDE5174}.Release|x64.ActiveCfg = Release|x64
		{DE755CD4-5D12-455F-A1B8-E98DBEDE5174}.Release|x64.Build.0 = Release|x64
		{DE755CD4-5D12-455F-A1B8-E98DBEDE5174}.Release|x64.Deploy.0 = Release|x64
		{DE755CD4-5D12-455F-A1B8-E98DBEDE5174}.Release|x86.ActiveCfg = Release|x86
		{DE755CD4-5D12-455F-A1B8-E98DBEDE5174}.Release|x86.Build.0 = Release|x86
		{DE755CD4-5D12-455F-A1B8-E98DBEDE5174}.Release|x86.Deploy.0 = Release|x86
	EndGlobalSection
	GlobalSection(SolutionProperties) = preSolution
		HideSolutionNode = FALSE
	EndGlobalSection
EndGlobal
